// !$*UTF8*$!
{
	archiveVersion = 1;
	classes = {
	};
	objectVersion = 56;
	objects = {

/* Begin PBXBuildFile section */
		78858BEC28F6F4E400EC7BF7 /* MagazineSection.swift in Sources */ = {isa = PBXBuildFile; fileRef = 78858BEB28F6F4E300EC7BF7 /* MagazineSection.swift */; };
		78B00BB728F5661000A9915D /* RecentMagazineCell.swift in Sources */ = {isa = PBXBuildFile; fileRef = 78B00BAB28F5661000A9915D /* RecentMagazineCell.swift */; };
		78B00BB828F5661000A9915D /* LastMagazineCell.swift in Sources */ = {isa = PBXBuildFile; fileRef = 78B00BAC28F5661000A9915D /* LastMagazineCell.swift */; };
		78B00BB928F5661000A9915D /* MagazineTestUseCase.swift in Sources */ = {isa = PBXBuildFile; fileRef = 78B00BAE28F5661000A9915D /* MagazineTestUseCase.swift */; };
		78B00BBA28F5661000A9915D /* MagazineViewModel.dummy.swift in Sources */ = {isa = PBXBuildFile; fileRef = 78B00BAF28F5661000A9915D /* MagazineViewModel.dummy.swift */; };
		78B00BBB28F5661000A9915D /* MagazineModel.swift in Sources */ = {isa = PBXBuildFile; fileRef = 78B00BB028F5661000A9915D /* MagazineModel.swift */; };
		78B00BBC28F5661000A9915D /* MagazineViewController.Layout.swift in Sources */ = {isa = PBXBuildFile; fileRef = 78B00BB128F5661000A9915D /* MagazineViewController.Layout.swift */; };
		78B00BBD28F5661000A9915D /* MagazineViewController.swift in Sources */ = {isa = PBXBuildFile; fileRef = 78B00BB228F5661000A9915D /* MagazineViewController.swift */; };
		78B00BBE28F5661000A9915D /* MagazineViewModel.swift in Sources */ = {isa = PBXBuildFile; fileRef = 78B00BB328F5661000A9915D /* MagazineViewModel.swift */; };
		78B00BBF28F5661000A9915D /* RecentMagazineFooterView.swift in Sources */ = {isa = PBXBuildFile; fileRef = 78B00BB528F5661000A9915D /* RecentMagazineFooterView.swift */; };
		78B00BC028F5661000A9915D /* LastMagazineHeaderView.swift in Sources */ = {isa = PBXBuildFile; fileRef = 78B00BB628F5661000A9915D /* LastMagazineHeaderView.swift */; };
		8E2D8C4828F2EC27004B514D /* HomeViewController.swift in Sources */ = {isa = PBXBuildFile; fileRef = 8E2D8C4728F2EC27004B514D /* HomeViewController.swift */; };
		8E2D8C4A28F2ECD2004B514D /* HomeViewModel.swift in Sources */ = {isa = PBXBuildFile; fileRef = 8E2D8C4928F2ECD2004B514D /* HomeViewModel.swift */; };
		8E2D8C4C28F2ED03004B514D /* HomeModel.swift in Sources */ = {isa = PBXBuildFile; fileRef = 8E2D8C4B28F2ED03004B514D /* HomeModel.swift */; };
		8E2D8C4F28F2ED53004B514D /* HomeHeaderView.swift in Sources */ = {isa = PBXBuildFile; fileRef = 8E2D8C4E28F2ED53004B514D /* HomeHeaderView.swift */; };
		8E2D8C5128F2EDF3004B514D /* HomeCategorySectionBackgroundReusableView.swift in Sources */ = {isa = PBXBuildFile; fileRef = 8E2D8C5028F2EDF3004B514D /* HomeCategorySectionBackgroundReusableView.swift */; };
		8E2D8C5928F2EE69004B514D /* HomeEmptyCell.swift in Sources */ = {isa = PBXBuildFile; fileRef = 8E2D8C5228F2EE68004B514D /* HomeEmptyCell.swift */; };
		8E2D8C5A28F2EE69004B514D /* HomeCategoryCellViewModel.swift in Sources */ = {isa = PBXBuildFile; fileRef = 8E2D8C5328F2EE68004B514D /* HomeCategoryCellViewModel.swift */; };
		8E2D8C5B28F2EE69004B514D /* HomeCategoryCell.swift in Sources */ = {isa = PBXBuildFile; fileRef = 8E2D8C5428F2EE69004B514D /* HomeCategoryCell.swift */; };
		8E2D8C5C28F2EE69004B514D /* HomeTattooAlbumCell.swift in Sources */ = {isa = PBXBuildFile; fileRef = 8E2D8C5528F2EE69004B514D /* HomeTattooAlbumCell.swift */; };
		8E2D8C5D28F2EE69004B514D /* HomeRecommendCell.swift in Sources */ = {isa = PBXBuildFile; fileRef = 8E2D8C5628F2EE69004B514D /* HomeRecommendCell.swift */; };
		8E2D8C5E28F2EE69004B514D /* HomeTattooAlbumCellViewModel.swift in Sources */ = {isa = PBXBuildFile; fileRef = 8E2D8C5728F2EE69004B514D /* HomeTattooAlbumCellViewModel.swift */; };
		8E2D8C5F28F2EE69004B514D /* HomeRecommendCellViewModel.swift in Sources */ = {isa = PBXBuildFile; fileRef = 8E2D8C5828F2EE69004B514D /* HomeRecommendCellViewModel.swift */; };
		8E7B4D7F2904E4A4002948F7 /* CategoryPaperView.swift in Sources */ = {isa = PBXBuildFile; fileRef = 8E7B4D7E2904E4A4002948F7 /* CategoryPaperView.swift */; };
		8E7B4D812904E85A002948F7 /* CategoryPaperTableViewCell.swift in Sources */ = {isa = PBXBuildFile; fileRef = 8E7B4D802904E85A002948F7 /* CategoryPaperTableViewCell.swift */; };
		8EBE70CC290783C800D52EB5 /* CommonFullImageCell.swift in Sources */ = {isa = PBXBuildFile; fileRef = 8EBE70CB290783C800D52EB5 /* CommonFullImageCell.swift */; };
		8EBE70CE2907840900D52EB5 /* CommonFullImageCellViewModel.swift in Sources */ = {isa = PBXBuildFile; fileRef = 8EBE70CD2907840900D52EB5 /* CommonFullImageCellViewModel.swift */; };
		8EE9A0C128F3CB0D003D7761 /* HomeSection.swift in Sources */ = {isa = PBXBuildFile; fileRef = 8EE9A0C028F3CB0D003D7761 /* HomeSection.swift */; };
		8EE9A0C328F3CD25003D7761 /* HomeCompositionalLayoutSection.swift in Sources */ = {isa = PBXBuildFile; fileRef = 8EE9A0C228F3CD25003D7761 /* HomeCompositionalLayoutSection.swift */; };
		8EED4EDB29027E5700DA3887 /* GenreViewController.swift in Sources */ = {isa = PBXBuildFile; fileRef = 8EED4EDA29027E5700DA3887 /* GenreViewController.swift */; };
		8EED4EDD2902817500DA3887 /* GenreViewModel.swift in Sources */ = {isa = PBXBuildFile; fileRef = 8EED4EDC2902817500DA3887 /* GenreViewModel.swift */; };
		8EFC9FE1291205B400A83D3D /* UIView+.swift in Sources */ = {isa = PBXBuildFile; fileRef = 8EFC9FE0291205B400A83D3D /* UIView+.swift */; };
		8EFC9FE32912281500A83D3D /* CategoryPaperView.UITableView.swift in Sources */ = {isa = PBXBuildFile; fileRef = 8EFC9FE22912281500A83D3D /* CategoryPaperView.UITableView.swift */; };
		8EFC9FE5291229CC00A83D3D /* CategoryPaperConfiguration.swift in Sources */ = {isa = PBXBuildFile; fileRef = 8EFC9FE4291229CC00A83D3D /* CategoryPaperConfiguration.swift */; };
		8EFC9FE729122F9E00A83D3D /* PresentationView.swift in Sources */ = {isa = PBXBuildFile; fileRef = 8EFC9FE629122F9E00A83D3D /* PresentationView.swift */; };
		8EFC9FE929123B7100A83D3D /* PresentationStyle.swift in Sources */ = {isa = PBXBuildFile; fileRef = 8EFC9FE829123B7100A83D3D /* PresentationStyle.swift */; };
		B12C1DC728ED219C0089964E /* UIVIewController+Rx.swift in Sources */ = {isa = PBXBuildFile; fileRef = B12C1DC628ED219C0089964E /* UIVIewController+Rx.swift */; };
		B160DBF928FF3CBD00C0D682 /* BaseCollectionViewCell.swift in Sources */ = {isa = PBXBuildFile; fileRef = B160DBF828FF3CBD00C0D682 /* BaseCollectionViewCell.swift */; };
		B160DBFB28FF3D8E00C0D682 /* BaseTableViewCell.swift in Sources */ = {isa = PBXBuildFile; fileRef = B160DBFA28FF3D8E00C0D682 /* BaseTableViewCell.swift */; };
		B160DC0928FF523C00C0D682 /* FilterReactorTests.swift in Sources */ = {isa = PBXBuildFile; fileRef = B160DC0828FF523C00C0D682 /* FilterReactorTests.swift */; };
		B160DC1428FF535700C0D682 /* Quick in Frameworks */ = {isa = PBXBuildFile; productRef = B160DC1328FF535700C0D682 /* Quick */; };
		B160DC1728FF536C00C0D682 /* Nimble in Frameworks */ = {isa = PBXBuildFile; productRef = B160DC1628FF536C00C0D682 /* Nimble */; };
		B160DC1A28FF53C400C0D682 /* RxBlocking in Frameworks */ = {isa = PBXBuildFile; productRef = B160DC1928FF53C400C0D682 /* RxBlocking */; };
		B160DC1C28FF53C400C0D682 /* RxCocoa in Frameworks */ = {isa = PBXBuildFile; productRef = B160DC1B28FF53C400C0D682 /* RxCocoa */; };
		B160DC1E28FF53C400C0D682 /* RxRelay in Frameworks */ = {isa = PBXBuildFile; productRef = B160DC1D28FF53C400C0D682 /* RxRelay */; };
		B160DC2028FF53C400C0D682 /* RxSwift in Frameworks */ = {isa = PBXBuildFile; productRef = B160DC1F28FF53C400C0D682 /* RxSwift */; };
		B160DC2228FF53C400C0D682 /* RxTest in Frameworks */ = {isa = PBXBuildFile; productRef = B160DC2128FF53C400C0D682 /* RxTest */; settings = {ATTRIBUTES = (Weak, ); }; };
		B160DC2428FF56F500C0D682 /* RxCocoa in Frameworks */ = {isa = PBXBuildFile; productRef = B160DC2328FF56F500C0D682 /* RxCocoa */; };
		B160DC2628FF570B00C0D682 /* RxSwift in Frameworks */ = {isa = PBXBuildFile; productRef = B160DC2528FF570B00C0D682 /* RxSwift */; settings = {ATTRIBUTES = (Weak, ); }; };
		B160DC2828FF573E00C0D682 /* RealmSwift in Frameworks */ = {isa = PBXBuildFile; productRef = B160DC2728FF573E00C0D682 /* RealmSwift */; };
		B1CA040628F00CC1004A6027 /* MagazineDetailImageCell.swift in Sources */ = {isa = PBXBuildFile; fileRef = B1CA040528F00CC1004A6027 /* MagazineDetailImageCell.swift */; };
		B1CDE8E02916088F00ACB9AC /* BPProfileModel.swift in Sources */ = {isa = PBXBuildFile; fileRef = B1CDE8DF2916088F00ACB9AC /* BPProfileModel.swift */; };
		B1CDE8F729165E6A00ACB9AC /* BPEditTempViewController.swift in Sources */ = {isa = PBXBuildFile; fileRef = B1CDE8F629165E6A00ACB9AC /* BPEditTempViewController.swift */; };
		B1CDE90129169F8E00ACB9AC /* URLMatcher in Frameworks */ = {isa = PBXBuildFile; productRef = B1CDE90029169F8E00ACB9AC /* URLMatcher */; };
		B1CDE90329169F8E00ACB9AC /* URLNavigator in Frameworks */ = {isa = PBXBuildFile; productRef = B1CDE90229169F8E00ACB9AC /* URLNavigator */; };
		B1CDE90529169FD500ACB9AC /* AlertService.swift in Sources */ = {isa = PBXBuildFile; fileRef = B1CDE90429169FD500ACB9AC /* AlertService.swift */; };
		B1CEF7332913A0EC00814113 /* BPProfileCell.swift in Sources */ = {isa = PBXBuildFile; fileRef = B1CEF7322913A0EC00814113 /* BPProfileCell.swift */; };
		B1D127DB28F047A9007E3667 /* MagazineDetailBulletedCell.swift in Sources */ = {isa = PBXBuildFile; fileRef = B1D127DA28F047A9007E3667 /* MagazineDetailBulletedCell.swift */; };
		B1D127DD28F08DCA007E3667 /* TabBarViewController.swift in Sources */ = {isa = PBXBuildFile; fileRef = B1D127DC28F08DCA007E3667 /* TabBarViewController.swift */; };
		B1D127DF28F09200007E3667 /* UIImage+.swift in Sources */ = {isa = PBXBuildFile; fileRef = B1D127DE28F09200007E3667 /* UIImage+.swift */; };
		B1D127E228F0923C007E3667 /* Asset.swift in Sources */ = {isa = PBXBuildFile; fileRef = B1D127E128F0923C007E3667 /* Asset.swift */; };
		B1D2D107290AC7B5005B76BD /* UIScrollView+Rx.swift in Sources */ = {isa = PBXBuildFile; fileRef = B1D2D106290AC7B5005B76BD /* UIScrollView+Rx.swift */; };
		B1D2D109290AC8FA005B76BD /* Observable+.swift in Sources */ = {isa = PBXBuildFile; fileRef = B1D2D108290AC8FA005B76BD /* Observable+.swift */; };
		B1D3362528F142A400826636 /* CALayer+.swift in Sources */ = {isa = PBXBuildFile; fileRef = B1D3362428F142A400826636 /* CALayer+.swift */; };
		B1D3362728F1457700826636 /* UITabBar+.swift in Sources */ = {isa = PBXBuildFile; fileRef = B1D3362628F1457700826636 /* UITabBar+.swift */; };
		B1D3362928F1AC1200826636 /* MagazineDetailEmptyCell.swift in Sources */ = {isa = PBXBuildFile; fileRef = B1D3362828F1AC1200826636 /* MagazineDetailEmptyCell.swift */; };
		B1D3363728F1CA2000826636 /* BlackCatSDK.framework in Frameworks */ = {isa = PBXBuildFile; fileRef = B1D3363628F1CA2000826636 /* BlackCatSDK.framework */; };
		B1D3363828F1CA2000826636 /* BlackCatSDK.framework in Embed Frameworks */ = {isa = PBXBuildFile; fileRef = B1D3363628F1CA2000826636 /* BlackCatSDK.framework */; settings = {ATTRIBUTES = (CodeSignOnCopy, RemoveHeadersOnCopy, ); }; };
		B1D3364128F1CCFA00826636 /* UICollectionView+.swift in Sources */ = {isa = PBXBuildFile; fileRef = B1D3364028F1CCFA00826636 /* UICollectionView+.swift */; };
		B1D3364328F1CD1B00826636 /* UITableView+.swift in Sources */ = {isa = PBXBuildFile; fileRef = B1D3364228F1CD1B00826636 /* UITableView+.swift */; };
		B1D39E6C292345B50058BE37 /* BPPriceInfoEditViewController.swift in Sources */ = {isa = PBXBuildFile; fileRef = B1D39E6B292345B50058BE37 /* BPPriceInfoEditViewController.swift */; };
		B1D39E6E2923594C0058BE37 /* BPPriceInfoEditReactor.swift in Sources */ = {isa = PBXBuildFile; fileRef = B1D39E6D2923594C0058BE37 /* BPPriceInfoEditReactor.swift */; };
		B1D39E7029235EAA0058BE37 /* BPPriceInfoCell.swift in Sources */ = {isa = PBXBuildFile; fileRef = B1D39E6F29235EAA0058BE37 /* BPPriceInfoCell.swift */; };
		B1D558F02923D7EF00405DAD /* BPPriceInfoModel.swift in Sources */ = {isa = PBXBuildFile; fileRef = B1D558EF2923D7EF00405DAD /* BPPriceInfoModel.swift */; };
		B1D5BD2429174EEC00A85D4A /* UIViewController+.swift in Sources */ = {isa = PBXBuildFile; fileRef = B1D5BD2329174EEC00A85D4A /* UIViewController+.swift */; };
		B1D79CAB28EB0EF9008487D0 /* AppDelegate.swift in Sources */ = {isa = PBXBuildFile; fileRef = B1D79CAA28EB0EF9008487D0 /* AppDelegate.swift */; };
		B1D79CAD28EB0EF9008487D0 /* SceneDelegate.swift in Sources */ = {isa = PBXBuildFile; fileRef = B1D79CAC28EB0EF9008487D0 /* SceneDelegate.swift */; };
		B1D79CB428EB0EFB008487D0 /* Assets.xcassets in Resources */ = {isa = PBXBuildFile; fileRef = B1D79CB328EB0EFB008487D0 /* Assets.xcassets */; };
		B1D79CB728EB0EFB008487D0 /* LaunchScreen.storyboard in Resources */ = {isa = PBXBuildFile; fileRef = B1D79CB528EB0EFB008487D0 /* LaunchScreen.storyboard */; };
		B1D89C87290E78AF00C8B7F1 /* BusinessProfileViewController.swift in Sources */ = {isa = PBXBuildFile; fileRef = B1D89C86290E78AF00C8B7F1 /* BusinessProfileViewController.swift */; };
		B1D89C8B290E7C6400C8B7F1 /* BPSection.swift in Sources */ = {isa = PBXBuildFile; fileRef = B1D89C8A290E7C6400C8B7F1 /* BPSection.swift */; };
		B1D89C8E290E7CEE00C8B7F1 /* BPThumbnailImageCell.swift in Sources */ = {isa = PBXBuildFile; fileRef = B1D89C8D290E7CEE00C8B7F1 /* BPThumbnailImageCell.swift */; };
		B1D89C91290E7D2100C8B7F1 /* BPContentCell.swift in Sources */ = {isa = PBXBuildFile; fileRef = B1D89C90290E7D2100C8B7F1 /* BPContentCell.swift */; };
		B1D89C93290E810000C8B7F1 /* BusinessProfileViewController.Layout.swift in Sources */ = {isa = PBXBuildFile; fileRef = B1D89C92290E810000C8B7F1 /* BusinessProfileViewController.Layout.swift */; };
		B1D89C96290E845700C8B7F1 /* BPThumbnailModel.swift in Sources */ = {isa = PBXBuildFile; fileRef = B1D89C95290E845700C8B7F1 /* BPThumbnailModel.swift */; };
		B1D89C98290E879B00C8B7F1 /* BPBaseCollectionViewCell.swift in Sources */ = {isa = PBXBuildFile; fileRef = B1D89C97290E879B00C8B7F1 /* BPBaseCollectionViewCell.swift */; };
		B1D89C9A290E888200C8B7F1 /* BPThumbnailImageCellReactor.swift in Sources */ = {isa = PBXBuildFile; fileRef = B1D89C99290E888200C8B7F1 /* BPThumbnailImageCellReactor.swift */; };
		B1DD25DD28EF0BC800103FF1 /* UIColor+.swift in Sources */ = {isa = PBXBuildFile; fileRef = B1DD25DC28EF0BC800103FF1 /* UIColor+.swift */; };
		B1E361E428F28C3100A29CC8 /* MagazineDetailStroyShareButtonCell.swift in Sources */ = {isa = PBXBuildFile; fileRef = B1E361E328F28C3100A29CC8 /* MagazineDetailStroyShareButtonCell.swift */; };
		B1E3F7B6290EB7E700005F17 /* BPProductModel.swift in Sources */ = {isa = PBXBuildFile; fileRef = B1E3F7B5290EB7E700005F17 /* BPProductModel.swift */; };
		B1E3F7B8290EB85400005F17 /* BPReviewModel.swift in Sources */ = {isa = PBXBuildFile; fileRef = B1E3F7B7290EB85400005F17 /* BPReviewModel.swift */; };
		B1E3F7BA290EBAB100005F17 /* BPProductCell.swift in Sources */ = {isa = PBXBuildFile; fileRef = B1E3F7B9290EBAB100005F17 /* BPProductCell.swift */; };
		B1E3F7BC290EBABE00005F17 /* BPReviewCell.swift in Sources */ = {isa = PBXBuildFile; fileRef = B1E3F7BB290EBABE00005F17 /* BPReviewCell.swift */; };
		B1E3F7BE290EBE3900005F17 /* BPContentCell.Layout.swift in Sources */ = {isa = PBXBuildFile; fileRef = B1E3F7BD290EBE3900005F17 /* BPContentCell.Layout.swift */; };
		B1E3F7C0290EC1AD00005F17 /* BusinessProfileReactor.swift in Sources */ = {isa = PBXBuildFile; fileRef = B1E3F7BF290EC1AD00005F17 /* BusinessProfileReactor.swift */; };
		B1E3F7C2290EC1F700005F17 /* BPContentModel.swift in Sources */ = {isa = PBXBuildFile; fileRef = B1E3F7C1290EC1F700005F17 /* BPContentModel.swift */; };
		B1E3F7C4290EC95100005F17 /* BPContentSectionHeaderView.swift in Sources */ = {isa = PBXBuildFile; fileRef = B1E3F7C3290EC95100005F17 /* BPContentSectionHeaderView.swift */; };
		B1E3F7C6290EC98600005F17 /* BPBaseCollectionReusableView.swift in Sources */ = {isa = PBXBuildFile; fileRef = B1E3F7C5290EC98600005F17 /* BPBaseCollectionReusableView.swift */; };
		B1E3F7C8290ECAA100005F17 /* BPContentSectionHeaderReactor.swift in Sources */ = {isa = PBXBuildFile; fileRef = B1E3F7C7290ECAA100005F17 /* BPContentSectionHeaderReactor.swift */; };
		B1E3F7CB290ECBBB00005F17 /* PinLayout in Frameworks */ = {isa = PBXBuildFile; productRef = B1E3F7CA290ECBBB00005F17 /* PinLayout */; };
		B1E3F7D1290ECC0500005F17 /* FlexLayout in Frameworks */ = {isa = PBXBuildFile; productRef = B1E3F7D0290ECC0500005F17 /* FlexLayout */; };
		B1E3F7D3290ECC0500005F17 /* FlexLayoutYoga in Frameworks */ = {isa = PBXBuildFile; productRef = B1E3F7D2290ECC0500005F17 /* FlexLayoutYoga */; };
		B1E3F7D5290ECC0500005F17 /* FlexLayoutYogaKit in Frameworks */ = {isa = PBXBuildFile; productRef = B1E3F7D4290ECC0500005F17 /* FlexLayoutYogaKit */; };
		B1E3F7D7290EDFD500005F17 /* BPSectionFactory.swift in Sources */ = {isa = PBXBuildFile; fileRef = B1E3F7D6290EDFD500005F17 /* BPSectionFactory.swift */; };
		B1E3F7D9290EE8CE00005F17 /* BPMultiCastDelegate.swift in Sources */ = {isa = PBXBuildFile; fileRef = B1E3F7D8290EE8CE00005F17 /* BPMultiCastDelegate.swift */; };
		B1E3F7DC290EE9D500005F17 /* MulticastDelegate.swift in Sources */ = {isa = PBXBuildFile; fileRef = B1E3F7DB290EE9D500005F17 /* MulticastDelegate.swift */; };
		B1E3F7DE290F009F00005F17 /* BusinessProfileViewController.BPMulticastDelegate.swift in Sources */ = {isa = PBXBuildFile; fileRef = B1E3F7DD290F009F00005F17 /* BusinessProfileViewController.BPMulticastDelegate.swift */; };
		B1E3F7E0290F042B00005F17 /* BPContentCellReactor.swift in Sources */ = {isa = PBXBuildFile; fileRef = B1E3F7DF290F042B00005F17 /* BPContentCellReactor.swift */; };
		B1E3F7E2290F098400005F17 /* BPContentCellService.swift in Sources */ = {isa = PBXBuildFile; fileRef = B1E3F7E1290F098400005F17 /* BPContentCellService.swift */; };
		B1E4983828EE838700B469AC /* SnapKit in Frameworks */ = {isa = PBXBuildFile; productRef = B1E4983728EE838700B469AC /* SnapKit */; };
		B1E4984628EE83BD00B469AC /* Realm in Frameworks */ = {isa = PBXBuildFile; productRef = B1E4984528EE83BD00B469AC /* Realm */; };
		B1E4984828EE83BD00B469AC /* RealmSwift in Frameworks */ = {isa = PBXBuildFile; productRef = B1E4984728EE83BD00B469AC /* RealmSwift */; };
		B1E4984B28EE83D800B469AC /* ReactorKit in Frameworks */ = {isa = PBXBuildFile; productRef = B1E4984A28EE83D800B469AC /* ReactorKit */; };
		B1E4984E28EE83E400B469AC /* Nuke in Frameworks */ = {isa = PBXBuildFile; productRef = B1E4984D28EE83E400B469AC /* Nuke */; };
		B1E4985828EE85A800B469AC /* MagazineDetailViewController.swift in Sources */ = {isa = PBXBuildFile; fileRef = B1E4985728EE85A800B469AC /* MagazineDetailViewController.swift */; };
		B1E4985B28EE873100B469AC /* Differentiator in Frameworks */ = {isa = PBXBuildFile; productRef = B1E4985A28EE873100B469AC /* Differentiator */; };
		B1E4985D28EE873100B469AC /* RxDataSources in Frameworks */ = {isa = PBXBuildFile; productRef = B1E4985C28EE873100B469AC /* RxDataSources */; };
		B1E4985F28EE886900B469AC /* MagazineDetailSection.swift in Sources */ = {isa = PBXBuildFile; fileRef = B1E4985E28EE886900B469AC /* MagazineDetailSection.swift */; };
		B1E4986228EE8BFE00B469AC /* MagazineDetailTextCell.swift in Sources */ = {isa = PBXBuildFile; fileRef = B1E4986128EE8BFE00B469AC /* MagazineDetailTextCell.swift */; };
		B1E4986528EE957E00B469AC /* MagazineDetailModel.swift in Sources */ = {isa = PBXBuildFile; fileRef = B1E4986428EE957E00B469AC /* MagazineDetailModel.swift */; };
		B1E4986728EE9BE800B469AC /* MagazineDetailBaseCell.swift in Sources */ = {isa = PBXBuildFile; fileRef = B1E4986628EE9BE800B469AC /* MagazineDetailBaseCell.swift */; };
		B1E4986928EE9E3500B469AC /* MagazineDetailViewReactor.swift in Sources */ = {isa = PBXBuildFile; fileRef = B1E4986828EE9E3500B469AC /* MagazineDetailViewReactor.swift */; };
		B1E4987028EEADC900B469AC /* MagazineDetailSectionFactory.swift in Sources */ = {isa = PBXBuildFile; fileRef = B1E4986F28EEADC900B469AC /* MagazineDetailSectionFactory.swift */; };
		B1E5E471291AC42F00CC8FBE /* FilterCellViewModel.swift in Sources */ = {isa = PBXBuildFile; fileRef = B1E5E470291AC42F00CC8FBE /* FilterCellViewModel.swift */; };
		B1E87AF029195CD800EB28DE /* RxKeyboard in Frameworks */ = {isa = PBXBuildFile; productRef = B1E87AEF29195CD800EB28DE /* RxKeyboard */; };
		B1E986AB28FE888800962F5B /* FilterTaskService.swift in Sources */ = {isa = PBXBuildFile; fileRef = B1E986AA28FE888800962F5B /* FilterTaskService.swift */; };
		B1E986AE28FE8D4F00962F5B /* BaseRealmProtocol.swift in Sources */ = {isa = PBXBuildFile; fileRef = B1E986AD28FE8D4F00962F5B /* BaseRealmProtocol.swift */; };
		B1E986B128FE975C00962F5B /* FilterService.swift in Sources */ = {isa = PBXBuildFile; fileRef = B1E986B028FE975C00962F5B /* FilterService.swift */; };
		B1E986B328FE9E0B00962F5B /* FilterLoactionService.swift in Sources */ = {isa = PBXBuildFile; fileRef = B1E986B228FE9E0B00962F5B /* FilterLoactionService.swift */; };
		B1EABEBC28FBA87C0029B6BC /* FilterTask.swift in Sources */ = {isa = PBXBuildFile; fileRef = B1EABEBB28FBA87C0029B6BC /* FilterTask.swift */; };
		B1EABEBF28FBA8E10029B6BC /* FilterReactor.swift in Sources */ = {isa = PBXBuildFile; fileRef = B1EABEBE28FBA8E10029B6BC /* FilterReactor.swift */; };
		B1EABEC128FBD83F0029B6BC /* FilterLoaction.swift in Sources */ = {isa = PBXBuildFile; fileRef = B1EABEC028FBD83F0029B6BC /* FilterLoaction.swift */; };
		B1EABEC428FBE0400029B6BC /* RxGesture in Frameworks */ = {isa = PBXBuildFile; productRef = B1EABEC328FBE0400029B6BC /* RxGesture */; };
		B1EE64F628FA48230055A4F1 /* BottomSheetController.swift in Sources */ = {isa = PBXBuildFile; fileRef = B1EE64F528FA48230055A4F1 /* BottomSheetController.swift */; };
		B1EE64F828FA4ABE0055A4F1 /* FilterExampleViewController.swift in Sources */ = {isa = PBXBuildFile; fileRef = B1EE64F728FA4ABE0055A4F1 /* FilterExampleViewController.swift */; };
		B1EE64FA28FA4E600055A4F1 /* BottomSheetTransitioningDelegate.swift in Sources */ = {isa = PBXBuildFile; fileRef = B1EE64F928FA4E600055A4F1 /* BottomSheetTransitioningDelegate.swift */; };
		B1EE651228FA872B0055A4F1 /* FilterViewController.swift in Sources */ = {isa = PBXBuildFile; fileRef = B1EE651128FA872B0055A4F1 /* FilterViewController.swift */; };
		B1EE651428FA8B160055A4F1 /* FilterCell.swift in Sources */ = {isa = PBXBuildFile; fileRef = B1EE651328FA8B160055A4F1 /* FilterCell.swift */; };
		B1EE651728FA8DDE0055A4F1 /* FilterBaseCell.swift in Sources */ = {isa = PBXBuildFile; fileRef = B1EE651628FA8DDE0055A4F1 /* FilterBaseCell.swift */; };
/* End PBXBuildFile section */

/* Begin PBXContainerItemProxy section */
		B160DC0A28FF523C00C0D682 /* PBXContainerItemProxy */ = {
			isa = PBXContainerItemProxy;
			containerPortal = B1D79C9F28EB0EF8008487D0 /* Project object */;
			proxyType = 1;
			remoteGlobalIDString = B1D79CA628EB0EF9008487D0;
			remoteInfo = BlackCat;
		};
/* End PBXContainerItemProxy section */

/* Begin PBXCopyFilesBuildPhase section */
		B1EDD51B28EB1CA400FBB722 /* Embed Frameworks */ = {
			isa = PBXCopyFilesBuildPhase;
			buildActionMask = 2147483647;
			dstPath = "";
			dstSubfolderSpec = 10;
			files = (
				B1D3363828F1CA2000826636 /* BlackCatSDK.framework in Embed Frameworks */,
			);
			name = "Embed Frameworks";
			runOnlyForDeploymentPostprocessing = 0;
		};
/* End PBXCopyFilesBuildPhase section */

/* Begin PBXFileReference section */
		78858BEB28F6F4E300EC7BF7 /* MagazineSection.swift */ = {isa = PBXFileReference; lastKnownFileType = sourcecode.swift; path = MagazineSection.swift; sourceTree = "<group>"; };
		78B00BAB28F5661000A9915D /* RecentMagazineCell.swift */ = {isa = PBXFileReference; fileEncoding = 4; lastKnownFileType = sourcecode.swift; path = RecentMagazineCell.swift; sourceTree = "<group>"; };
		78B00BAC28F5661000A9915D /* LastMagazineCell.swift */ = {isa = PBXFileReference; fileEncoding = 4; lastKnownFileType = sourcecode.swift; path = LastMagazineCell.swift; sourceTree = "<group>"; };
		78B00BAE28F5661000A9915D /* MagazineTestUseCase.swift */ = {isa = PBXFileReference; fileEncoding = 4; lastKnownFileType = sourcecode.swift; path = MagazineTestUseCase.swift; sourceTree = "<group>"; };
		78B00BAF28F5661000A9915D /* MagazineViewModel.dummy.swift */ = {isa = PBXFileReference; fileEncoding = 4; lastKnownFileType = sourcecode.swift; path = MagazineViewModel.dummy.swift; sourceTree = "<group>"; };
		78B00BB028F5661000A9915D /* MagazineModel.swift */ = {isa = PBXFileReference; fileEncoding = 4; lastKnownFileType = sourcecode.swift; path = MagazineModel.swift; sourceTree = "<group>"; };
		78B00BB128F5661000A9915D /* MagazineViewController.Layout.swift */ = {isa = PBXFileReference; fileEncoding = 4; lastKnownFileType = sourcecode.swift; path = MagazineViewController.Layout.swift; sourceTree = "<group>"; };
		78B00BB228F5661000A9915D /* MagazineViewController.swift */ = {isa = PBXFileReference; fileEncoding = 4; lastKnownFileType = sourcecode.swift; path = MagazineViewController.swift; sourceTree = "<group>"; };
		78B00BB328F5661000A9915D /* MagazineViewModel.swift */ = {isa = PBXFileReference; fileEncoding = 4; lastKnownFileType = sourcecode.swift; path = MagazineViewModel.swift; sourceTree = "<group>"; };
		78B00BB528F5661000A9915D /* RecentMagazineFooterView.swift */ = {isa = PBXFileReference; fileEncoding = 4; lastKnownFileType = sourcecode.swift; path = RecentMagazineFooterView.swift; sourceTree = "<group>"; };
		78B00BB628F5661000A9915D /* LastMagazineHeaderView.swift */ = {isa = PBXFileReference; fileEncoding = 4; lastKnownFileType = sourcecode.swift; path = LastMagazineHeaderView.swift; sourceTree = "<group>"; };
		8E2D8C4728F2EC27004B514D /* HomeViewController.swift */ = {isa = PBXFileReference; lastKnownFileType = sourcecode.swift; path = HomeViewController.swift; sourceTree = "<group>"; };
		8E2D8C4928F2ECD2004B514D /* HomeViewModel.swift */ = {isa = PBXFileReference; lastKnownFileType = sourcecode.swift; path = HomeViewModel.swift; sourceTree = "<group>"; };
		8E2D8C4B28F2ED03004B514D /* HomeModel.swift */ = {isa = PBXFileReference; lastKnownFileType = sourcecode.swift; path = HomeModel.swift; sourceTree = "<group>"; };
		8E2D8C4E28F2ED53004B514D /* HomeHeaderView.swift */ = {isa = PBXFileReference; lastKnownFileType = sourcecode.swift; path = HomeHeaderView.swift; sourceTree = "<group>"; };
		8E2D8C5028F2EDF3004B514D /* HomeCategorySectionBackgroundReusableView.swift */ = {isa = PBXFileReference; lastKnownFileType = sourcecode.swift; path = HomeCategorySectionBackgroundReusableView.swift; sourceTree = "<group>"; };
		8E2D8C5228F2EE68004B514D /* HomeEmptyCell.swift */ = {isa = PBXFileReference; fileEncoding = 4; lastKnownFileType = sourcecode.swift; path = HomeEmptyCell.swift; sourceTree = "<group>"; };
		8E2D8C5328F2EE68004B514D /* HomeCategoryCellViewModel.swift */ = {isa = PBXFileReference; fileEncoding = 4; lastKnownFileType = sourcecode.swift; path = HomeCategoryCellViewModel.swift; sourceTree = "<group>"; };
		8E2D8C5428F2EE69004B514D /* HomeCategoryCell.swift */ = {isa = PBXFileReference; fileEncoding = 4; lastKnownFileType = sourcecode.swift; path = HomeCategoryCell.swift; sourceTree = "<group>"; };
		8E2D8C5528F2EE69004B514D /* HomeTattooAlbumCell.swift */ = {isa = PBXFileReference; fileEncoding = 4; lastKnownFileType = sourcecode.swift; path = HomeTattooAlbumCell.swift; sourceTree = "<group>"; };
		8E2D8C5628F2EE69004B514D /* HomeRecommendCell.swift */ = {isa = PBXFileReference; fileEncoding = 4; lastKnownFileType = sourcecode.swift; path = HomeRecommendCell.swift; sourceTree = "<group>"; };
		8E2D8C5728F2EE69004B514D /* HomeTattooAlbumCellViewModel.swift */ = {isa = PBXFileReference; fileEncoding = 4; lastKnownFileType = sourcecode.swift; path = HomeTattooAlbumCellViewModel.swift; sourceTree = "<group>"; };
		8E2D8C5828F2EE69004B514D /* HomeRecommendCellViewModel.swift */ = {isa = PBXFileReference; fileEncoding = 4; lastKnownFileType = sourcecode.swift; path = HomeRecommendCellViewModel.swift; sourceTree = "<group>"; };
		8E7B4D7E2904E4A4002948F7 /* CategoryPaperView.swift */ = {isa = PBXFileReference; lastKnownFileType = sourcecode.swift; path = CategoryPaperView.swift; sourceTree = "<group>"; };
		8E7B4D802904E85A002948F7 /* CategoryPaperTableViewCell.swift */ = {isa = PBXFileReference; lastKnownFileType = sourcecode.swift; path = CategoryPaperTableViewCell.swift; sourceTree = "<group>"; };
		8EBE70CB290783C800D52EB5 /* CommonFullImageCell.swift */ = {isa = PBXFileReference; lastKnownFileType = sourcecode.swift; path = CommonFullImageCell.swift; sourceTree = "<group>"; };
		8EBE70CD2907840900D52EB5 /* CommonFullImageCellViewModel.swift */ = {isa = PBXFileReference; lastKnownFileType = sourcecode.swift; path = CommonFullImageCellViewModel.swift; sourceTree = "<group>"; };
		8EE9A0C028F3CB0D003D7761 /* HomeSection.swift */ = {isa = PBXFileReference; lastKnownFileType = sourcecode.swift; path = HomeSection.swift; sourceTree = "<group>"; };
		8EE9A0C228F3CD25003D7761 /* HomeCompositionalLayoutSection.swift */ = {isa = PBXFileReference; lastKnownFileType = sourcecode.swift; path = HomeCompositionalLayoutSection.swift; sourceTree = "<group>"; };
		8EED4EDA29027E5700DA3887 /* GenreViewController.swift */ = {isa = PBXFileReference; lastKnownFileType = sourcecode.swift; path = GenreViewController.swift; sourceTree = "<group>"; };
		8EED4EDC2902817500DA3887 /* GenreViewModel.swift */ = {isa = PBXFileReference; lastKnownFileType = sourcecode.swift; path = GenreViewModel.swift; sourceTree = "<group>"; };
		8EFC9FE0291205B400A83D3D /* UIView+.swift */ = {isa = PBXFileReference; lastKnownFileType = sourcecode.swift; path = "UIView+.swift"; sourceTree = "<group>"; };
		8EFC9FE22912281500A83D3D /* CategoryPaperView.UITableView.swift */ = {isa = PBXFileReference; lastKnownFileType = sourcecode.swift; path = CategoryPaperView.UITableView.swift; sourceTree = "<group>"; };
		8EFC9FE4291229CC00A83D3D /* CategoryPaperConfiguration.swift */ = {isa = PBXFileReference; lastKnownFileType = sourcecode.swift; path = CategoryPaperConfiguration.swift; sourceTree = "<group>"; };
		8EFC9FE629122F9E00A83D3D /* PresentationView.swift */ = {isa = PBXFileReference; lastKnownFileType = sourcecode.swift; path = PresentationView.swift; sourceTree = "<group>"; };
		8EFC9FE829123B7100A83D3D /* PresentationStyle.swift */ = {isa = PBXFileReference; lastKnownFileType = sourcecode.swift; path = PresentationStyle.swift; sourceTree = "<group>"; };
		B12C1DC628ED219C0089964E /* UIVIewController+Rx.swift */ = {isa = PBXFileReference; lastKnownFileType = sourcecode.swift; path = "UIVIewController+Rx.swift"; sourceTree = "<group>"; };
		B160DBF828FF3CBD00C0D682 /* BaseCollectionViewCell.swift */ = {isa = PBXFileReference; lastKnownFileType = sourcecode.swift; path = BaseCollectionViewCell.swift; sourceTree = "<group>"; };
		B160DBFA28FF3D8E00C0D682 /* BaseTableViewCell.swift */ = {isa = PBXFileReference; lastKnownFileType = sourcecode.swift; path = BaseTableViewCell.swift; sourceTree = "<group>"; };
		B160DC0628FF523C00C0D682 /* BlackCatTests.xctest */ = {isa = PBXFileReference; explicitFileType = wrapper.cfbundle; includeInIndex = 0; path = BlackCatTests.xctest; sourceTree = BUILT_PRODUCTS_DIR; };
		B160DC0828FF523C00C0D682 /* FilterReactorTests.swift */ = {isa = PBXFileReference; lastKnownFileType = sourcecode.swift; path = FilterReactorTests.swift; sourceTree = "<group>"; };
		B1CA040528F00CC1004A6027 /* MagazineDetailImageCell.swift */ = {isa = PBXFileReference; lastKnownFileType = sourcecode.swift; path = MagazineDetailImageCell.swift; sourceTree = "<group>"; };
		B1CDE8DF2916088F00ACB9AC /* BPProfileModel.swift */ = {isa = PBXFileReference; lastKnownFileType = sourcecode.swift; path = BPProfileModel.swift; sourceTree = "<group>"; };
		B1CDE8F629165E6A00ACB9AC /* BPEditTempViewController.swift */ = {isa = PBXFileReference; lastKnownFileType = sourcecode.swift; path = BPEditTempViewController.swift; sourceTree = "<group>"; };
		B1CDE90429169FD500ACB9AC /* AlertService.swift */ = {isa = PBXFileReference; lastKnownFileType = sourcecode.swift; path = AlertService.swift; sourceTree = "<group>"; };
		B1CEF7322913A0EC00814113 /* BPProfileCell.swift */ = {isa = PBXFileReference; lastKnownFileType = sourcecode.swift; path = BPProfileCell.swift; sourceTree = "<group>"; };
		B1D127DA28F047A9007E3667 /* MagazineDetailBulletedCell.swift */ = {isa = PBXFileReference; lastKnownFileType = sourcecode.swift; path = MagazineDetailBulletedCell.swift; sourceTree = "<group>"; };
		B1D127DC28F08DCA007E3667 /* TabBarViewController.swift */ = {isa = PBXFileReference; lastKnownFileType = sourcecode.swift; path = TabBarViewController.swift; sourceTree = "<group>"; };
		B1D127DE28F09200007E3667 /* UIImage+.swift */ = {isa = PBXFileReference; lastKnownFileType = sourcecode.swift; path = "UIImage+.swift"; sourceTree = "<group>"; };
		B1D127E128F0923C007E3667 /* Asset.swift */ = {isa = PBXFileReference; lastKnownFileType = sourcecode.swift; path = Asset.swift; sourceTree = "<group>"; };
		B1D2D106290AC7B5005B76BD /* UIScrollView+Rx.swift */ = {isa = PBXFileReference; lastKnownFileType = sourcecode.swift; path = "UIScrollView+Rx.swift"; sourceTree = "<group>"; };
		B1D2D108290AC8FA005B76BD /* Observable+.swift */ = {isa = PBXFileReference; lastKnownFileType = sourcecode.swift; path = "Observable+.swift"; sourceTree = "<group>"; };
		B1D3362428F142A400826636 /* CALayer+.swift */ = {isa = PBXFileReference; lastKnownFileType = sourcecode.swift; path = "CALayer+.swift"; sourceTree = "<group>"; };
		B1D3362628F1457700826636 /* UITabBar+.swift */ = {isa = PBXFileReference; lastKnownFileType = sourcecode.swift; path = "UITabBar+.swift"; sourceTree = "<group>"; };
		B1D3362828F1AC1200826636 /* MagazineDetailEmptyCell.swift */ = {isa = PBXFileReference; lastKnownFileType = sourcecode.swift; path = MagazineDetailEmptyCell.swift; sourceTree = "<group>"; };
		B1D3363628F1CA2000826636 /* BlackCatSDK.framework */ = {isa = PBXFileReference; explicitFileType = wrapper.framework; path = BlackCatSDK.framework; sourceTree = BUILT_PRODUCTS_DIR; };
		B1D3364028F1CCFA00826636 /* UICollectionView+.swift */ = {isa = PBXFileReference; lastKnownFileType = sourcecode.swift; path = "UICollectionView+.swift"; sourceTree = "<group>"; };
		B1D3364228F1CD1B00826636 /* UITableView+.swift */ = {isa = PBXFileReference; lastKnownFileType = sourcecode.swift; path = "UITableView+.swift"; sourceTree = "<group>"; };
		B1D39E6B292345B50058BE37 /* BPPriceInfoEditViewController.swift */ = {isa = PBXFileReference; lastKnownFileType = sourcecode.swift; path = BPPriceInfoEditViewController.swift; sourceTree = "<group>"; };
		B1D39E6D2923594C0058BE37 /* BPPriceInfoEditReactor.swift */ = {isa = PBXFileReference; lastKnownFileType = sourcecode.swift; path = BPPriceInfoEditReactor.swift; sourceTree = "<group>"; };
		B1D39E6F29235EAA0058BE37 /* BPPriceInfoCell.swift */ = {isa = PBXFileReference; lastKnownFileType = sourcecode.swift; path = BPPriceInfoCell.swift; sourceTree = "<group>"; };
		B1D558EF2923D7EF00405DAD /* BPPriceInfoModel.swift */ = {isa = PBXFileReference; lastKnownFileType = sourcecode.swift; path = BPPriceInfoModel.swift; sourceTree = "<group>"; };
		B1D5BD2329174EEC00A85D4A /* UIViewController+.swift */ = {isa = PBXFileReference; lastKnownFileType = sourcecode.swift; path = "UIViewController+.swift"; sourceTree = "<group>"; };
		B1D79CA728EB0EF9008487D0 /* BlackCat.app */ = {isa = PBXFileReference; explicitFileType = wrapper.application; includeInIndex = 0; path = BlackCat.app; sourceTree = BUILT_PRODUCTS_DIR; };
		B1D79CAA28EB0EF9008487D0 /* AppDelegate.swift */ = {isa = PBXFileReference; lastKnownFileType = sourcecode.swift; path = AppDelegate.swift; sourceTree = "<group>"; };
		B1D79CAC28EB0EF9008487D0 /* SceneDelegate.swift */ = {isa = PBXFileReference; lastKnownFileType = sourcecode.swift; path = SceneDelegate.swift; sourceTree = "<group>"; };
		B1D79CB328EB0EFB008487D0 /* Assets.xcassets */ = {isa = PBXFileReference; lastKnownFileType = folder.assetcatalog; path = Assets.xcassets; sourceTree = "<group>"; };
		B1D79CB628EB0EFB008487D0 /* Base */ = {isa = PBXFileReference; lastKnownFileType = file.storyboard; name = Base; path = Base.lproj/LaunchScreen.storyboard; sourceTree = "<group>"; };
		B1D79CB828EB0EFB008487D0 /* Info.plist */ = {isa = PBXFileReference; lastKnownFileType = text.plist.xml; path = Info.plist; sourceTree = "<group>"; };
		B1D89C86290E78AF00C8B7F1 /* BusinessProfileViewController.swift */ = {isa = PBXFileReference; lastKnownFileType = sourcecode.swift; path = BusinessProfileViewController.swift; sourceTree = "<group>"; };
		B1D89C8A290E7C6400C8B7F1 /* BPSection.swift */ = {isa = PBXFileReference; lastKnownFileType = sourcecode.swift; path = BPSection.swift; sourceTree = "<group>"; };
		B1D89C8D290E7CEE00C8B7F1 /* BPThumbnailImageCell.swift */ = {isa = PBXFileReference; lastKnownFileType = sourcecode.swift; path = BPThumbnailImageCell.swift; sourceTree = "<group>"; };
		B1D89C90290E7D2100C8B7F1 /* BPContentCell.swift */ = {isa = PBXFileReference; lastKnownFileType = sourcecode.swift; path = BPContentCell.swift; sourceTree = "<group>"; };
		B1D89C92290E810000C8B7F1 /* BusinessProfileViewController.Layout.swift */ = {isa = PBXFileReference; lastKnownFileType = sourcecode.swift; path = BusinessProfileViewController.Layout.swift; sourceTree = "<group>"; };
		B1D89C95290E845700C8B7F1 /* BPThumbnailModel.swift */ = {isa = PBXFileReference; lastKnownFileType = sourcecode.swift; path = BPThumbnailModel.swift; sourceTree = "<group>"; };
		B1D89C97290E879B00C8B7F1 /* BPBaseCollectionViewCell.swift */ = {isa = PBXFileReference; lastKnownFileType = sourcecode.swift; path = BPBaseCollectionViewCell.swift; sourceTree = "<group>"; };
		B1D89C99290E888200C8B7F1 /* BPThumbnailImageCellReactor.swift */ = {isa = PBXFileReference; lastKnownFileType = sourcecode.swift; path = BPThumbnailImageCellReactor.swift; sourceTree = "<group>"; };
		B1DD25DC28EF0BC800103FF1 /* UIColor+.swift */ = {isa = PBXFileReference; lastKnownFileType = sourcecode.swift; path = "UIColor+.swift"; sourceTree = "<group>"; };
		B1E361E328F28C3100A29CC8 /* MagazineDetailStroyShareButtonCell.swift */ = {isa = PBXFileReference; lastKnownFileType = sourcecode.swift; path = MagazineDetailStroyShareButtonCell.swift; sourceTree = "<group>"; };
		B1E3F7B5290EB7E700005F17 /* BPProductModel.swift */ = {isa = PBXFileReference; lastKnownFileType = sourcecode.swift; path = BPProductModel.swift; sourceTree = "<group>"; };
		B1E3F7B7290EB85400005F17 /* BPReviewModel.swift */ = {isa = PBXFileReference; lastKnownFileType = sourcecode.swift; path = BPReviewModel.swift; sourceTree = "<group>"; };
		B1E3F7B9290EBAB100005F17 /* BPProductCell.swift */ = {isa = PBXFileReference; lastKnownFileType = sourcecode.swift; path = BPProductCell.swift; sourceTree = "<group>"; };
		B1E3F7BB290EBABE00005F17 /* BPReviewCell.swift */ = {isa = PBXFileReference; lastKnownFileType = sourcecode.swift; path = BPReviewCell.swift; sourceTree = "<group>"; };
		B1E3F7BD290EBE3900005F17 /* BPContentCell.Layout.swift */ = {isa = PBXFileReference; lastKnownFileType = sourcecode.swift; path = BPContentCell.Layout.swift; sourceTree = "<group>"; };
		B1E3F7BF290EC1AD00005F17 /* BusinessProfileReactor.swift */ = {isa = PBXFileReference; lastKnownFileType = sourcecode.swift; path = BusinessProfileReactor.swift; sourceTree = "<group>"; };
		B1E3F7C1290EC1F700005F17 /* BPContentModel.swift */ = {isa = PBXFileReference; lastKnownFileType = sourcecode.swift; path = BPContentModel.swift; sourceTree = "<group>"; };
		B1E3F7C3290EC95100005F17 /* BPContentSectionHeaderView.swift */ = {isa = PBXFileReference; lastKnownFileType = sourcecode.swift; path = BPContentSectionHeaderView.swift; sourceTree = "<group>"; };
		B1E3F7C5290EC98600005F17 /* BPBaseCollectionReusableView.swift */ = {isa = PBXFileReference; lastKnownFileType = sourcecode.swift; path = BPBaseCollectionReusableView.swift; sourceTree = "<group>"; };
		B1E3F7C7290ECAA100005F17 /* BPContentSectionHeaderReactor.swift */ = {isa = PBXFileReference; lastKnownFileType = sourcecode.swift; path = BPContentSectionHeaderReactor.swift; sourceTree = "<group>"; };
		B1E3F7D6290EDFD500005F17 /* BPSectionFactory.swift */ = {isa = PBXFileReference; lastKnownFileType = sourcecode.swift; path = BPSectionFactory.swift; sourceTree = "<group>"; };
		B1E3F7D8290EE8CE00005F17 /* BPMultiCastDelegate.swift */ = {isa = PBXFileReference; lastKnownFileType = sourcecode.swift; path = BPMultiCastDelegate.swift; sourceTree = "<group>"; };
		B1E3F7DB290EE9D500005F17 /* MulticastDelegate.swift */ = {isa = PBXFileReference; lastKnownFileType = sourcecode.swift; path = MulticastDelegate.swift; sourceTree = "<group>"; };
		B1E3F7DD290F009F00005F17 /* BusinessProfileViewController.BPMulticastDelegate.swift */ = {isa = PBXFileReference; lastKnownFileType = sourcecode.swift; path = BusinessProfileViewController.BPMulticastDelegate.swift; sourceTree = "<group>"; };
		B1E3F7DF290F042B00005F17 /* BPContentCellReactor.swift */ = {isa = PBXFileReference; lastKnownFileType = sourcecode.swift; path = BPContentCellReactor.swift; sourceTree = "<group>"; };
		B1E3F7E1290F098400005F17 /* BPContentCellService.swift */ = {isa = PBXFileReference; lastKnownFileType = sourcecode.swift; path = BPContentCellService.swift; sourceTree = "<group>"; };
		B1E4985728EE85A800B469AC /* MagazineDetailViewController.swift */ = {isa = PBXFileReference; lastKnownFileType = sourcecode.swift; path = MagazineDetailViewController.swift; sourceTree = "<group>"; };
		B1E4985E28EE886900B469AC /* MagazineDetailSection.swift */ = {isa = PBXFileReference; lastKnownFileType = sourcecode.swift; path = MagazineDetailSection.swift; sourceTree = "<group>"; };
		B1E4986128EE8BFE00B469AC /* MagazineDetailTextCell.swift */ = {isa = PBXFileReference; lastKnownFileType = sourcecode.swift; path = MagazineDetailTextCell.swift; sourceTree = "<group>"; };
		B1E4986428EE957E00B469AC /* MagazineDetailModel.swift */ = {isa = PBXFileReference; lastKnownFileType = sourcecode.swift; path = MagazineDetailModel.swift; sourceTree = "<group>"; };
		B1E4986628EE9BE800B469AC /* MagazineDetailBaseCell.swift */ = {isa = PBXFileReference; lastKnownFileType = sourcecode.swift; path = MagazineDetailBaseCell.swift; sourceTree = "<group>"; };
		B1E4986828EE9E3500B469AC /* MagazineDetailViewReactor.swift */ = {isa = PBXFileReference; lastKnownFileType = sourcecode.swift; path = MagazineDetailViewReactor.swift; sourceTree = "<group>"; };
		B1E4986F28EEADC900B469AC /* MagazineDetailSectionFactory.swift */ = {isa = PBXFileReference; lastKnownFileType = sourcecode.swift; path = MagazineDetailSectionFactory.swift; sourceTree = "<group>"; };
		B1E5E470291AC42F00CC8FBE /* FilterCellViewModel.swift */ = {isa = PBXFileReference; lastKnownFileType = sourcecode.swift; path = FilterCellViewModel.swift; sourceTree = "<group>"; };
		B1E986AA28FE888800962F5B /* FilterTaskService.swift */ = {isa = PBXFileReference; lastKnownFileType = sourcecode.swift; path = FilterTaskService.swift; sourceTree = "<group>"; };
		B1E986AD28FE8D4F00962F5B /* BaseRealmProtocol.swift */ = {isa = PBXFileReference; lastKnownFileType = sourcecode.swift; path = BaseRealmProtocol.swift; sourceTree = "<group>"; };
		B1E986B028FE975C00962F5B /* FilterService.swift */ = {isa = PBXFileReference; lastKnownFileType = sourcecode.swift; path = FilterService.swift; sourceTree = "<group>"; };
		B1E986B228FE9E0B00962F5B /* FilterLoactionService.swift */ = {isa = PBXFileReference; lastKnownFileType = sourcecode.swift; path = FilterLoactionService.swift; sourceTree = "<group>"; };
		B1EABEBB28FBA87C0029B6BC /* FilterTask.swift */ = {isa = PBXFileReference; lastKnownFileType = sourcecode.swift; path = FilterTask.swift; sourceTree = "<group>"; };
		B1EABEBE28FBA8E10029B6BC /* FilterReactor.swift */ = {isa = PBXFileReference; lastKnownFileType = sourcecode.swift; path = FilterReactor.swift; sourceTree = "<group>"; };
		B1EABEC028FBD83F0029B6BC /* FilterLoaction.swift */ = {isa = PBXFileReference; lastKnownFileType = sourcecode.swift; path = FilterLoaction.swift; sourceTree = "<group>"; };
		B1EDD51828EB1CA400FBB722 /* BlackCatKEY.framework */ = {isa = PBXFileReference; explicitFileType = wrapper.framework; path = BlackCatKEY.framework; sourceTree = BUILT_PRODUCTS_DIR; };
		B1EE64F528FA48230055A4F1 /* BottomSheetController.swift */ = {isa = PBXFileReference; lastKnownFileType = sourcecode.swift; path = BottomSheetController.swift; sourceTree = "<group>"; };
		B1EE64F728FA4ABE0055A4F1 /* FilterExampleViewController.swift */ = {isa = PBXFileReference; lastKnownFileType = sourcecode.swift; path = FilterExampleViewController.swift; sourceTree = "<group>"; };
		B1EE64F928FA4E600055A4F1 /* BottomSheetTransitioningDelegate.swift */ = {isa = PBXFileReference; lastKnownFileType = sourcecode.swift; path = BottomSheetTransitioningDelegate.swift; sourceTree = "<group>"; };
		B1EE651128FA872B0055A4F1 /* FilterViewController.swift */ = {isa = PBXFileReference; lastKnownFileType = sourcecode.swift; path = FilterViewController.swift; sourceTree = "<group>"; };
		B1EE651328FA8B160055A4F1 /* FilterCell.swift */ = {isa = PBXFileReference; lastKnownFileType = sourcecode.swift; path = FilterCell.swift; sourceTree = "<group>"; };
		B1EE651628FA8DDE0055A4F1 /* FilterBaseCell.swift */ = {isa = PBXFileReference; lastKnownFileType = sourcecode.swift; path = FilterBaseCell.swift; sourceTree = "<group>"; };
/* End PBXFileReference section */

/* Begin PBXFrameworksBuildPhase section */
		B160DC0328FF523C00C0D682 /* Frameworks */ = {
			isa = PBXFrameworksBuildPhase;
			buildActionMask = 2147483647;
			files = (
				B160DC2628FF570B00C0D682 /* RxSwift in Frameworks */,
				B160DC2228FF53C400C0D682 /* RxTest in Frameworks */,
				B160DC2828FF573E00C0D682 /* RealmSwift in Frameworks */,
				B160DC1428FF535700C0D682 /* Quick in Frameworks */,
				B160DC2428FF56F500C0D682 /* RxCocoa in Frameworks */,
				B160DC1A28FF53C400C0D682 /* RxBlocking in Frameworks */,
				B160DC1728FF536C00C0D682 /* Nimble in Frameworks */,
			);
			runOnlyForDeploymentPostprocessing = 0;
		};
		B1D79CA428EB0EF9008487D0 /* Frameworks */ = {
			isa = PBXFrameworksBuildPhase;
			buildActionMask = 2147483647;
			files = (
				B1E3F7CB290ECBBB00005F17 /* PinLayout in Frameworks */,
				B1E4984828EE83BD00B469AC /* RealmSwift in Frameworks */,
				B1E4984E28EE83E400B469AC /* Nuke in Frameworks */,
				B160DC1C28FF53C400C0D682 /* RxCocoa in Frameworks */,
				B1CDE90329169F8E00ACB9AC /* URLNavigator in Frameworks */,
				B1D3363728F1CA2000826636 /* BlackCatSDK.framework in Frameworks */,
				B1E3F7D3290ECC0500005F17 /* FlexLayoutYoga in Frameworks */,
				B1E3F7D5290ECC0500005F17 /* FlexLayoutYogaKit in Frameworks */,
				B1E4985D28EE873100B469AC /* RxDataSources in Frameworks */,
				B1E4984628EE83BD00B469AC /* Realm in Frameworks */,
				B1E3F7D1290ECC0500005F17 /* FlexLayout in Frameworks */,
				B1E87AF029195CD800EB28DE /* RxKeyboard in Frameworks */,
				B160DC2028FF53C400C0D682 /* RxSwift in Frameworks */,
				B1E4985B28EE873100B469AC /* Differentiator in Frameworks */,
				B1E4984B28EE83D800B469AC /* ReactorKit in Frameworks */,
				B1EABEC428FBE0400029B6BC /* RxGesture in Frameworks */,
				B1E4983828EE838700B469AC /* SnapKit in Frameworks */,
				B1CDE90129169F8E00ACB9AC /* URLMatcher in Frameworks */,
				B160DC1E28FF53C400C0D682 /* RxRelay in Frameworks */,
			);
			runOnlyForDeploymentPostprocessing = 0;
		};
/* End PBXFrameworksBuildPhase section */

/* Begin PBXGroup section */
		78858BEA28F6F48C00EC7BF7 /* MagazineSection */ = {
			isa = PBXGroup;
			children = (
				78858BEB28F6F4E300EC7BF7 /* MagazineSection.swift */,
			);
			path = MagazineSection;
			sourceTree = "<group>";
		};
		78B00BA928F5661000A9915D /* Magazine */ = {
			isa = PBXGroup;
			children = (
				78B00BB228F5661000A9915D /* MagazineViewController.swift */,
				78B00BB128F5661000A9915D /* MagazineViewController.Layout.swift */,
				78B00BB328F5661000A9915D /* MagazineViewModel.swift */,
				78B00BB028F5661000A9915D /* MagazineModel.swift */,
				78858BEA28F6F48C00EC7BF7 /* MagazineSection */,
				78B00BAA28F5661000A9915D /* Cells */,
				78B00BB428F5661000A9915D /* Views */,
				78B00BAD28F5661000A9915D /* MagazineMock */,
			);
			path = Magazine;
			sourceTree = "<group>";
		};
		78B00BAA28F5661000A9915D /* Cells */ = {
			isa = PBXGroup;
			children = (
				78B00BAB28F5661000A9915D /* RecentMagazineCell.swift */,
				78B00BAC28F5661000A9915D /* LastMagazineCell.swift */,
			);
			path = Cells;
			sourceTree = "<group>";
		};
		78B00BAD28F5661000A9915D /* MagazineMock */ = {
			isa = PBXGroup;
			children = (
				78B00BAE28F5661000A9915D /* MagazineTestUseCase.swift */,
				78B00BAF28F5661000A9915D /* MagazineViewModel.dummy.swift */,
			);
			path = MagazineMock;
			sourceTree = "<group>";
		};
		78B00BB428F5661000A9915D /* Views */ = {
			isa = PBXGroup;
			children = (
				78B00BB528F5661000A9915D /* RecentMagazineFooterView.swift */,
				78B00BB628F5661000A9915D /* LastMagazineHeaderView.swift */,
			);
			path = Views;
			sourceTree = "<group>";
		};
		8E2D8C4628F2EBFA004B514D /* Home */ = {
			isa = PBXGroup;
			children = (
				8E2D8C4728F2EC27004B514D /* HomeViewController.swift */,
				8E2D8C4928F2ECD2004B514D /* HomeViewModel.swift */,
				8EE9A0BE28F3CAED003D7761 /* HomeModel */,
				8EE9A0C828F3DA46003D7761 /* HomeCompositionalLayout */,
				8EE9A0BF28F3CAFB003D7761 /* HomeSection */,
				8E2D8C4D28F2ED3E004B514D /* Views */,
			);
			path = Home;
			sourceTree = "<group>";
		};
		8E2D8C4D28F2ED3E004B514D /* Views */ = {
			isa = PBXGroup;
			children = (
				8E2D8C4E28F2ED53004B514D /* HomeHeaderView.swift */,
				8E2D8C5028F2EDF3004B514D /* HomeCategorySectionBackgroundReusableView.swift */,
				8E2D8C5428F2EE69004B514D /* HomeCategoryCell.swift */,
				8E2D8C5328F2EE68004B514D /* HomeCategoryCellViewModel.swift */,
				8E2D8C5628F2EE69004B514D /* HomeRecommendCell.swift */,
				8E2D8C5828F2EE69004B514D /* HomeRecommendCellViewModel.swift */,
				8E2D8C5228F2EE68004B514D /* HomeEmptyCell.swift */,
				8E2D8C5528F2EE69004B514D /* HomeTattooAlbumCell.swift */,
				8E2D8C5728F2EE69004B514D /* HomeTattooAlbumCellViewModel.swift */,
			);
			path = Views;
			sourceTree = "<group>";
		};
		8E61153B291B50DE00A44EB5 /* Presentation */ = {
			isa = PBXGroup;
			children = (
				8EFC9FE629122F9E00A83D3D /* PresentationView.swift */,
				8EFC9FE829123B7100A83D3D /* PresentationStyle.swift */,
			);
			path = Presentation;
			sourceTree = "<group>";
		};
		8E7B4D7C2904E478002948F7 /* CategoryPaper */ = {
			isa = PBXGroup;
			children = (
				8E7B4D7E2904E4A4002948F7 /* CategoryPaperView.swift */,
				8EFC9FE4291229CC00A83D3D /* CategoryPaperConfiguration.swift */,
				8EFC9FE22912281500A83D3D /* CategoryPaperView.UITableView.swift */,
				8E7B4D802904E85A002948F7 /* CategoryPaperTableViewCell.swift */,
				8E61153B291B50DE00A44EB5 /* Presentation */,
			);
			path = CategoryPaper;
			sourceTree = "<group>";
		};
		8EBE70C92907829700D52EB5 /* Commons */ = {
			isa = PBXGroup;
			children = (
				8E7B4D7C2904E478002948F7 /* CategoryPaper */,
				8EBE70CA290782A100D52EB5 /* Cells */,
			);
			path = Commons;
			sourceTree = "<group>";
		};
		8EBE70CA290782A100D52EB5 /* Cells */ = {
			isa = PBXGroup;
			children = (
				8EBE70CB290783C800D52EB5 /* CommonFullImageCell.swift */,
				8EBE70CD2907840900D52EB5 /* CommonFullImageCellViewModel.swift */,
			);
			path = Cells;
			sourceTree = "<group>";
		};
		8EE9A0BE28F3CAED003D7761 /* HomeModel */ = {
			isa = PBXGroup;
			children = (
				8E2D8C4B28F2ED03004B514D /* HomeModel.swift */,
			);
			path = HomeModel;
			sourceTree = "<group>";
		};
		8EE9A0BF28F3CAFB003D7761 /* HomeSection */ = {
			isa = PBXGroup;
			children = (
				8EE9A0C028F3CB0D003D7761 /* HomeSection.swift */,
			);
			path = HomeSection;
			sourceTree = "<group>";
		};
		8EE9A0C828F3DA46003D7761 /* HomeCompositionalLayout */ = {
			isa = PBXGroup;
			children = (
				8EE9A0C228F3CD25003D7761 /* HomeCompositionalLayoutSection.swift */,
			);
			path = HomeCompositionalLayout;
			sourceTree = "<group>";
		};
		8EED4ED929027E3900DA3887 /* Genre */ = {
			isa = PBXGroup;
			children = (
				8EED4EDA29027E5700DA3887 /* GenreViewController.swift */,
				8EED4EDC2902817500DA3887 /* GenreViewModel.swift */,
			);
			path = Genre;
			sourceTree = "<group>";
		};
		B12C1DC528ED21830089964E /* Extension */ = {
			isa = PBXGroup;
			children = (
				B1D5BD2329174EEC00A85D4A /* UIViewController+.swift */,
				B12C1DC628ED219C0089964E /* UIVIewController+Rx.swift */,
				B1DD25DC28EF0BC800103FF1 /* UIColor+.swift */,
				B1D3364028F1CCFA00826636 /* UICollectionView+.swift */,
				B1D3364228F1CD1B00826636 /* UITableView+.swift */,
				B1D127DE28F09200007E3667 /* UIImage+.swift */,
				B1D3362428F142A400826636 /* CALayer+.swift */,
				B1D3362628F1457700826636 /* UITabBar+.swift */,
				B1D2D106290AC7B5005B76BD /* UIScrollView+Rx.swift */,
				B1D2D108290AC8FA005B76BD /* Observable+.swift */,
				8EFC9FE0291205B400A83D3D /* UIView+.swift */,
			);
			path = Extension;
			sourceTree = "<group>";
		};
		B160DC0728FF523C00C0D682 /* BlackCatTests */ = {
			isa = PBXGroup;
			children = (
				B1D0FAEB29039B3F00DFF336 /* FilterTests */,
			);
			path = BlackCatTests;
			sourceTree = "<group>";
		};
		B1CDE8E129160C4600ACB9AC /* BPProfileCells */ = {
			isa = PBXGroup;
			children = (
				B1CEF7322913A0EC00814113 /* BPProfileCell.swift */,
			);
			path = BPProfileCells;
			sourceTree = "<group>";
		};
		B1CDE8F529165A1000ACB9AC /* BPPriceInfoEdit */ = {
			isa = PBXGroup;
			children = (
				B1CDE8F629165E6A00ACB9AC /* BPEditTempViewController.swift */,
				B1D39E6B292345B50058BE37 /* BPPriceInfoEditViewController.swift */,
				B1D39E6D2923594C0058BE37 /* BPPriceInfoEditReactor.swift */,
			);
			path = BPPriceInfoEdit;
			sourceTree = "<group>";
		};
		B1CDE9082916A00800ACB9AC /* CommonsServices */ = {
			isa = PBXGroup;
			children = (
				B1CDE90429169FD500ACB9AC /* AlertService.swift */,
			);
			path = CommonsServices;
			sourceTree = "<group>";
		};
		B1CEF7302913A07300814113 /* BPProductsCells */ = {
			isa = PBXGroup;
			children = (
				B1E3F7B9290EBAB100005F17 /* BPProductCell.swift */,
			);
			path = BPProductsCells;
			sourceTree = "<group>";
		};
		B1CEF7312913A08300814113 /* BPReviewCells */ = {
			isa = PBXGroup;
			children = (
				B1E3F7BB290EBABE00005F17 /* BPReviewCell.swift */,
			);
			path = BPReviewCells;
			sourceTree = "<group>";
		};
		B1D0FAEB29039B3F00DFF336 /* FilterTests */ = {
			isa = PBXGroup;
			children = (
				B160DC0828FF523C00C0D682 /* FilterReactorTests.swift */,
			);
			path = FilterTests;
			sourceTree = "<group>";
		};
		B1D127E028F09223007E3667 /* Utils */ = {
			isa = PBXGroup;
			children = (
				B1D127E128F0923C007E3667 /* Asset.swift */,
			);
			path = Utils;
			sourceTree = "<group>";
		};
		B1D2D10A290ACBE3005B76BD /* Common */ = {
			isa = PBXGroup;
			children = (
				B1E3F7DB290EE9D500005F17 /* MulticastDelegate.swift */,
				B1E5E473291ACA0700CC8FBE /* CommonCells */,
				B1CDE9082916A00800ACB9AC /* CommonsServices */,
				B1EE64FB28FA4E720055A4F1 /* BottomSheet */,
			);
			path = Common;
			sourceTree = "<group>";
		};
		B1D39E7129235EB20058BE37 /* BPPriceInfoCells */ = {
			isa = PBXGroup;
			children = (
				B1D39E6F29235EAA0058BE37 /* BPPriceInfoCell.swift */,
			);
			path = BPPriceInfoCells;
			sourceTree = "<group>";
		};
		B1D79C9E28EB0EF8008487D0 = {
			isa = PBXGroup;
			children = (
				B1D79CA928EB0EF9008487D0 /* BlackCat */,
				B160DC0728FF523C00C0D682 /* BlackCatTests */,
				B1D79CA828EB0EF9008487D0 /* Products */,
				B1EDD51728EB1CA400FBB722 /* Frameworks */,
			);
			sourceTree = "<group>";
		};
		B1D79CA828EB0EF9008487D0 /* Products */ = {
			isa = PBXGroup;
			children = (
				B1D79CA728EB0EF9008487D0 /* BlackCat.app */,
				B160DC0628FF523C00C0D682 /* BlackCatTests.xctest */,
			);
			name = Products;
			sourceTree = "<group>";
		};
		B1D79CA928EB0EF9008487D0 /* BlackCat */ = {
			isa = PBXGroup;
			children = (
				B1D79CAA28EB0EF9008487D0 /* AppDelegate.swift */,
				B1D79CAC28EB0EF9008487D0 /* SceneDelegate.swift */,
				B1D127DC28F08DCA007E3667 /* TabBarViewController.swift */,
				8E2D8C4628F2EBFA004B514D /* Home */,
				8EED4ED929027E3900DA3887 /* Genre */,
				78B00BA928F5661000A9915D /* Magazine */,
				B1E4985628EE859600B469AC /* MagazineDetail */,
				B1EE64F428FA48170055A4F1 /* Filter */,
				B1D89C88290E78B300C8B7F1 /* BusinessProfile */,
				B1CDE8F529165A1000ACB9AC /* BPPriceInfoEdit */,
				B1E986AF28FE8D5B00962F5B /* BaseArchitecture */,
				B1D127E028F09223007E3667 /* Utils */,
				B12C1DC528ED21830089964E /* Extension */,
				B1EE64FB28FA4E720055A4F1 /* BottomSheet */,
				8EBE70C92907829700D52EB5 /* Commons */,
				B1D79CB328EB0EFB008487D0 /* Assets.xcassets */,
				B1D79CB528EB0EFB008487D0 /* LaunchScreen.storyboard */,
				B1D79CB828EB0EFB008487D0 /* Info.plist */,
			);
			path = BlackCat;
			sourceTree = "<group>";
		};
		B1D89C88290E78B300C8B7F1 /* BusinessProfile */ = {
			isa = PBXGroup;
			children = (
				B1D89C86290E78AF00C8B7F1 /* BusinessProfileViewController.swift */,
				B1E3F7BF290EC1AD00005F17 /* BusinessProfileReactor.swift */,
				B1D89C92290E810000C8B7F1 /* BusinessProfileViewController.Layout.swift */,
				B1E3F7DD290F009F00005F17 /* BusinessProfileViewController.BPMulticastDelegate.swift */,
				B1E3F7DA290EE91300005F17 /* BPMultiCast */,
				B1D89C94290E844300C8B7F1 /* BPModels */,
				B1D89C89290E7C3300C8B7F1 /* BPSection */,
				B1D89C8C290E7CD300C8B7F1 /* BPCell */,
			);
			path = BusinessProfile;
			sourceTree = "<group>";
		};
		B1D89C89290E7C3300C8B7F1 /* BPSection */ = {
			isa = PBXGroup;
			children = (
				B1D89C8A290E7C6400C8B7F1 /* BPSection.swift */,
				B1E3F7D6290EDFD500005F17 /* BPSectionFactory.swift */,
				B1E3F7C5290EC98600005F17 /* BPBaseCollectionReusableView.swift */,
				B1E3F7C3290EC95100005F17 /* BPContentSectionHeaderView.swift */,
				B1E3F7C7290ECAA100005F17 /* BPContentSectionHeaderReactor.swift */,
			);
			path = BPSection;
			sourceTree = "<group>";
		};
		B1D89C8C290E7CD300C8B7F1 /* BPCell */ = {
			isa = PBXGroup;
			children = (
				B1D89C97290E879B00C8B7F1 /* BPBaseCollectionViewCell.swift */,
				B1E3F7E4290F0B5600005F17 /* BPThumbnailImageCells */,
				B1E3F7E3290F0B3D00005F17 /* BPContentCells */,
			);
			path = BPCell;
			sourceTree = "<group>";
		};
		B1D89C94290E844300C8B7F1 /* BPModels */ = {
			isa = PBXGroup;
			children = (
				B1D89C95290E845700C8B7F1 /* BPThumbnailModel.swift */,
				B1E3F7C1290EC1F700005F17 /* BPContentModel.swift */,
				B1E3F7B5290EB7E700005F17 /* BPProductModel.swift */,
				B1E3F7B7290EB85400005F17 /* BPReviewModel.swift */,
				B1CDE8DF2916088F00ACB9AC /* BPProfileModel.swift */,
				B1D558EF2923D7EF00405DAD /* BPPriceInfoModel.swift */,
			);
			path = BPModels;
			sourceTree = "<group>";
		};
		B1E3F7DA290EE91300005F17 /* BPMultiCast */ = {
			isa = PBXGroup;
			children = (
				B1E3F7D8290EE8CE00005F17 /* BPMultiCastDelegate.swift */,
			);
			path = BPMultiCast;
			sourceTree = "<group>";
		};
		B1E3F7E3290F0B3D00005F17 /* BPContentCells */ = {
			isa = PBXGroup;
			children = (
				B1D89C90290E7D2100C8B7F1 /* BPContentCell.swift */,
				B1E3F7DF290F042B00005F17 /* BPContentCellReactor.swift */,
				B1E3F7E1290F098400005F17 /* BPContentCellService.swift */,
				B1E3F7BD290EBE3900005F17 /* BPContentCell.Layout.swift */,
				B1CDE8E129160C4600ACB9AC /* BPProfileCells */,
				B1CEF7302913A07300814113 /* BPProductsCells */,
				B1CEF7312913A08300814113 /* BPReviewCells */,
				B1D39E7129235EB20058BE37 /* BPPriceInfoCells */,
			);
			path = BPContentCells;
			sourceTree = "<group>";
		};
		B1E3F7E4290F0B5600005F17 /* BPThumbnailImageCells */ = {
			isa = PBXGroup;
			children = (
				B1D89C8D290E7CEE00C8B7F1 /* BPThumbnailImageCell.swift */,
				B1D89C99290E888200C8B7F1 /* BPThumbnailImageCellReactor.swift */,
			);
			path = BPThumbnailImageCells;
			sourceTree = "<group>";
		};
		B1E4985628EE859600B469AC /* MagazineDetail */ = {
			isa = PBXGroup;
			children = (
				B1E4985728EE85A800B469AC /* MagazineDetailViewController.swift */,
				B1E4986828EE9E3500B469AC /* MagazineDetailViewReactor.swift */,
				B1E4986328EE956F00B469AC /* MagazineDetailModel */,
				B1E4987128EEB1C600B469AC /* MagazineDetailSections */,
				B1E4986028EE8BAE00B469AC /* MagazineDetailCell */,
			);
			path = MagazineDetail;
			sourceTree = "<group>";
		};
		B1E4986028EE8BAE00B469AC /* MagazineDetailCell */ = {
			isa = PBXGroup;
			children = (
				B1E4986628EE9BE800B469AC /* MagazineDetailBaseCell.swift */,
				B1E4986128EE8BFE00B469AC /* MagazineDetailTextCell.swift */,
				B1CA040528F00CC1004A6027 /* MagazineDetailImageCell.swift */,
				B1D127DA28F047A9007E3667 /* MagazineDetailBulletedCell.swift */,
				B1D3362828F1AC1200826636 /* MagazineDetailEmptyCell.swift */,
				B1E361E328F28C3100A29CC8 /* MagazineDetailStroyShareButtonCell.swift */,
			);
			path = MagazineDetailCell;
			sourceTree = "<group>";
		};
		B1E4986328EE956F00B469AC /* MagazineDetailModel */ = {
			isa = PBXGroup;
			children = (
				B1E4986428EE957E00B469AC /* MagazineDetailModel.swift */,
			);
			path = MagazineDetailModel;
			sourceTree = "<group>";
		};
		B1E4987128EEB1C600B469AC /* MagazineDetailSections */ = {
			isa = PBXGroup;
			children = (
				B1E4985E28EE886900B469AC /* MagazineDetailSection.swift */,
				B1E4986F28EEADC900B469AC /* MagazineDetailSectionFactory.swift */,
			);
			path = MagazineDetailSections;
			sourceTree = "<group>";
		};
		B1E5E473291ACA0700CC8FBE /* CommonCells */ = {
			isa = PBXGroup;
			children = (
				B1EE651528FA8B190055A4F1 /* FilterCell */,
			);
			path = CommonCells;
			sourceTree = "<group>";
		};
		B1E986AC28FE889200962F5B /* FilterServices */ = {
			isa = PBXGroup;
			children = (
				B1E986B028FE975C00962F5B /* FilterService.swift */,
				B1E986AA28FE888800962F5B /* FilterTaskService.swift */,
				B1E986B228FE9E0B00962F5B /* FilterLoactionService.swift */,
			);
			path = FilterServices;
			sourceTree = "<group>";
		};
		B1E986AF28FE8D5B00962F5B /* BaseArchitecture */ = {
			isa = PBXGroup;
			children = (
				B1E986AD28FE8D4F00962F5B /* BaseRealmProtocol.swift */,
				B160DBF828FF3CBD00C0D682 /* BaseCollectionViewCell.swift */,
				B160DBFA28FF3D8E00C0D682 /* BaseTableViewCell.swift */,
			);
			path = BaseArchitecture;
			sourceTree = "<group>";
		};
		B1EABEBD28FBA88A0029B6BC /* FilterModels */ = {
			isa = PBXGroup;
			children = (
				B1EABEBB28FBA87C0029B6BC /* FilterTask.swift */,
				B1EABEC028FBD83F0029B6BC /* FilterLoaction.swift */,
			);
			path = FilterModels;
			sourceTree = "<group>";
		};
		B1EDD51728EB1CA400FBB722 /* Frameworks */ = {
			isa = PBXGroup;
			children = (
				B1D3363628F1CA2000826636 /* BlackCatSDK.framework */,
				B1EDD51828EB1CA400FBB722 /* BlackCatKEY.framework */,
			);
			name = Frameworks;
			sourceTree = "<group>";
		};
		B1EE64F428FA48170055A4F1 /* Filter */ = {
			isa = PBXGroup;
			children = (
				B1EE64F728FA4ABE0055A4F1 /* FilterExampleViewController.swift */,
				B1EE651128FA872B0055A4F1 /* FilterViewController.swift */,
				B1EABEBE28FBA8E10029B6BC /* FilterReactor.swift */,
				B1E986AC28FE889200962F5B /* FilterServices */,
				B1EABEBD28FBA88A0029B6BC /* FilterModels */,
			);
			path = Filter;
			sourceTree = "<group>";
		};
		B1EE64FB28FA4E720055A4F1 /* BottomSheet */ = {
			isa = PBXGroup;
			children = (
				B1EE64F528FA48230055A4F1 /* BottomSheetController.swift */,
				B1EE64F928FA4E600055A4F1 /* BottomSheetTransitioningDelegate.swift */,
			);
			path = BottomSheet;
			sourceTree = "<group>";
		};
		B1EE651528FA8B190055A4F1 /* FilterCell */ = {
			isa = PBXGroup;
			children = (
				B1EE651628FA8DDE0055A4F1 /* FilterBaseCell.swift */,
				B1EE651328FA8B160055A4F1 /* FilterCell.swift */,
				B1E5E470291AC42F00CC8FBE /* FilterCellViewModel.swift */,
			);
			path = FilterCell;
			sourceTree = "<group>";
		};
/* End PBXGroup section */

/* Begin PBXNativeTarget section */
		B160DC0528FF523C00C0D682 /* BlackCatTests */ = {
			isa = PBXNativeTarget;
			buildConfigurationList = B160DC0C28FF523C00C0D682 /* Build configuration list for PBXNativeTarget "BlackCatTests" */;
			buildPhases = (
				B160DC0228FF523C00C0D682 /* Sources */,
				B160DC0328FF523C00C0D682 /* Frameworks */,
				B160DC0428FF523C00C0D682 /* Resources */,
			);
			buildRules = (
			);
			dependencies = (
				B160DC0B28FF523C00C0D682 /* PBXTargetDependency */,
			);
			name = BlackCatTests;
			packageProductDependencies = (
				B160DC1328FF535700C0D682 /* Quick */,
				B160DC1628FF536C00C0D682 /* Nimble */,
				B160DC1928FF53C400C0D682 /* RxBlocking */,
				B160DC2128FF53C400C0D682 /* RxTest */,
				B160DC2328FF56F500C0D682 /* RxCocoa */,
				B160DC2528FF570B00C0D682 /* RxSwift */,
				B160DC2728FF573E00C0D682 /* RealmSwift */,
			);
			productName = BlackCatTests;
			productReference = B160DC0628FF523C00C0D682 /* BlackCatTests.xctest */;
			productType = "com.apple.product-type.bundle.unit-test";
		};
		B1D79CA628EB0EF9008487D0 /* BlackCat */ = {
			isa = PBXNativeTarget;
			buildConfigurationList = B1D79CBB28EB0EFB008487D0 /* Build configuration list for PBXNativeTarget "BlackCat" */;
			buildPhases = (
				B1D79CA328EB0EF9008487D0 /* Sources */,
				B1D79CA428EB0EF9008487D0 /* Frameworks */,
				B1D79CA528EB0EF9008487D0 /* Resources */,
				B1EDD51B28EB1CA400FBB722 /* Embed Frameworks */,
			);
			buildRules = (
			);
			dependencies = (
			);
			name = BlackCat;
			packageProductDependencies = (
				B1E4983728EE838700B469AC /* SnapKit */,
				B1E4984528EE83BD00B469AC /* Realm */,
				B1E4984728EE83BD00B469AC /* RealmSwift */,
				B1E4984A28EE83D800B469AC /* ReactorKit */,
				B1E4984D28EE83E400B469AC /* Nuke */,
				B1E4985A28EE873100B469AC /* Differentiator */,
				B1E4985C28EE873100B469AC /* RxDataSources */,
				B1EABEC328FBE0400029B6BC /* RxGesture */,
				B160DC1B28FF53C400C0D682 /* RxCocoa */,
				B160DC1D28FF53C400C0D682 /* RxRelay */,
				B160DC1F28FF53C400C0D682 /* RxSwift */,
				B1E3F7CA290ECBBB00005F17 /* PinLayout */,
				B1E3F7D0290ECC0500005F17 /* FlexLayout */,
				B1E3F7D2290ECC0500005F17 /* FlexLayoutYoga */,
				B1E3F7D4290ECC0500005F17 /* FlexLayoutYogaKit */,
				B1CDE90029169F8E00ACB9AC /* URLMatcher */,
				B1CDE90229169F8E00ACB9AC /* URLNavigator */,
				B1E87AEF29195CD800EB28DE /* RxKeyboard */,
			);
			productName = BlackCat;
			productReference = B1D79CA728EB0EF9008487D0 /* BlackCat.app */;
			productType = "com.apple.product-type.application";
		};
/* End PBXNativeTarget section */

/* Begin PBXProject section */
		B1D79C9F28EB0EF8008487D0 /* Project object */ = {
			isa = PBXProject;
			attributes = {
				BuildIndependentTargetsInParallel = 1;
				LastSwiftUpdateCheck = 1400;
				LastUpgradeCheck = 1400;
				TargetAttributes = {
					B160DC0528FF523C00C0D682 = {
						CreatedOnToolsVersion = 14.0;
						TestTargetID = B1D79CA628EB0EF9008487D0;
					};
					B1D79CA628EB0EF9008487D0 = {
						CreatedOnToolsVersion = 14.0;
					};
				};
			};
			buildConfigurationList = B1D79CA228EB0EF8008487D0 /* Build configuration list for PBXProject "BlackCat" */;
			compatibilityVersion = "Xcode 14.0";
			developmentRegion = en;
			hasScannedForEncodings = 0;
			knownRegions = (
				en,
				Base,
			);
			mainGroup = B1D79C9E28EB0EF8008487D0;
			packageReferences = (
				B1E4983628EE838700B469AC /* XCRemoteSwiftPackageReference "SnapKit" */,
				B1E4984428EE83BD00B469AC /* XCRemoteSwiftPackageReference "realm-swift" */,
				B1E4984928EE83D800B469AC /* XCRemoteSwiftPackageReference "ReactorKit" */,
				B1E4984C28EE83E400B469AC /* XCRemoteSwiftPackageReference "Nuke" */,
				B1E4985928EE873100B469AC /* XCRemoteSwiftPackageReference "RxDataSources" */,
				B1EABEC228FBE0400029B6BC /* XCRemoteSwiftPackageReference "RxGesture" */,
				B160DC1228FF535600C0D682 /* XCRemoteSwiftPackageReference "Quick" */,
				B160DC1528FF536C00C0D682 /* XCRemoteSwiftPackageReference "Nimble" */,
				B160DC1828FF53C400C0D682 /* XCRemoteSwiftPackageReference "RxSwift" */,
				B1E3F7C9290ECBBB00005F17 /* XCRemoteSwiftPackageReference "PinLayout" */,
				B1E3F7CF290ECC0500005F17 /* XCRemoteSwiftPackageReference "FlexLayout" */,
				B1CDE8FF29169F8D00ACB9AC /* XCRemoteSwiftPackageReference "URLNavigator" */,
				B1E87AEE29195CD800EB28DE /* XCRemoteSwiftPackageReference "RxKeyboard" */,
			);
			productRefGroup = B1D79CA828EB0EF9008487D0 /* Products */;
			projectDirPath = "";
			projectRoot = "";
			targets = (
				B1D79CA628EB0EF9008487D0 /* BlackCat */,
				B160DC0528FF523C00C0D682 /* BlackCatTests */,
			);
		};
/* End PBXProject section */

/* Begin PBXResourcesBuildPhase section */
		B160DC0428FF523C00C0D682 /* Resources */ = {
			isa = PBXResourcesBuildPhase;
			buildActionMask = 2147483647;
			files = (
			);
			runOnlyForDeploymentPostprocessing = 0;
		};
		B1D79CA528EB0EF9008487D0 /* Resources */ = {
			isa = PBXResourcesBuildPhase;
			buildActionMask = 2147483647;
			files = (
				B1D79CB728EB0EFB008487D0 /* LaunchScreen.storyboard in Resources */,
				B1D79CB428EB0EFB008487D0 /* Assets.xcassets in Resources */,
			);
			runOnlyForDeploymentPostprocessing = 0;
		};
/* End PBXResourcesBuildPhase section */

/* Begin PBXSourcesBuildPhase section */
		B160DC0228FF523C00C0D682 /* Sources */ = {
			isa = PBXSourcesBuildPhase;
			buildActionMask = 2147483647;
			files = (
				B160DC0928FF523C00C0D682 /* FilterReactorTests.swift in Sources */,
			);
			runOnlyForDeploymentPostprocessing = 0;
		};
		B1D79CA328EB0EF9008487D0 /* Sources */ = {
			isa = PBXSourcesBuildPhase;
			buildActionMask = 2147483647;
			files = (
				8E2D8C5E28F2EE69004B514D /* HomeTattooAlbumCellViewModel.swift in Sources */,
				8EFC9FE1291205B400A83D3D /* UIView+.swift in Sources */,
				8EFC9FE929123B7100A83D3D /* PresentationStyle.swift in Sources */,
				B1D2D107290AC7B5005B76BD /* UIScrollView+Rx.swift in Sources */,
				B1D89C96290E845700C8B7F1 /* BPThumbnailModel.swift in Sources */,
				B1D89C98290E879B00C8B7F1 /* BPBaseCollectionViewCell.swift in Sources */,
				B1E3F7C0290EC1AD00005F17 /* BusinessProfileReactor.swift in Sources */,
				B1E5E471291AC42F00CC8FBE /* FilterCellViewModel.swift in Sources */,
				B1E361E428F28C3100A29CC8 /* MagazineDetailStroyShareButtonCell.swift in Sources */,
				B1E4985F28EE886900B469AC /* MagazineDetailSection.swift in Sources */,
				B1E4987028EEADC900B469AC /* MagazineDetailSectionFactory.swift in Sources */,
				8EBE70CE2907840900D52EB5 /* CommonFullImageCellViewModel.swift in Sources */,
				8EED4EDB29027E5700DA3887 /* GenreViewController.swift in Sources */,
				8E2D8C5C28F2EE69004B514D /* HomeTattooAlbumCell.swift in Sources */,
				8E2D8C4A28F2ECD2004B514D /* HomeViewModel.swift in Sources */,
				B1E3F7B6290EB7E700005F17 /* BPProductModel.swift in Sources */,
				B1EE651728FA8DDE0055A4F1 /* FilterBaseCell.swift in Sources */,
				B1D3364128F1CCFA00826636 /* UICollectionView+.swift in Sources */,
				B1E986B128FE975C00962F5B /* FilterService.swift in Sources */,
				B1D89C9A290E888200C8B7F1 /* BPThumbnailImageCellReactor.swift in Sources */,
				8E2D8C5D28F2EE69004B514D /* HomeRecommendCell.swift in Sources */,
				B1D127DD28F08DCA007E3667 /* TabBarViewController.swift in Sources */,
				B1E4986228EE8BFE00B469AC /* MagazineDetailTextCell.swift in Sources */,
				B1D558F02923D7EF00405DAD /* BPPriceInfoModel.swift in Sources */,
				B1D89C8B290E7C6400C8B7F1 /* BPSection.swift in Sources */,
				B1D39E6C292345B50058BE37 /* BPPriceInfoEditViewController.swift in Sources */,
				B1E4985828EE85A800B469AC /* MagazineDetailViewController.swift in Sources */,
				8E2D8C5F28F2EE69004B514D /* HomeRecommendCellViewModel.swift in Sources */,
				78B00BB828F5661000A9915D /* LastMagazineCell.swift in Sources */,
				B1D39E7029235EAA0058BE37 /* BPPriceInfoCell.swift in Sources */,
				8E2D8C5128F2EDF3004B514D /* HomeCategorySectionBackgroundReusableView.swift in Sources */,
				8EE9A0C128F3CB0D003D7761 /* HomeSection.swift in Sources */,
				B1D127E228F0923C007E3667 /* Asset.swift in Sources */,
				B1E986B328FE9E0B00962F5B /* FilterLoactionService.swift in Sources */,
				B1D5BD2429174EEC00A85D4A /* UIViewController+.swift in Sources */,
				78B00BB928F5661000A9915D /* MagazineTestUseCase.swift in Sources */,
				B1D39E6E2923594C0058BE37 /* BPPriceInfoEditReactor.swift in Sources */,
				B1E3F7BE290EBE3900005F17 /* BPContentCell.Layout.swift in Sources */,
				B160DBFB28FF3D8E00C0D682 /* BaseTableViewCell.swift in Sources */,
				B1E3F7BA290EBAB100005F17 /* BPProductCell.swift in Sources */,
				B1CDE8F729165E6A00ACB9AC /* BPEditTempViewController.swift in Sources */,
				B1E4986528EE957E00B469AC /* MagazineDetailModel.swift in Sources */,
				B1E3F7DE290F009F00005F17 /* BusinessProfileViewController.BPMulticastDelegate.swift in Sources */,
				B1E4986728EE9BE800B469AC /* MagazineDetailBaseCell.swift in Sources */,
				B1E3F7DC290EE9D500005F17 /* MulticastDelegate.swift in Sources */,
				8E2D8C5928F2EE69004B514D /* HomeEmptyCell.swift in Sources */,
				B1E986AB28FE888800962F5B /* FilterTaskService.swift in Sources */,
				B1D89C91290E7D2100C8B7F1 /* BPContentCell.swift in Sources */,
				B1E3F7BC290EBABE00005F17 /* BPReviewCell.swift in Sources */,
				8E2D8C4F28F2ED53004B514D /* HomeHeaderView.swift in Sources */,
				B1E3F7E0290F042B00005F17 /* BPContentCellReactor.swift in Sources */,
				B1EABEC128FBD83F0029B6BC /* FilterLoaction.swift in Sources */,
				8EFC9FE5291229CC00A83D3D /* CategoryPaperConfiguration.swift in Sources */,
				B1D2D109290AC8FA005B76BD /* Observable+.swift in Sources */,
				78B00BBD28F5661000A9915D /* MagazineViewController.swift in Sources */,
				8E2D8C4828F2EC27004B514D /* HomeViewController.swift in Sources */,
				B1EE64F828FA4ABE0055A4F1 /* FilterExampleViewController.swift in Sources */,
				B1EE651428FA8B160055A4F1 /* FilterCell.swift in Sources */,
				B160DBF928FF3CBD00C0D682 /* BaseCollectionViewCell.swift in Sources */,
				78858BEC28F6F4E400EC7BF7 /* MagazineSection.swift in Sources */,
				78B00BBB28F5661000A9915D /* MagazineModel.swift in Sources */,
				B1D3362928F1AC1200826636 /* MagazineDetailEmptyCell.swift in Sources */,
				B1E3F7C2290EC1F700005F17 /* BPContentModel.swift in Sources */,
				78B00BBE28F5661000A9915D /* MagazineViewModel.swift in Sources */,
				B1E3F7C6290EC98600005F17 /* BPBaseCollectionReusableView.swift in Sources */,
				8E2D8C5A28F2EE69004B514D /* HomeCategoryCellViewModel.swift in Sources */,
				B1E3F7D9290EE8CE00005F17 /* BPMultiCastDelegate.swift in Sources */,
				B1CDE8E02916088F00ACB9AC /* BPProfileModel.swift in Sources */,
				B1D79CAB28EB0EF9008487D0 /* AppDelegate.swift in Sources */,
				B1E986AE28FE8D4F00962F5B /* BaseRealmProtocol.swift in Sources */,
				B1D3362528F142A400826636 /* CALayer+.swift in Sources */,
				B1D89C87290E78AF00C8B7F1 /* BusinessProfileViewController.swift in Sources */,
				B1E3F7E2290F098400005F17 /* BPContentCellService.swift in Sources */,
				78B00BC028F5661000A9915D /* LastMagazineHeaderView.swift in Sources */,
				78B00BBA28F5661000A9915D /* MagazineViewModel.dummy.swift in Sources */,
				8EED4EDD2902817500DA3887 /* GenreViewModel.swift in Sources */,
				8E7B4D812904E85A002948F7 /* CategoryPaperTableViewCell.swift in Sources */,
				8EBE70CC290783C800D52EB5 /* CommonFullImageCell.swift in Sources */,
				78B00BBC28F5661000A9915D /* MagazineViewController.Layout.swift in Sources */,
				B1D127DF28F09200007E3667 /* UIImage+.swift in Sources */,
				B1E3F7D7290EDFD500005F17 /* BPSectionFactory.swift in Sources */,
				B1CDE90529169FD500ACB9AC /* AlertService.swift in Sources */,
				B1E4986928EE9E3500B469AC /* MagazineDetailViewReactor.swift in Sources */,
				B1D3364328F1CD1B00826636 /* UITableView+.swift in Sources */,
				B1E3F7C8290ECAA100005F17 /* BPContentSectionHeaderReactor.swift in Sources */,
				B1EE64FA28FA4E600055A4F1 /* BottomSheetTransitioningDelegate.swift in Sources */,
				B1CA040628F00CC1004A6027 /* MagazineDetailImageCell.swift in Sources */,
				8EFC9FE32912281500A83D3D /* CategoryPaperView.UITableView.swift in Sources */,
				B12C1DC728ED219C0089964E /* UIVIewController+Rx.swift in Sources */,
				78B00BB728F5661000A9915D /* RecentMagazineCell.swift in Sources */,
				8E7B4D7F2904E4A4002948F7 /* CategoryPaperView.swift in Sources */,
				B1D79CAD28EB0EF9008487D0 /* SceneDelegate.swift in Sources */,
				8E2D8C4C28F2ED03004B514D /* HomeModel.swift in Sources */,
				78B00BBF28F5661000A9915D /* RecentMagazineFooterView.swift in Sources */,
				B1D89C93290E810000C8B7F1 /* BusinessProfileViewController.Layout.swift in Sources */,
				B1EE64F628FA48230055A4F1 /* BottomSheetController.swift in Sources */,
				B1E3F7C4290EC95100005F17 /* BPContentSectionHeaderView.swift in Sources */,
				B1EE651228FA872B0055A4F1 /* FilterViewController.swift in Sources */,
				B1E3F7B8290EB85400005F17 /* BPReviewModel.swift in Sources */,
				8EE9A0C328F3CD25003D7761 /* HomeCompositionalLayoutSection.swift in Sources */,
				8E2D8C5B28F2EE69004B514D /* HomeCategoryCell.swift in Sources */,
				B1D127DB28F047A9007E3667 /* MagazineDetailBulletedCell.swift in Sources */,
				B1D89C8E290E7CEE00C8B7F1 /* BPThumbnailImageCell.swift in Sources */,
				B1DD25DD28EF0BC800103FF1 /* UIColor+.swift in Sources */,
				B1EABEBF28FBA8E10029B6BC /* FilterReactor.swift in Sources */,
				B1EABEBC28FBA87C0029B6BC /* FilterTask.swift in Sources */,
				8EFC9FE729122F9E00A83D3D /* PresentationView.swift in Sources */,
				B1D3362728F1457700826636 /* UITabBar+.swift in Sources */,
				B1CEF7332913A0EC00814113 /* BPProfileCell.swift in Sources */,
			);
			runOnlyForDeploymentPostprocessing = 0;
		};
/* End PBXSourcesBuildPhase section */

/* Begin PBXTargetDependency section */
		B160DC0B28FF523C00C0D682 /* PBXTargetDependency */ = {
			isa = PBXTargetDependency;
			target = B1D79CA628EB0EF9008487D0 /* BlackCat */;
			targetProxy = B160DC0A28FF523C00C0D682 /* PBXContainerItemProxy */;
		};
/* End PBXTargetDependency section */

/* Begin PBXVariantGroup section */
		B1D79CB528EB0EFB008487D0 /* LaunchScreen.storyboard */ = {
			isa = PBXVariantGroup;
			children = (
				B1D79CB628EB0EFB008487D0 /* Base */,
			);
			name = LaunchScreen.storyboard;
			sourceTree = "<group>";
		};
/* End PBXVariantGroup section */

/* Begin XCBuildConfiguration section */
		B160DC0D28FF523C00C0D682 /* Debug */ = {
			isa = XCBuildConfiguration;
			buildSettings = {
				BUNDLE_LOADER = "$(TEST_HOST)";
				CODE_SIGN_STYLE = Automatic;
				CURRENT_PROJECT_VERSION = 1;
				GENERATE_INFOPLIST_FILE = YES;
				IPHONEOS_DEPLOYMENT_TARGET = 13.0;
				MARKETING_VERSION = 1.0;
				PRODUCT_BUNDLE_IDENTIFIER = com.cat.black.BlackCatTests;
				PRODUCT_NAME = "$(TARGET_NAME)";
				SWIFT_EMIT_LOC_STRINGS = NO;
				SWIFT_VERSION = 5.0;
				TARGETED_DEVICE_FAMILY = "1,2";
				TEST_HOST = "$(BUILT_PRODUCTS_DIR)/BlackCat.app/$(BUNDLE_EXECUTABLE_FOLDER_PATH)/BlackCat";
			};
			name = Debug;
		};
		B160DC0E28FF523C00C0D682 /* Release */ = {
			isa = XCBuildConfiguration;
			buildSettings = {
				BUNDLE_LOADER = "$(TEST_HOST)";
				CODE_SIGN_STYLE = Automatic;
				CURRENT_PROJECT_VERSION = 1;
				DEVELOPMENT_TEAM = "";
				GENERATE_INFOPLIST_FILE = YES;
				IPHONEOS_DEPLOYMENT_TARGET = 13.0;
				MARKETING_VERSION = 1.0;
				PRODUCT_BUNDLE_IDENTIFIER = com.cat.black.tests;
				PRODUCT_NAME = "$(TARGET_NAME)";
				SWIFT_EMIT_LOC_STRINGS = NO;
				SWIFT_VERSION = 5.0;
				TARGETED_DEVICE_FAMILY = "1,2";
				TEST_HOST = "$(BUILT_PRODUCTS_DIR)/BlackCat.app/$(BUNDLE_EXECUTABLE_FOLDER_PATH)/BlackCat";
			};
			name = Release;
		};
		B1D79CB928EB0EFB008487D0 /* Debug */ = {
			isa = XCBuildConfiguration;
			buildSettings = {
				ALWAYS_SEARCH_USER_PATHS = NO;
				CLANG_ANALYZER_NONNULL = YES;
				CLANG_ANALYZER_NUMBER_OBJECT_CONVERSION = YES_AGGRESSIVE;
				CLANG_CXX_LANGUAGE_STANDARD = "gnu++20";
				CLANG_ENABLE_MODULES = YES;
				CLANG_ENABLE_OBJC_ARC = YES;
				CLANG_ENABLE_OBJC_WEAK = YES;
				CLANG_WARN_BLOCK_CAPTURE_AUTORELEASING = YES;
				CLANG_WARN_BOOL_CONVERSION = YES;
				CLANG_WARN_COMMA = YES;
				CLANG_WARN_CONSTANT_CONVERSION = YES;
				CLANG_WARN_DEPRECATED_OBJC_IMPLEMENTATIONS = YES;
				CLANG_WARN_DIRECT_OBJC_ISA_USAGE = YES_ERROR;
				CLANG_WARN_DOCUMENTATION_COMMENTS = YES;
				CLANG_WARN_EMPTY_BODY = YES;
				CLANG_WARN_ENUM_CONVERSION = YES;
				CLANG_WARN_INFINITE_RECURSION = YES;
				CLANG_WARN_INT_CONVERSION = YES;
				CLANG_WARN_NON_LITERAL_NULL_CONVERSION = YES;
				CLANG_WARN_OBJC_IMPLICIT_RETAIN_SELF = YES;
				CLANG_WARN_OBJC_LITERAL_CONVERSION = YES;
				CLANG_WARN_OBJC_ROOT_CLASS = YES_ERROR;
				CLANG_WARN_QUOTED_INCLUDE_IN_FRAMEWORK_HEADER = YES;
				CLANG_WARN_RANGE_LOOP_ANALYSIS = YES;
				CLANG_WARN_STRICT_PROTOTYPES = YES;
				CLANG_WARN_SUSPICIOUS_MOVE = YES;
				CLANG_WARN_UNGUARDED_AVAILABILITY = YES_AGGRESSIVE;
				CLANG_WARN_UNREACHABLE_CODE = YES;
				CLANG_WARN__DUPLICATE_METHOD_MATCH = YES;
				COPY_PHASE_STRIP = NO;
				DEBUG_INFORMATION_FORMAT = dwarf;
				ENABLE_STRICT_OBJC_MSGSEND = YES;
				ENABLE_TESTABILITY = YES;
				GCC_C_LANGUAGE_STANDARD = gnu11;
				GCC_DYNAMIC_NO_PIC = NO;
				GCC_NO_COMMON_BLOCKS = YES;
				GCC_OPTIMIZATION_LEVEL = 0;
				GCC_PREPROCESSOR_DEFINITIONS = (
					"DEBUG=1",
					"$(inherited)",
				);
				"GCC_PREPROCESSOR_DEFINITIONS[arch=*]" = "FLEXLAYOUT_SWIFT_PACKAGE=1";
				GCC_WARN_64_TO_32_BIT_CONVERSION = YES;
				GCC_WARN_ABOUT_RETURN_TYPE = YES_ERROR;
				GCC_WARN_UNDECLARED_SELECTOR = YES;
				GCC_WARN_UNINITIALIZED_AUTOS = YES_AGGRESSIVE;
				GCC_WARN_UNUSED_FUNCTION = YES;
				GCC_WARN_UNUSED_VARIABLE = YES;
				IPHONEOS_DEPLOYMENT_TARGET = 13.0;
				MTL_ENABLE_DEBUG_INFO = INCLUDE_SOURCE;
				MTL_FAST_MATH = YES;
				ONLY_ACTIVE_ARCH = YES;
				SDKROOT = iphoneos;
				SWIFT_ACTIVE_COMPILATION_CONDITIONS = DEBUG;
				SWIFT_OPTIMIZATION_LEVEL = "-Onone";
			};
			name = Debug;
		};
		B1D79CBA28EB0EFB008487D0 /* Release */ = {
			isa = XCBuildConfiguration;
			buildSettings = {
				ALWAYS_SEARCH_USER_PATHS = NO;
				CLANG_ANALYZER_NONNULL = YES;
				CLANG_ANALYZER_NUMBER_OBJECT_CONVERSION = YES_AGGRESSIVE;
				CLANG_CXX_LANGUAGE_STANDARD = "gnu++20";
				CLANG_ENABLE_MODULES = YES;
				CLANG_ENABLE_OBJC_ARC = YES;
				CLANG_ENABLE_OBJC_WEAK = YES;
				CLANG_WARN_BLOCK_CAPTURE_AUTORELEASING = YES;
				CLANG_WARN_BOOL_CONVERSION = YES;
				CLANG_WARN_COMMA = YES;
				CLANG_WARN_CONSTANT_CONVERSION = YES;
				CLANG_WARN_DEPRECATED_OBJC_IMPLEMENTATIONS = YES;
				CLANG_WARN_DIRECT_OBJC_ISA_USAGE = YES_ERROR;
				CLANG_WARN_DOCUMENTATION_COMMENTS = YES;
				CLANG_WARN_EMPTY_BODY = YES;
				CLANG_WARN_ENUM_CONVERSION = YES;
				CLANG_WARN_INFINITE_RECURSION = YES;
				CLANG_WARN_INT_CONVERSION = YES;
				CLANG_WARN_NON_LITERAL_NULL_CONVERSION = YES;
				CLANG_WARN_OBJC_IMPLICIT_RETAIN_SELF = YES;
				CLANG_WARN_OBJC_LITERAL_CONVERSION = YES;
				CLANG_WARN_OBJC_ROOT_CLASS = YES_ERROR;
				CLANG_WARN_QUOTED_INCLUDE_IN_FRAMEWORK_HEADER = YES;
				CLANG_WARN_RANGE_LOOP_ANALYSIS = YES;
				CLANG_WARN_STRICT_PROTOTYPES = YES;
				CLANG_WARN_SUSPICIOUS_MOVE = YES;
				CLANG_WARN_UNGUARDED_AVAILABILITY = YES_AGGRESSIVE;
				CLANG_WARN_UNREACHABLE_CODE = YES;
				CLANG_WARN__DUPLICATE_METHOD_MATCH = YES;
				COPY_PHASE_STRIP = NO;
				DEBUG_INFORMATION_FORMAT = "dwarf-with-dsym";
				ENABLE_NS_ASSERTIONS = NO;
				ENABLE_STRICT_OBJC_MSGSEND = YES;
				GCC_C_LANGUAGE_STANDARD = gnu11;
				GCC_NO_COMMON_BLOCKS = YES;
				"GCC_PREPROCESSOR_DEFINITIONS[arch=*]" = "FLEXLAYOUT_SWIFT_PACKAGE=1";
				GCC_WARN_64_TO_32_BIT_CONVERSION = YES;
				GCC_WARN_ABOUT_RETURN_TYPE = YES_ERROR;
				GCC_WARN_UNDECLARED_SELECTOR = YES;
				GCC_WARN_UNINITIALIZED_AUTOS = YES_AGGRESSIVE;
				GCC_WARN_UNUSED_FUNCTION = YES;
				GCC_WARN_UNUSED_VARIABLE = YES;
				IPHONEOS_DEPLOYMENT_TARGET = 13.0;
				MTL_ENABLE_DEBUG_INFO = NO;
				MTL_FAST_MATH = YES;
				SDKROOT = iphoneos;
				SWIFT_COMPILATION_MODE = wholemodule;
				SWIFT_OPTIMIZATION_LEVEL = "-O";
				VALIDATE_PRODUCT = YES;
			};
			name = Release;
		};
		B1D79CBC28EB0EFB008487D0 /* Debug */ = {
			isa = XCBuildConfiguration;
			buildSettings = {
				ASSETCATALOG_COMPILER_APPICON_NAME = AppIcon;
				ASSETCATALOG_COMPILER_GLOBAL_ACCENT_COLOR_NAME = AccentColor;
				CODE_SIGN_STYLE = Automatic;
				CURRENT_PROJECT_VERSION = 1;
				GENERATE_INFOPLIST_FILE = YES;
				INFOPLIST_FILE = BlackCat/Info.plist;
				INFOPLIST_KEY_NSPhotoLibraryUsageDescription = "작품 및 도안 등록을 위해 라이브러리 접근 권한이 필요해요.";
				INFOPLIST_KEY_UIApplicationSupportsIndirectInputEvents = YES;
				INFOPLIST_KEY_UILaunchStoryboardName = LaunchScreen;
				INFOPLIST_KEY_UISupportedInterfaceOrientations_iPad = "UIInterfaceOrientationPortrait UIInterfaceOrientationPortraitUpsideDown UIInterfaceOrientationLandscapeLeft UIInterfaceOrientationLandscapeRight";
				INFOPLIST_KEY_UISupportedInterfaceOrientations_iPhone = "UIInterfaceOrientationPortrait UIInterfaceOrientationLandscapeLeft UIInterfaceOrientationLandscapeRight";
				INFOPLIST_KEY_UIUserInterfaceStyle = Light;
				LD_RUNPATH_SEARCH_PATHS = (
					"$(inherited)",
					"@executable_path/Frameworks",
				);
				MARKETING_VERSION = 1.0;
				"OTHER_LDFLAGS[arch=*]" = "";
				"OTHER_LDFLAGS[sdk=iphonesimulator*]" = "-all_load";
				PRODUCT_BUNDLE_IDENTIFIER = com.cat.black.BlackCat;
				PRODUCT_NAME = "$(TARGET_NAME)";
				SWIFT_EMIT_LOC_STRINGS = YES;
				SWIFT_VERSION = 5.0;
				TARGETED_DEVICE_FAMILY = "1,2";
			};
			name = Debug;
		};
		B1D79CBD28EB0EFB008487D0 /* Release */ = {
			isa = XCBuildConfiguration;
			buildSettings = {
				ASSETCATALOG_COMPILER_APPICON_NAME = AppIcon;
				ASSETCATALOG_COMPILER_GLOBAL_ACCENT_COLOR_NAME = AccentColor;
				CODE_SIGN_STYLE = Automatic;
				CURRENT_PROJECT_VERSION = 1;
				DEVELOPMENT_TEAM = "";
				GENERATE_INFOPLIST_FILE = YES;
				INFOPLIST_FILE = BlackCat/Info.plist;
				INFOPLIST_KEY_NSPhotoLibraryUsageDescription = "작품 및 도안 등록을 위해 라이브러리 접근 권한이 필요해요.";
				INFOPLIST_KEY_UIApplicationSupportsIndirectInputEvents = YES;
				INFOPLIST_KEY_UILaunchStoryboardName = LaunchScreen;
				INFOPLIST_KEY_UISupportedInterfaceOrientations_iPad = "UIInterfaceOrientationPortrait UIInterfaceOrientationPortraitUpsideDown UIInterfaceOrientationLandscapeLeft UIInterfaceOrientationLandscapeRight";
				INFOPLIST_KEY_UISupportedInterfaceOrientations_iPhone = "UIInterfaceOrientationPortrait UIInterfaceOrientationLandscapeLeft UIInterfaceOrientationLandscapeRight";
				INFOPLIST_KEY_UIUserInterfaceStyle = Light;
				LD_RUNPATH_SEARCH_PATHS = (
					"$(inherited)",
					"@executable_path/Frameworks",
				);
				MARKETING_VERSION = 1.0;
				"OTHER_LDFLAGS[sdk=iphonesimulator*]" = "";
				PRODUCT_BUNDLE_IDENTIFIER = com.cat.black;
				PRODUCT_NAME = "$(TARGET_NAME)";
				SWIFT_EMIT_LOC_STRINGS = YES;
				SWIFT_VERSION = 5.0;
				TARGETED_DEVICE_FAMILY = "1,2";
			};
			name = Release;
		};
/* End XCBuildConfiguration section */

/* Begin XCConfigurationList section */
		B160DC0C28FF523C00C0D682 /* Build configuration list for PBXNativeTarget "BlackCatTests" */ = {
			isa = XCConfigurationList;
			buildConfigurations = (
				B160DC0D28FF523C00C0D682 /* Debug */,
				B160DC0E28FF523C00C0D682 /* Release */,
			);
			defaultConfigurationIsVisible = 0;
			defaultConfigurationName = Release;
		};
		B1D79CA228EB0EF8008487D0 /* Build configuration list for PBXProject "BlackCat" */ = {
			isa = XCConfigurationList;
			buildConfigurations = (
				B1D79CB928EB0EFB008487D0 /* Debug */,
				B1D79CBA28EB0EFB008487D0 /* Release */,
			);
			defaultConfigurationIsVisible = 0;
			defaultConfigurationName = Release;
		};
		B1D79CBB28EB0EFB008487D0 /* Build configuration list for PBXNativeTarget "BlackCat" */ = {
			isa = XCConfigurationList;
			buildConfigurations = (
				B1D79CBC28EB0EFB008487D0 /* Debug */,
				B1D79CBD28EB0EFB008487D0 /* Release */,
			);
			defaultConfigurationIsVisible = 0;
			defaultConfigurationName = Release;
		};
/* End XCConfigurationList section */

/* Begin XCRemoteSwiftPackageReference section */
		B160DC1228FF535600C0D682 /* XCRemoteSwiftPackageReference "Quick" */ = {
			isa = XCRemoteSwiftPackageReference;
			repositoryURL = "https://github.com/Quick/Quick.git";
			requirement = {
				kind = upToNextMinorVersion;
				minimumVersion = 5.0.0;
			};
		};
		B160DC1528FF536C00C0D682 /* XCRemoteSwiftPackageReference "Nimble" */ = {
			isa = XCRemoteSwiftPackageReference;
			repositoryURL = "https://github.com/Quick/Nimble";
			requirement = {
				kind = upToNextMinorVersion;
				minimumVersion = 10.0.0;
			};
		};
		B160DC1828FF53C400C0D682 /* XCRemoteSwiftPackageReference "RxSwift" */ = {
			isa = XCRemoteSwiftPackageReference;
			repositoryURL = "https://github.com/ReactiveX/RxSwift";
			requirement = {
				kind = upToNextMinorVersion;
				minimumVersion = 6.5.0;
			};
		};
		B1CDE8FF29169F8D00ACB9AC /* XCRemoteSwiftPackageReference "URLNavigator" */ = {
			isa = XCRemoteSwiftPackageReference;
			repositoryURL = "https://github.com/devxoul/URLNavigator";
			requirement = {
				kind = upToNextMinorVersion;
				minimumVersion = 2.4.0;
			};
		};
		B1E3F7C9290ECBBB00005F17 /* XCRemoteSwiftPackageReference "PinLayout" */ = {
			isa = XCRemoteSwiftPackageReference;
			repositoryURL = "https://github.com/layoutBox/PinLayout";
			requirement = {
				kind = upToNextMinorVersion;
				minimumVersion = 1.9.0;
			};
		};
		B1E3F7CF290ECC0500005F17 /* XCRemoteSwiftPackageReference "FlexLayout" */ = {
			isa = XCRemoteSwiftPackageReference;
			repositoryURL = "https://github.com/layoutBox/FlexLayout";
			requirement = {
				kind = upToNextMinorVersion;
				minimumVersion = 1.3.0;
			};
		};
		B1E4983628EE838700B469AC /* XCRemoteSwiftPackageReference "SnapKit" */ = {
			isa = XCRemoteSwiftPackageReference;
			repositoryURL = "https://github.com/SnapKit/SnapKit";
			requirement = {
				kind = upToNextMinorVersion;
				minimumVersion = 5.6.0;
			};
		};
		B1E4984428EE83BD00B469AC /* XCRemoteSwiftPackageReference "realm-swift" */ = {
			isa = XCRemoteSwiftPackageReference;
			repositoryURL = "https://github.com/realm/realm-swift";
			requirement = {
				branch = master;
				kind = branch;
			};
		};
		B1E4984928EE83D800B469AC /* XCRemoteSwiftPackageReference "ReactorKit" */ = {
			isa = XCRemoteSwiftPackageReference;
			repositoryURL = "https://github.com/ReactorKit/ReactorKit.git";
			requirement = {
				kind = upToNextMinorVersion;
				minimumVersion = 3.2.0;
			};
		};
		B1E4984C28EE83E400B469AC /* XCRemoteSwiftPackageReference "Nuke" */ = {
			isa = XCRemoteSwiftPackageReference;
			repositoryURL = "https://github.com/kean/Nuke";
			requirement = {
				kind = upToNextMinorVersion;
				minimumVersion = 9.6.0;
			};
		};
		B1E4985928EE873100B469AC /* XCRemoteSwiftPackageReference "RxDataSources" */ = {
			isa = XCRemoteSwiftPackageReference;
			repositoryURL = "https://github.com/RxSwiftCommunity/RxDataSources";
			requirement = {
				kind = upToNextMinorVersion;
				minimumVersion = 5.0.0;
			};
		};
		B1E87AEE29195CD800EB28DE /* XCRemoteSwiftPackageReference "RxKeyboard" */ = {
			isa = XCRemoteSwiftPackageReference;
			repositoryURL = "https://github.com/RxSwiftCommunity/RxKeyboard";
			requirement = {
				kind = upToNextMinorVersion;
				minimumVersion = 2.0.0;
			};
		};
		B1EABEC228FBE0400029B6BC /* XCRemoteSwiftPackageReference "RxGesture" */ = {
			isa = XCRemoteSwiftPackageReference;
			repositoryURL = "https://github.com/RxSwiftCommunity/RxGesture";
			requirement = {
				kind = upToNextMinorVersion;
				minimumVersion = 4.0.0;
			};
		};
/* End XCRemoteSwiftPackageReference section */

/* Begin XCSwiftPackageProductDependency section */
		B160DC1328FF535700C0D682 /* Quick */ = {
			isa = XCSwiftPackageProductDependency;
			package = B160DC1228FF535600C0D682 /* XCRemoteSwiftPackageReference "Quick" */;
			productName = Quick;
		};
		B160DC1628FF536C00C0D682 /* Nimble */ = {
			isa = XCSwiftPackageProductDependency;
			package = B160DC1528FF536C00C0D682 /* XCRemoteSwiftPackageReference "Nimble" */;
			productName = Nimble;
		};
		B160DC1928FF53C400C0D682 /* RxBlocking */ = {
			isa = XCSwiftPackageProductDependency;
			package = B160DC1828FF53C400C0D682 /* XCRemoteSwiftPackageReference "RxSwift" */;
			productName = RxBlocking;
		};
		B160DC1B28FF53C400C0D682 /* RxCocoa */ = {
			isa = XCSwiftPackageProductDependency;
			package = B160DC1828FF53C400C0D682 /* XCRemoteSwiftPackageReference "RxSwift" */;
			productName = RxCocoa;
		};
		B160DC1D28FF53C400C0D682 /* RxRelay */ = {
			isa = XCSwiftPackageProductDependency;
			package = B160DC1828FF53C400C0D682 /* XCRemoteSwiftPackageReference "RxSwift" */;
			productName = RxRelay;
		};
		B160DC1F28FF53C400C0D682 /* RxSwift */ = {
			isa = XCSwiftPackageProductDependency;
			package = B160DC1828FF53C400C0D682 /* XCRemoteSwiftPackageReference "RxSwift" */;
			productName = RxSwift;
		};
		B160DC2128FF53C400C0D682 /* RxTest */ = {
			isa = XCSwiftPackageProductDependency;
			package = B160DC1828FF53C400C0D682 /* XCRemoteSwiftPackageReference "RxSwift" */;
			productName = RxTest;
		};
		B160DC2328FF56F500C0D682 /* RxCocoa */ = {
			isa = XCSwiftPackageProductDependency;
			package = B160DC1828FF53C400C0D682 /* XCRemoteSwiftPackageReference "RxSwift" */;
			productName = RxCocoa;
		};
		B160DC2528FF570B00C0D682 /* RxSwift */ = {
			isa = XCSwiftPackageProductDependency;
			package = B160DC1828FF53C400C0D682 /* XCRemoteSwiftPackageReference "RxSwift" */;
			productName = RxSwift;
		};
		B160DC2728FF573E00C0D682 /* RealmSwift */ = {
			isa = XCSwiftPackageProductDependency;
			package = B1E4984428EE83BD00B469AC /* XCRemoteSwiftPackageReference "realm-swift" */;
			productName = RealmSwift;
		};
		B1CDE90029169F8E00ACB9AC /* URLMatcher */ = {
			isa = XCSwiftPackageProductDependency;
			package = B1CDE8FF29169F8D00ACB9AC /* XCRemoteSwiftPackageReference "URLNavigator" */;
			productName = URLMatcher;
		};
		B1CDE90229169F8E00ACB9AC /* URLNavigator */ = {
			isa = XCSwiftPackageProductDependency;
			package = B1CDE8FF29169F8D00ACB9AC /* XCRemoteSwiftPackageReference "URLNavigator" */;
			productName = URLNavigator;
		};
		B1E3F7CA290ECBBB00005F17 /* PinLayout */ = {
			isa = XCSwiftPackageProductDependency;
			package = B1E3F7C9290ECBBB00005F17 /* XCRemoteSwiftPackageReference "PinLayout" */;
			productName = PinLayout;
		};
		B1E3F7D0290ECC0500005F17 /* FlexLayout */ = {
			isa = XCSwiftPackageProductDependency;
			package = B1E3F7CF290ECC0500005F17 /* XCRemoteSwiftPackageReference "FlexLayout" */;
			productName = FlexLayout;
		};
		B1E3F7D2290ECC0500005F17 /* FlexLayoutYoga */ = {
			isa = XCSwiftPackageProductDependency;
			package = B1E3F7CF290ECC0500005F17 /* XCRemoteSwiftPackageReference "FlexLayout" */;
			productName = FlexLayoutYoga;
		};
		B1E3F7D4290ECC0500005F17 /* FlexLayoutYogaKit */ = {
			isa = XCSwiftPackageProductDependency;
			package = B1E3F7CF290ECC0500005F17 /* XCRemoteSwiftPackageReference "FlexLayout" */;
			productName = FlexLayoutYogaKit;
		};
		B1E4983728EE838700B469AC /* SnapKit */ = {
			isa = XCSwiftPackageProductDependency;
			package = B1E4983628EE838700B469AC /* XCRemoteSwiftPackageReference "SnapKit" */;
			productName = SnapKit;
		};
		B1E4984528EE83BD00B469AC /* Realm */ = {
			isa = XCSwiftPackageProductDependency;
			package = B1E4984428EE83BD00B469AC /* XCRemoteSwiftPackageReference "realm-swift" */;
			productName = Realm;
		};
		B1E4984728EE83BD00B469AC /* RealmSwift */ = {
			isa = XCSwiftPackageProductDependency;
			package = B1E4984428EE83BD00B469AC /* XCRemoteSwiftPackageReference "realm-swift" */;
			productName = RealmSwift;
		};
		B1E4984A28EE83D800B469AC /* ReactorKit */ = {
			isa = XCSwiftPackageProductDependency;
			package = B1E4984928EE83D800B469AC /* XCRemoteSwiftPackageReference "ReactorKit" */;
			productName = ReactorKit;
		};
		B1E4984D28EE83E400B469AC /* Nuke */ = {
			isa = XCSwiftPackageProductDependency;
			package = B1E4984C28EE83E400B469AC /* XCRemoteSwiftPackageReference "Nuke" */;
			productName = Nuke;
		};
		B1E4985A28EE873100B469AC /* Differentiator */ = {
			isa = XCSwiftPackageProductDependency;
			package = B1E4985928EE873100B469AC /* XCRemoteSwiftPackageReference "RxDataSources" */;
			productName = Differentiator;
		};
		B1E4985C28EE873100B469AC /* RxDataSources */ = {
			isa = XCSwiftPackageProductDependency;
			package = B1E4985928EE873100B469AC /* XCRemoteSwiftPackageReference "RxDataSources" */;
			productName = RxDataSources;
		};
		B1E87AEF29195CD800EB28DE /* RxKeyboard */ = {
			isa = XCSwiftPackageProductDependency;
			package = B1E87AEE29195CD800EB28DE /* XCRemoteSwiftPackageReference "RxKeyboard" */;
			productName = RxKeyboard;
		};
		B1EABEC328FBE0400029B6BC /* RxGesture */ = {
			isa = XCSwiftPackageProductDependency;
			package = B1EABEC228FBE0400029B6BC /* XCRemoteSwiftPackageReference "RxGesture" */;
			productName = RxGesture;
		};
/* End XCSwiftPackageProductDependency section */
	};
	rootObject = B1D79C9F28EB0EF8008487D0 /* Project object */;
}
