// !$*UTF8*$!
{
	archiveVersion = 1;
	classes = {
	};
	objectVersion = 56;
	objects = {

/* Begin PBXBuildFile section */
		780EF43E28EB1C9500257FB8 /* Moya in Frameworks */ = {isa = PBXBuildFile; productRef = 780EF43D28EB1C9500257FB8 /* Moya */; };
		780EF44128EB1CD700257FB8 /* RealmSwift in Frameworks */ = {isa = PBXBuildFile; productRef = 780EF44028EB1CD700257FB8 /* RealmSwift */; };
		8E0C8EF528EFD0390020E76E /* HomeHeaderView.swift in Sources */ = {isa = PBXBuildFile; fileRef = 8E0C8EF428EFD0390020E76E /* HomeHeaderView.swift */; };
		8E0C8EF728EFD6960020E76E /* HomeSection2Cell.swift in Sources */ = {isa = PBXBuildFile; fileRef = 8E0C8EF628EFD6960020E76E /* HomeSection2Cell.swift */; };
		8E8C214E28F06AF500981A01 /* Differentiator in Frameworks */ = {isa = PBXBuildFile; productRef = 8E8C214D28F06AF500981A01 /* Differentiator */; };
		8E8C215028F06AF500981A01 /* RxDataSources in Frameworks */ = {isa = PBXBuildFile; productRef = 8E8C214F28F06AF500981A01 /* RxDataSources */; };
		8E8C215728F11B9700981A01 /* HomeSection1CellViewModel.swift in Sources */ = {isa = PBXBuildFile; fileRef = 8E8C215628F11B9700981A01 /* HomeSection1CellViewModel.swift */; };
		8E8C215928F11DFF00981A01 /* HomeSection2CellViewModel.swift in Sources */ = {isa = PBXBuildFile; fileRef = 8E8C215828F11DFF00981A01 /* HomeSection2CellViewModel.swift */; };
		8E8C215C28F1241500981A01 /* UIViewController+Rx.swift in Sources */ = {isa = PBXBuildFile; fileRef = 8E8C215B28F1241500981A01 /* UIViewController+Rx.swift */; };
		8E8EDD2328F00607006A72ED /* HomeCategorySectionBackgroundReusableView.swift in Sources */ = {isa = PBXBuildFile; fileRef = 8E8EDD2228F00607006A72ED /* HomeCategorySectionBackgroundReusableView.swift */; };
		8E8EDD2528F00D0F006A72ED /* HomeEmptyCell.swift in Sources */ = {isa = PBXBuildFile; fileRef = 8E8EDD2428F00D0F006A72ED /* HomeEmptyCell.swift */; };
		8EB75C8728ED151300F5AFEB /* HomeViewController.swift in Sources */ = {isa = PBXBuildFile; fileRef = 8EB75C8628ED151300F5AFEB /* HomeViewController.swift */; };
		8EB75C8A28ED157400F5AFEB /* RxBlocking in Frameworks */ = {isa = PBXBuildFile; productRef = 8EB75C8928ED157300F5AFEB /* RxBlocking */; };
		8EB75C8C28ED157400F5AFEB /* RxCocoa in Frameworks */ = {isa = PBXBuildFile; productRef = 8EB75C8B28ED157400F5AFEB /* RxCocoa */; };
		8EB75C8E28ED157400F5AFEB /* RxRelay in Frameworks */ = {isa = PBXBuildFile; productRef = 8EB75C8D28ED157400F5AFEB /* RxRelay */; };
		8EB75C9328ED168900F5AFEB /* HomeCategoryCell.swift in Sources */ = {isa = PBXBuildFile; fileRef = 8EB75C9228ED168900F5AFEB /* HomeCategoryCell.swift */; };
		8EB75C9728ED1C0F00F5AFEB /* HomeViewModel.swift in Sources */ = {isa = PBXBuildFile; fileRef = 8EB75C9628ED1C0F00F5AFEB /* HomeViewModel.swift */; };
		8EB75C9928ED1F8700F5AFEB /* HomeCategoryCellViewModel.swift in Sources */ = {isa = PBXBuildFile; fileRef = 8EB75C9828ED1F8700F5AFEB /* HomeCategoryCellViewModel.swift */; };
		8EB75CB528ED778100F5AFEB /* Assets.xcassets in Resources */ = {isa = PBXBuildFile; fileRef = 8EB75CA528ED778100F5AFEB /* Assets.xcassets */; };
		8EB75CB628ED778100F5AFEB /* Color.xcassets in Resources */ = {isa = PBXBuildFile; fileRef = 8EB75CA628ED778100F5AFEB /* Color.xcassets */; };
		8EB75CB728ED778100F5AFEB /* GmarketSansTTFLight.ttf in Resources */ = {isa = PBXBuildFile; fileRef = 8EB75CA828ED778100F5AFEB /* GmarketSansTTFLight.ttf */; };
		8EB75CB828ED778100F5AFEB /* GmarketSansTTFBold.ttf in Resources */ = {isa = PBXBuildFile; fileRef = 8EB75CA928ED778100F5AFEB /* GmarketSansTTFBold.ttf */; };
		8EB75CB928ED778100F5AFEB /* GmarketSansTTFMedium.ttf in Resources */ = {isa = PBXBuildFile; fileRef = 8EB75CAA28ED778100F5AFEB /* GmarketSansTTFMedium.ttf */; };
		8EB75CBA28ED778100F5AFEB /* Asset.swift in Sources */ = {isa = PBXBuildFile; fileRef = 8EB75CAD28ED778100F5AFEB /* Asset.swift */; };
		8EB75CBB28ED778100F5AFEB /* UIImage+.swift in Sources */ = {isa = PBXBuildFile; fileRef = 8EB75CAE28ED778100F5AFEB /* UIImage+.swift */; };
		8EB75CBC28ED778100F5AFEB /* Pallete.swift in Sources */ = {isa = PBXBuildFile; fileRef = 8EB75CB028ED778100F5AFEB /* Pallete.swift */; };
		8EB75CBD28ED778100F5AFEB /* UIColor+.swift in Sources */ = {isa = PBXBuildFile; fileRef = 8EB75CB128ED778100F5AFEB /* UIColor+.swift */; };
		8EB75CBE28ED778100F5AFEB /* UIFont+.swift in Sources */ = {isa = PBXBuildFile; fileRef = 8EB75CB328ED778100F5AFEB /* UIFont+.swift */; };
		8EB75CBF28ED778100F5AFEB /* Font.swift in Sources */ = {isa = PBXBuildFile; fileRef = 8EB75CB428ED778100F5AFEB /* Font.swift */; };
		8EB75CC428EEEB7A00F5AFEB /* HomeSection1Cell.swift in Sources */ = {isa = PBXBuildFile; fileRef = 8EB75CC328EEEB7A00F5AFEB /* HomeSection1Cell.swift */; };
		8EC0914A28EF24190043EC5C /* HomeCompositionalViewController.swift in Sources */ = {isa = PBXBuildFile; fileRef = 8EC0914928EF24190043EC5C /* HomeCompositionalViewController.swift */; };
		B1D79CAB28EB0EF9008487D0 /* AppDelegate.swift in Sources */ = {isa = PBXBuildFile; fileRef = B1D79CAA28EB0EF9008487D0 /* AppDelegate.swift */; };
		B1D79CAD28EB0EF9008487D0 /* SceneDelegate.swift in Sources */ = {isa = PBXBuildFile; fileRef = B1D79CAC28EB0EF9008487D0 /* SceneDelegate.swift */; };
		B1D79CAF28EB0EF9008487D0 /* ViewController.swift in Sources */ = {isa = PBXBuildFile; fileRef = B1D79CAE28EB0EF9008487D0 /* ViewController.swift */; };
		B1D79CB428EB0EFB008487D0 /* Assets.xcassets in Resources */ = {isa = PBXBuildFile; fileRef = B1D79CB328EB0EFB008487D0 /* Assets.xcassets */; };
		B1D79CB728EB0EFB008487D0 /* LaunchScreen.storyboard in Resources */ = {isa = PBXBuildFile; fileRef = B1D79CB528EB0EFB008487D0 /* LaunchScreen.storyboard */; };
		B1EDD51028EB14B800FBB722 /* Nuke in Frameworks */ = {isa = PBXBuildFile; productRef = B1EDD50F28EB14B800FBB722 /* Nuke */; };
		B1EDD51328EB14D700FBB722 /* SnapKit in Frameworks */ = {isa = PBXBuildFile; productRef = B1EDD51228EB14D700FBB722 /* SnapKit */; };
		B1EDD51628EB14F200FBB722 /* ReactorKit in Frameworks */ = {isa = PBXBuildFile; productRef = B1EDD51528EB14F200FBB722 /* ReactorKit */; };
/* End PBXBuildFile section */

/* Begin PBXContainerItemProxy section */
		8EB75C9F28ED710D00F5AFEB /* PBXContainerItemProxy */ = {
			isa = PBXContainerItemProxy;
			containerPortal = 8EB75C9A28ED710D00F5AFEB /* BlackCatKEY.xcodeproj */;
			proxyType = 2;
			remoteGlobalIDString = 8E87C52328EB0FC20038FA6C;
			remoteInfo = BlackCatKEY;
		};
		8EB75CA128ED710D00F5AFEB /* PBXContainerItemProxy */ = {
			isa = PBXContainerItemProxy;
			containerPortal = 8EB75C9A28ED710D00F5AFEB /* BlackCatKEY.xcodeproj */;
			proxyType = 2;
			remoteGlobalIDString = 8E87C52D28EB0FC30038FA6C;
			remoteInfo = BlackCatKEYTests;
		};
/* End PBXContainerItemProxy section */

/* Begin PBXCopyFilesBuildPhase section */
		B1EDD51B28EB1CA400FBB722 /* Embed Frameworks */ = {
			isa = PBXCopyFilesBuildPhase;
			buildActionMask = 2147483647;
			dstPath = "";
			dstSubfolderSpec = 10;
			files = (
			);
			name = "Embed Frameworks";
			runOnlyForDeploymentPostprocessing = 0;
		};
/* End PBXCopyFilesBuildPhase section */

/* Begin PBXFileReference section */
		8E0C8EF428EFD0390020E76E /* HomeHeaderView.swift */ = {isa = PBXFileReference; lastKnownFileType = sourcecode.swift; path = HomeHeaderView.swift; sourceTree = "<group>"; };
		8E0C8EF628EFD6960020E76E /* HomeSection2Cell.swift */ = {isa = PBXFileReference; lastKnownFileType = sourcecode.swift; path = HomeSection2Cell.swift; sourceTree = "<group>"; };
		8E8C215628F11B9700981A01 /* HomeSection1CellViewModel.swift */ = {isa = PBXFileReference; lastKnownFileType = sourcecode.swift; path = HomeSection1CellViewModel.swift; sourceTree = "<group>"; };
		8E8C215828F11DFF00981A01 /* HomeSection2CellViewModel.swift */ = {isa = PBXFileReference; lastKnownFileType = sourcecode.swift; path = HomeSection2CellViewModel.swift; sourceTree = "<group>"; };
		8E8C215B28F1241500981A01 /* UIViewController+Rx.swift */ = {isa = PBXFileReference; lastKnownFileType = sourcecode.swift; path = "UIViewController+Rx.swift"; sourceTree = "<group>"; };
		8E8EDD2228F00607006A72ED /* HomeCategorySectionBackgroundReusableView.swift */ = {isa = PBXFileReference; lastKnownFileType = sourcecode.swift; path = HomeCategorySectionBackgroundReusableView.swift; sourceTree = "<group>"; };
		8E8EDD2428F00D0F006A72ED /* HomeEmptyCell.swift */ = {isa = PBXFileReference; lastKnownFileType = sourcecode.swift; path = HomeEmptyCell.swift; sourceTree = "<group>"; };
		8EB75C8628ED151300F5AFEB /* HomeViewController.swift */ = {isa = PBXFileReference; lastKnownFileType = sourcecode.swift; path = HomeViewController.swift; sourceTree = "<group>"; };
		8EB75C9228ED168900F5AFEB /* HomeCategoryCell.swift */ = {isa = PBXFileReference; lastKnownFileType = sourcecode.swift; path = HomeCategoryCell.swift; sourceTree = "<group>"; };
		8EB75C9628ED1C0F00F5AFEB /* HomeViewModel.swift */ = {isa = PBXFileReference; lastKnownFileType = sourcecode.swift; path = HomeViewModel.swift; sourceTree = "<group>"; };
		8EB75C9828ED1F8700F5AFEB /* HomeCategoryCellViewModel.swift */ = {isa = PBXFileReference; lastKnownFileType = sourcecode.swift; path = HomeCategoryCellViewModel.swift; sourceTree = "<group>"; };
		8EB75C9A28ED710D00F5AFEB /* BlackCatKEY.xcodeproj */ = {isa = PBXFileReference; lastKnownFileType = "wrapper.pb-project"; name = BlackCatKEY.xcodeproj; path = "../../black-cat-ios-key/BlackCatKEY/BlackCatKEY.xcodeproj"; sourceTree = "<group>"; };
		8EB75CA528ED778100F5AFEB /* Assets.xcassets */ = {isa = PBXFileReference; lastKnownFileType = folder.assetcatalog; path = Assets.xcassets; sourceTree = "<group>"; };
		8EB75CA628ED778100F5AFEB /* Color.xcassets */ = {isa = PBXFileReference; lastKnownFileType = folder.assetcatalog; path = Color.xcassets; sourceTree = "<group>"; };
		8EB75CA828ED778100F5AFEB /* GmarketSansTTFLight.ttf */ = {isa = PBXFileReference; lastKnownFileType = file; path = GmarketSansTTFLight.ttf; sourceTree = "<group>"; };
		8EB75CA928ED778100F5AFEB /* GmarketSansTTFBold.ttf */ = {isa = PBXFileReference; lastKnownFileType = file; path = GmarketSansTTFBold.ttf; sourceTree = "<group>"; };
		8EB75CAA28ED778100F5AFEB /* GmarketSansTTFMedium.ttf */ = {isa = PBXFileReference; lastKnownFileType = file; path = GmarketSansTTFMedium.ttf; sourceTree = "<group>"; };
		8EB75CAD28ED778100F5AFEB /* Asset.swift */ = {isa = PBXFileReference; fileEncoding = 4; lastKnownFileType = sourcecode.swift; path = Asset.swift; sourceTree = "<group>"; };
		8EB75CAE28ED778100F5AFEB /* UIImage+.swift */ = {isa = PBXFileReference; fileEncoding = 4; lastKnownFileType = sourcecode.swift; path = "UIImage+.swift"; sourceTree = "<group>"; };
		8EB75CB028ED778100F5AFEB /* Pallete.swift */ = {isa = PBXFileReference; fileEncoding = 4; lastKnownFileType = sourcecode.swift; path = Pallete.swift; sourceTree = "<group>"; };
		8EB75CB128ED778100F5AFEB /* UIColor+.swift */ = {isa = PBXFileReference; fileEncoding = 4; lastKnownFileType = sourcecode.swift; path = "UIColor+.swift"; sourceTree = "<group>"; };
		8EB75CB328ED778100F5AFEB /* UIFont+.swift */ = {isa = PBXFileReference; fileEncoding = 4; lastKnownFileType = sourcecode.swift; path = "UIFont+.swift"; sourceTree = "<group>"; };
		8EB75CB428ED778100F5AFEB /* Font.swift */ = {isa = PBXFileReference; fileEncoding = 4; lastKnownFileType = sourcecode.swift; path = Font.swift; sourceTree = "<group>"; };
		8EB75CC328EEEB7A00F5AFEB /* HomeSection1Cell.swift */ = {isa = PBXFileReference; lastKnownFileType = sourcecode.swift; path = HomeSection1Cell.swift; sourceTree = "<group>"; };
		8EC0914928EF24190043EC5C /* HomeCompositionalViewController.swift */ = {isa = PBXFileReference; lastKnownFileType = sourcecode.swift; path = HomeCompositionalViewController.swift; sourceTree = "<group>"; };
		B1D79CA728EB0EF9008487D0 /* BlackCat.app */ = {isa = PBXFileReference; explicitFileType = wrapper.application; includeInIndex = 0; path = BlackCat.app; sourceTree = BUILT_PRODUCTS_DIR; };
		B1D79CAA28EB0EF9008487D0 /* AppDelegate.swift */ = {isa = PBXFileReference; lastKnownFileType = sourcecode.swift; path = AppDelegate.swift; sourceTree = "<group>"; };
		B1D79CAC28EB0EF9008487D0 /* SceneDelegate.swift */ = {isa = PBXFileReference; lastKnownFileType = sourcecode.swift; path = SceneDelegate.swift; sourceTree = "<group>"; };
		B1D79CAE28EB0EF9008487D0 /* ViewController.swift */ = {isa = PBXFileReference; lastKnownFileType = sourcecode.swift; path = ViewController.swift; sourceTree = "<group>"; };
		B1D79CB328EB0EFB008487D0 /* Assets.xcassets */ = {isa = PBXFileReference; lastKnownFileType = folder.assetcatalog; path = Assets.xcassets; sourceTree = "<group>"; };
		B1D79CB628EB0EFB008487D0 /* Base */ = {isa = PBXFileReference; lastKnownFileType = file.storyboard; name = Base; path = Base.lproj/LaunchScreen.storyboard; sourceTree = "<group>"; };
		B1D79CB828EB0EFB008487D0 /* Info.plist */ = {isa = PBXFileReference; lastKnownFileType = text.plist.xml; path = Info.plist; sourceTree = "<group>"; };
/* End PBXFileReference section */

/* Begin PBXFrameworksBuildPhase section */
		B1D79CA428EB0EF9008487D0 /* Frameworks */ = {
			isa = PBXFrameworksBuildPhase;
			buildActionMask = 2147483647;
			files = (
				8EB75C8E28ED157400F5AFEB /* RxRelay in Frameworks */,
				B1EDD51628EB14F200FBB722 /* ReactorKit in Frameworks */,
				B1EDD51328EB14D700FBB722 /* SnapKit in Frameworks */,
				8E8C215028F06AF500981A01 /* RxDataSources in Frameworks */,
				780EF43E28EB1C9500257FB8 /* Moya in Frameworks */,
				780EF44128EB1CD700257FB8 /* RealmSwift in Frameworks */,
				B1EDD51028EB14B800FBB722 /* Nuke in Frameworks */,
				8EB75C8C28ED157400F5AFEB /* RxCocoa in Frameworks */,
				8E8C214E28F06AF500981A01 /* Differentiator in Frameworks */,
				8EB75C8A28ED157400F5AFEB /* RxBlocking in Frameworks */,
			);
			runOnlyForDeploymentPostprocessing = 0;
		};
/* End PBXFrameworksBuildPhase section */

/* Begin PBXGroup section */
		8E8C214C28F06AF500981A01 /* Frameworks */ = {
			isa = PBXGroup;
			children = (
			);
			name = Frameworks;
			sourceTree = "<group>";
		};
		8E8C215A28F1240300981A01 /* Extension */ = {
			isa = PBXGroup;
			children = (
				8E8C215B28F1241500981A01 /* UIViewController+Rx.swift */,
			);
			path = Extension;
			sourceTree = "<group>";
		};
		8EB75C8528ED14FD00F5AFEB /* Home */ = {
			isa = PBXGroup;
			children = (
				8EB75C8628ED151300F5AFEB /* HomeViewController.swift */,
				8EC0914928EF24190043EC5C /* HomeCompositionalViewController.swift */,
				8EB75C9628ED1C0F00F5AFEB /* HomeViewModel.swift */,
				8EB75C9128ED166300F5AFEB /* Views */,
			);
			path = Home;
			sourceTree = "<group>";
		};
		8EB75C9128ED166300F5AFEB /* Views */ = {
			isa = PBXGroup;
			children = (
				8E0C8EF428EFD0390020E76E /* HomeHeaderView.swift */,
				8E8EDD2228F00607006A72ED /* HomeCategorySectionBackgroundReusableView.swift */,
				8EB75C9228ED168900F5AFEB /* HomeCategoryCell.swift */,
				8EB75C9828ED1F8700F5AFEB /* HomeCategoryCellViewModel.swift */,
				8E8EDD2428F00D0F006A72ED /* HomeEmptyCell.swift */,
				8EB75CC328EEEB7A00F5AFEB /* HomeSection1Cell.swift */,
				8E8C215628F11B9700981A01 /* HomeSection1CellViewModel.swift */,
				8E0C8EF628EFD6960020E76E /* HomeSection2Cell.swift */,
				8E8C215828F11DFF00981A01 /* HomeSection2CellViewModel.swift */,
			);
			path = Views;
			sourceTree = "<group>";
		};
		8EB75C9B28ED710D00F5AFEB /* Products */ = {
			isa = PBXGroup;
			children = (
				8EB75CA028ED710D00F5AFEB /* BlackCatKEY.framework */,
				8EB75CA228ED710D00F5AFEB /* BlackCatKEYTests.xctest */,
			);
			name = Products;
			sourceTree = "<group>";
		};
		8EB75CA328ED778100F5AFEB /* DesignSystem */ = {
			isa = PBXGroup;
			children = (
				8EB75CA428ED778100F5AFEB /* Resources */,
				8EB75CAB28ED778100F5AFEB /* Sources */,
			);
			path = DesignSystem;
			sourceTree = "<group>";
		};
		8EB75CA428ED778100F5AFEB /* Resources */ = {
			isa = PBXGroup;
			children = (
				8EB75CA528ED778100F5AFEB /* Assets.xcassets */,
				8EB75CA628ED778100F5AFEB /* Color.xcassets */,
				8EB75CA728ED778100F5AFEB /* Font */,
			);
			path = Resources;
			sourceTree = "<group>";
		};
		8EB75CA728ED778100F5AFEB /* Font */ = {
			isa = PBXGroup;
			children = (
				8EB75CA828ED778100F5AFEB /* GmarketSansTTFLight.ttf */,
				8EB75CA928ED778100F5AFEB /* GmarketSansTTFBold.ttf */,
				8EB75CAA28ED778100F5AFEB /* GmarketSansTTFMedium.ttf */,
			);
			path = Font;
			sourceTree = "<group>";
		};
		8EB75CAB28ED778100F5AFEB /* Sources */ = {
			isa = PBXGroup;
			children = (
				8EB75CAC28ED778100F5AFEB /* Asset */,
				8EB75CAF28ED778100F5AFEB /* Color */,
				8EB75CB228ED778100F5AFEB /* Font */,
			);
			path = Sources;
			sourceTree = "<group>";
		};
		8EB75CAC28ED778100F5AFEB /* Asset */ = {
			isa = PBXGroup;
			children = (
				8EB75CAD28ED778100F5AFEB /* Asset.swift */,
				8EB75CAE28ED778100F5AFEB /* UIImage+.swift */,
			);
			path = Asset;
			sourceTree = "<group>";
		};
		8EB75CAF28ED778100F5AFEB /* Color */ = {
			isa = PBXGroup;
			children = (
				8EB75CB028ED778100F5AFEB /* Pallete.swift */,
				8EB75CB128ED778100F5AFEB /* UIColor+.swift */,
			);
			path = Color;
			sourceTree = "<group>";
		};
		8EB75CB228ED778100F5AFEB /* Font */ = {
			isa = PBXGroup;
			children = (
				8EB75CB328ED778100F5AFEB /* UIFont+.swift */,
				8EB75CB428ED778100F5AFEB /* Font.swift */,
			);
			path = Font;
			sourceTree = "<group>";
		};
		B1D79C9E28EB0EF8008487D0 = {
			isa = PBXGroup;
			children = (
				B1D79CA928EB0EF9008487D0 /* BlackCat */,
				B1D79CA828EB0EF9008487D0 /* Products */,
				8E8C214C28F06AF500981A01 /* Frameworks */,
			);
			sourceTree = "<group>";
		};
		B1D79CA828EB0EF9008487D0 /* Products */ = {
			isa = PBXGroup;
			children = (
				B1D79CA728EB0EF9008487D0 /* BlackCat.app */,
			);
			name = Products;
			sourceTree = "<group>";
		};
		B1D79CA928EB0EF9008487D0 /* BlackCat */ = {
			isa = PBXGroup;
			children = (
				8E8C215A28F1240300981A01 /* Extension */,
				8EB75CA328ED778100F5AFEB /* DesignSystem */,
				B1D79CAA28EB0EF9008487D0 /* AppDelegate.swift */,
				B1D79CAC28EB0EF9008487D0 /* SceneDelegate.swift */,
				B1D79CAE28EB0EF9008487D0 /* ViewController.swift */,
				B1D79CB328EB0EFB008487D0 /* Assets.xcassets */,
				B1D79CB528EB0EFB008487D0 /* LaunchScreen.storyboard */,
				B1D79CB828EB0EFB008487D0 /* Info.plist */,
				8EB75C8528ED14FD00F5AFEB /* Home */,
				8EB75C9A28ED710D00F5AFEB /* BlackCatKEY.xcodeproj */,
			);
			path = BlackCat;
			sourceTree = "<group>";
		};
/* End PBXGroup section */

/* Begin PBXNativeTarget section */
		B1D79CA628EB0EF9008487D0 /* BlackCat */ = {
			isa = PBXNativeTarget;
			buildConfigurationList = B1D79CBB28EB0EFB008487D0 /* Build configuration list for PBXNativeTarget "BlackCat" */;
			buildPhases = (
				B1D79CA328EB0EF9008487D0 /* Sources */,
				B1D79CA428EB0EF9008487D0 /* Frameworks */,
				B1D79CA528EB0EF9008487D0 /* Resources */,
				B1EDD51B28EB1CA400FBB722 /* Embed Frameworks */,
			);
			buildRules = (
			);
			dependencies = (
			);
			name = BlackCat;
			packageProductDependencies = (
				B1EDD50F28EB14B800FBB722 /* Nuke */,
				B1EDD51228EB14D700FBB722 /* SnapKit */,
				B1EDD51528EB14F200FBB722 /* ReactorKit */,
				780EF43D28EB1C9500257FB8 /* Moya */,
				780EF44028EB1CD700257FB8 /* RealmSwift */,
				8EB75C8928ED157300F5AFEB /* RxBlocking */,
				8EB75C8B28ED157400F5AFEB /* RxCocoa */,
				8EB75C8D28ED157400F5AFEB /* RxRelay */,
				8E8C214D28F06AF500981A01 /* Differentiator */,
				8E8C214F28F06AF500981A01 /* RxDataSources */,
			);
			productName = BlackCat;
			productReference = B1D79CA728EB0EF9008487D0 /* BlackCat.app */;
			productType = "com.apple.product-type.application";
		};
/* End PBXNativeTarget section */

/* Begin PBXProject section */
		B1D79C9F28EB0EF8008487D0 /* Project object */ = {
			isa = PBXProject;
			attributes = {
				BuildIndependentTargetsInParallel = 1;
				LastSwiftUpdateCheck = 1400;
				LastUpgradeCheck = 1400;
				TargetAttributes = {
					B1D79CA628EB0EF9008487D0 = {
						CreatedOnToolsVersion = 14.0;
					};
				};
			};
			buildConfigurationList = B1D79CA228EB0EF8008487D0 /* Build configuration list for PBXProject "BlackCat" */;
			compatibilityVersion = "Xcode 14.0";
			developmentRegion = en;
			hasScannedForEncodings = 0;
			knownRegions = (
				en,
				Base,
			);
			mainGroup = B1D79C9E28EB0EF8008487D0;
			packageReferences = (
				B1EDD50E28EB14B800FBB722 /* XCRemoteSwiftPackageReference "Nuke" */,
				B1EDD51128EB14D700FBB722 /* XCRemoteSwiftPackageReference "SnapKit" */,
				B1EDD51428EB14F200FBB722 /* XCRemoteSwiftPackageReference "ReactorKit" */,
				780EF43C28EB1C9500257FB8 /* XCRemoteSwiftPackageReference "Moya" */,
				780EF43F28EB1CD700257FB8 /* XCRemoteSwiftPackageReference "realm-swift" */,
				8EB75C8828ED157300F5AFEB /* XCRemoteSwiftPackageReference "RxSwift" */,
				8E8C214828F01F7F00981A01 /* XCRemoteSwiftPackageReference "RxDataSources" */,
			);
			productRefGroup = B1D79CA828EB0EF9008487D0 /* Products */;
			projectDirPath = "";
			projectReferences = (
				{
					ProductGroup = 8EB75C9B28ED710D00F5AFEB /* Products */;
					ProjectRef = 8EB75C9A28ED710D00F5AFEB /* BlackCatKEY.xcodeproj */;
				},
			);
			projectRoot = "";
			targets = (
				B1D79CA628EB0EF9008487D0 /* BlackCat */,
			);
		};
/* End PBXProject section */

/* Begin PBXReferenceProxy section */
		8EB75CA028ED710D00F5AFEB /* BlackCatKEY.framework */ = {
			isa = PBXReferenceProxy;
			fileType = wrapper.framework;
			path = BlackCatKEY.framework;
			remoteRef = 8EB75C9F28ED710D00F5AFEB /* PBXContainerItemProxy */;
			sourceTree = BUILT_PRODUCTS_DIR;
		};
		8EB75CA228ED710D00F5AFEB /* BlackCatKEYTests.xctest */ = {
			isa = PBXReferenceProxy;
			fileType = wrapper.cfbundle;
			path = BlackCatKEYTests.xctest;
			remoteRef = 8EB75CA128ED710D00F5AFEB /* PBXContainerItemProxy */;
			sourceTree = BUILT_PRODUCTS_DIR;
		};
/* End PBXReferenceProxy section */

/* Begin PBXResourcesBuildPhase section */
		B1D79CA528EB0EF9008487D0 /* Resources */ = {
			isa = PBXResourcesBuildPhase;
			buildActionMask = 2147483647;
			files = (
				B1D79CB728EB0EFB008487D0 /* LaunchScreen.storyboard in Resources */,
				8EB75CB728ED778100F5AFEB /* GmarketSansTTFLight.ttf in Resources */,
				8EB75CB928ED778100F5AFEB /* GmarketSansTTFMedium.ttf in Resources */,
				8EB75CB628ED778100F5AFEB /* Color.xcassets in Resources */,
				8EB75CB528ED778100F5AFEB /* Assets.xcassets in Resources */,
				B1D79CB428EB0EFB008487D0 /* Assets.xcassets in Resources */,
				8EB75CB828ED778100F5AFEB /* GmarketSansTTFBold.ttf in Resources */,
			);
			runOnlyForDeploymentPostprocessing = 0;
		};
/* End PBXResourcesBuildPhase section */

/* Begin PBXSourcesBuildPhase section */
		B1D79CA328EB0EF9008487D0 /* Sources */ = {
			isa = PBXSourcesBuildPhase;
			buildActionMask = 2147483647;
			files = (
				8EB75C9928ED1F8700F5AFEB /* HomeCategoryCellViewModel.swift in Sources */,
				8EB75C9328ED168900F5AFEB /* HomeCategoryCell.swift in Sources */,
				8EB75C9728ED1C0F00F5AFEB /* HomeViewModel.swift in Sources */,
				8EB75CBC28ED778100F5AFEB /* Pallete.swift in Sources */,
				8EB75CBE28ED778100F5AFEB /* UIFont+.swift in Sources */,
				8E8EDD2328F00607006A72ED /* HomeCategorySectionBackgroundReusableView.swift in Sources */,
				8EB75CBD28ED778100F5AFEB /* UIColor+.swift in Sources */,
				8E8C215928F11DFF00981A01 /* HomeSection2CellViewModel.swift in Sources */,
				B1D79CAF28EB0EF9008487D0 /* ViewController.swift in Sources */,
				8EB75CBF28ED778100F5AFEB /* Font.swift in Sources */,
				8EB75CC428EEEB7A00F5AFEB /* HomeSection1Cell.swift in Sources */,
				B1D79CAB28EB0EF9008487D0 /* AppDelegate.swift in Sources */,
				B1D79CAD28EB0EF9008487D0 /* SceneDelegate.swift in Sources */,
				8EB75CBB28ED778100F5AFEB /* UIImage+.swift in Sources */,
				8E8C215728F11B9700981A01 /* HomeSection1CellViewModel.swift in Sources */,
				8E8EDD2528F00D0F006A72ED /* HomeEmptyCell.swift in Sources */,
				8E0C8EF528EFD0390020E76E /* HomeHeaderView.swift in Sources */,
				8EB75CBA28ED778100F5AFEB /* Asset.swift in Sources */,
				8EB75C8728ED151300F5AFEB /* HomeViewController.swift in Sources */,
				8EC0914A28EF24190043EC5C /* HomeCompositionalViewController.swift in Sources */,
				8E8C215C28F1241500981A01 /* UIViewController+Rx.swift in Sources */,
				8E0C8EF728EFD6960020E76E /* HomeSection2Cell.swift in Sources */,
			);
			runOnlyForDeploymentPostprocessing = 0;
		};
/* End PBXSourcesBuildPhase section */

/* Begin PBXVariantGroup section */
		B1D79CB528EB0EFB008487D0 /* LaunchScreen.storyboard */ = {
			isa = PBXVariantGroup;
			children = (
				B1D79CB628EB0EFB008487D0 /* Base */,
			);
			name = LaunchScreen.storyboard;
			sourceTree = "<group>";
		};
/* End PBXVariantGroup section */

/* Begin XCBuildConfiguration section */
		B1D79CB928EB0EFB008487D0 /* Debug */ = {
			isa = XCBuildConfiguration;
			buildSettings = {
				ALWAYS_SEARCH_USER_PATHS = NO;
				CLANG_ANALYZER_NONNULL = YES;
				CLANG_ANALYZER_NUMBER_OBJECT_CONVERSION = YES_AGGRESSIVE;
				CLANG_CXX_LANGUAGE_STANDARD = "gnu++20";
				CLANG_ENABLE_MODULES = YES;
				CLANG_ENABLE_OBJC_ARC = YES;
				CLANG_ENABLE_OBJC_WEAK = YES;
				CLANG_WARN_BLOCK_CAPTURE_AUTORELEASING = YES;
				CLANG_WARN_BOOL_CONVERSION = YES;
				CLANG_WARN_COMMA = YES;
				CLANG_WARN_CONSTANT_CONVERSION = YES;
				CLANG_WARN_DEPRECATED_OBJC_IMPLEMENTATIONS = YES;
				CLANG_WARN_DIRECT_OBJC_ISA_USAGE = YES_ERROR;
				CLANG_WARN_DOCUMENTATION_COMMENTS = YES;
				CLANG_WARN_EMPTY_BODY = YES;
				CLANG_WARN_ENUM_CONVERSION = YES;
				CLANG_WARN_INFINITE_RECURSION = YES;
				CLANG_WARN_INT_CONVERSION = YES;
				CLANG_WARN_NON_LITERAL_NULL_CONVERSION = YES;
				CLANG_WARN_OBJC_IMPLICIT_RETAIN_SELF = YES;
				CLANG_WARN_OBJC_LITERAL_CONVERSION = YES;
				CLANG_WARN_OBJC_ROOT_CLASS = YES_ERROR;
				CLANG_WARN_QUOTED_INCLUDE_IN_FRAMEWORK_HEADER = YES;
				CLANG_WARN_RANGE_LOOP_ANALYSIS = YES;
				CLANG_WARN_STRICT_PROTOTYPES = YES;
				CLANG_WARN_SUSPICIOUS_MOVE = YES;
				CLANG_WARN_UNGUARDED_AVAILABILITY = YES_AGGRESSIVE;
				CLANG_WARN_UNREACHABLE_CODE = YES;
				CLANG_WARN__DUPLICATE_METHOD_MATCH = YES;
				COPY_PHASE_STRIP = NO;
				DEBUG_INFORMATION_FORMAT = dwarf;
				ENABLE_STRICT_OBJC_MSGSEND = YES;
				ENABLE_TESTABILITY = YES;
				GCC_C_LANGUAGE_STANDARD = gnu11;
				GCC_DYNAMIC_NO_PIC = NO;
				GCC_NO_COMMON_BLOCKS = YES;
				GCC_OPTIMIZATION_LEVEL = 0;
				GCC_PREPROCESSOR_DEFINITIONS = (
					"DEBUG=1",
					"$(inherited)",
				);
				GCC_WARN_64_TO_32_BIT_CONVERSION = YES;
				GCC_WARN_ABOUT_RETURN_TYPE = YES_ERROR;
				GCC_WARN_UNDECLARED_SELECTOR = YES;
				GCC_WARN_UNINITIALIZED_AUTOS = YES_AGGRESSIVE;
				GCC_WARN_UNUSED_FUNCTION = YES;
				GCC_WARN_UNUSED_VARIABLE = YES;
				IPHONEOS_DEPLOYMENT_TARGET = 13.0;
				MTL_ENABLE_DEBUG_INFO = INCLUDE_SOURCE;
				MTL_FAST_MATH = YES;
				ONLY_ACTIVE_ARCH = YES;
				SDKROOT = iphoneos;
				SWIFT_ACTIVE_COMPILATION_CONDITIONS = DEBUG;
				SWIFT_OPTIMIZATION_LEVEL = "-Onone";
			};
			name = Debug;
		};
		B1D79CBA28EB0EFB008487D0 /* Release */ = {
			isa = XCBuildConfiguration;
			buildSettings = {
				ALWAYS_SEARCH_USER_PATHS = NO;
				CLANG_ANALYZER_NONNULL = YES;
				CLANG_ANALYZER_NUMBER_OBJECT_CONVERSION = YES_AGGRESSIVE;
				CLANG_CXX_LANGUAGE_STANDARD = "gnu++20";
				CLANG_ENABLE_MODULES = YES;
				CLANG_ENABLE_OBJC_ARC = YES;
				CLANG_ENABLE_OBJC_WEAK = YES;
				CLANG_WARN_BLOCK_CAPTURE_AUTORELEASING = YES;
				CLANG_WARN_BOOL_CONVERSION = YES;
				CLANG_WARN_COMMA = YES;
				CLANG_WARN_CONSTANT_CONVERSION = YES;
				CLANG_WARN_DEPRECATED_OBJC_IMPLEMENTATIONS = YES;
				CLANG_WARN_DIRECT_OBJC_ISA_USAGE = YES_ERROR;
				CLANG_WARN_DOCUMENTATION_COMMENTS = YES;
				CLANG_WARN_EMPTY_BODY = YES;
				CLANG_WARN_ENUM_CONVERSION = YES;
				CLANG_WARN_INFINITE_RECURSION = YES;
				CLANG_WARN_INT_CONVERSION = YES;
				CLANG_WARN_NON_LITERAL_NULL_CONVERSION = YES;
				CLANG_WARN_OBJC_IMPLICIT_RETAIN_SELF = YES;
				CLANG_WARN_OBJC_LITERAL_CONVERSION = YES;
				CLANG_WARN_OBJC_ROOT_CLASS = YES_ERROR;
				CLANG_WARN_QUOTED_INCLUDE_IN_FRAMEWORK_HEADER = YES;
				CLANG_WARN_RANGE_LOOP_ANALYSIS = YES;
				CLANG_WARN_STRICT_PROTOTYPES = YES;
				CLANG_WARN_SUSPICIOUS_MOVE = YES;
				CLANG_WARN_UNGUARDED_AVAILABILITY = YES_AGGRESSIVE;
				CLANG_WARN_UNREACHABLE_CODE = YES;
				CLANG_WARN__DUPLICATE_METHOD_MATCH = YES;
				COPY_PHASE_STRIP = NO;
				DEBUG_INFORMATION_FORMAT = "dwarf-with-dsym";
				ENABLE_NS_ASSERTIONS = NO;
				ENABLE_STRICT_OBJC_MSGSEND = YES;
				GCC_C_LANGUAGE_STANDARD = gnu11;
				GCC_NO_COMMON_BLOCKS = YES;
				GCC_WARN_64_TO_32_BIT_CONVERSION = YES;
				GCC_WARN_ABOUT_RETURN_TYPE = YES_ERROR;
				GCC_WARN_UNDECLARED_SELECTOR = YES;
				GCC_WARN_UNINITIALIZED_AUTOS = YES_AGGRESSIVE;
				GCC_WARN_UNUSED_FUNCTION = YES;
				GCC_WARN_UNUSED_VARIABLE = YES;
				IPHONEOS_DEPLOYMENT_TARGET = 13.0;
				MTL_ENABLE_DEBUG_INFO = NO;
				MTL_FAST_MATH = YES;
				SDKROOT = iphoneos;
				SWIFT_COMPILATION_MODE = wholemodule;
				SWIFT_OPTIMIZATION_LEVEL = "-O";
				VALIDATE_PRODUCT = YES;
			};
			name = Release;
		};
		B1D79CBC28EB0EFB008487D0 /* Debug */ = {
			isa = XCBuildConfiguration;
			buildSettings = {
				ASSETCATALOG_COMPILER_APPICON_NAME = AppIcon;
				ASSETCATALOG_COMPILER_GLOBAL_ACCENT_COLOR_NAME = AccentColor;
				CODE_SIGN_STYLE = Automatic;
				CURRENT_PROJECT_VERSION = 1;
				GENERATE_INFOPLIST_FILE = YES;
				INFOPLIST_FILE = BlackCat/Info.plist;
				INFOPLIST_KEY_UIApplicationSupportsIndirectInputEvents = YES;
				INFOPLIST_KEY_UILaunchStoryboardName = LaunchScreen;
				INFOPLIST_KEY_UISupportedInterfaceOrientations_iPad = "UIInterfaceOrientationPortrait UIInterfaceOrientationPortraitUpsideDown UIInterfaceOrientationLandscapeLeft UIInterfaceOrientationLandscapeRight";
				INFOPLIST_KEY_UISupportedInterfaceOrientations_iPhone = "UIInterfaceOrientationPortrait UIInterfaceOrientationLandscapeLeft UIInterfaceOrientationLandscapeRight";
				LD_RUNPATH_SEARCH_PATHS = (
					"$(inherited)",
					"@executable_path/Frameworks",
				);
				MARKETING_VERSION = 1.0;
				PRODUCT_BUNDLE_IDENTIFIER = com.cat.black.BlackCat;
				PRODUCT_NAME = "$(TARGET_NAME)";
				SWIFT_EMIT_LOC_STRINGS = YES;
				SWIFT_VERSION = 5.0;
				TARGETED_DEVICE_FAMILY = "1,2";
			};
			name = Debug;
		};
		B1D79CBD28EB0EFB008487D0 /* Release */ = {
			isa = XCBuildConfiguration;
			buildSettings = {
				ASSETCATALOG_COMPILER_APPICON_NAME = AppIcon;
				ASSETCATALOG_COMPILER_GLOBAL_ACCENT_COLOR_NAME = AccentColor;
				CODE_SIGN_STYLE = Automatic;
				CURRENT_PROJECT_VERSION = 1;
				GENERATE_INFOPLIST_FILE = YES;
				INFOPLIST_FILE = BlackCat/Info.plist;
				INFOPLIST_KEY_UIApplicationSupportsIndirectInputEvents = YES;
				INFOPLIST_KEY_UILaunchStoryboardName = LaunchScreen;
				INFOPLIST_KEY_UISupportedInterfaceOrientations_iPad = "UIInterfaceOrientationPortrait UIInterfaceOrientationPortraitUpsideDown UIInterfaceOrientationLandscapeLeft UIInterfaceOrientationLandscapeRight";
				INFOPLIST_KEY_UISupportedInterfaceOrientations_iPhone = "UIInterfaceOrientationPortrait UIInterfaceOrientationLandscapeLeft UIInterfaceOrientationLandscapeRight";
				LD_RUNPATH_SEARCH_PATHS = (
					"$(inherited)",
					"@executable_path/Frameworks",
				);
				MARKETING_VERSION = 1.0;
				PRODUCT_BUNDLE_IDENTIFIER = com.cat.black.BlackCat;
				PRODUCT_NAME = "$(TARGET_NAME)";
				SWIFT_EMIT_LOC_STRINGS = YES;
				SWIFT_VERSION = 5.0;
				TARGETED_DEVICE_FAMILY = "1,2";
			};
			name = Release;
		};
/* End XCBuildConfiguration section */

/* Begin XCConfigurationList section */
		B1D79CA228EB0EF8008487D0 /* Build configuration list for PBXProject "BlackCat" */ = {
			isa = XCConfigurationList;
			buildConfigurations = (
				B1D79CB928EB0EFB008487D0 /* Debug */,
				B1D79CBA28EB0EFB008487D0 /* Release */,
			);
			defaultConfigurationIsVisible = 0;
			defaultConfigurationName = Release;
		};
		B1D79CBB28EB0EFB008487D0 /* Build configuration list for PBXNativeTarget "BlackCat" */ = {
			isa = XCConfigurationList;
			buildConfigurations = (
				B1D79CBC28EB0EFB008487D0 /* Debug */,
				B1D79CBD28EB0EFB008487D0 /* Release */,
			);
			defaultConfigurationIsVisible = 0;
			defaultConfigurationName = Release;
		};
/* End XCConfigurationList section */

/* Begin XCRemoteSwiftPackageReference section */
		780EF43C28EB1C9500257FB8 /* XCRemoteSwiftPackageReference "Moya" */ = {
			isa = XCRemoteSwiftPackageReference;
			repositoryURL = "https://github.com/Moya/Moya";
			requirement = {
				branch = master;
				kind = branch;
			};
		};
		780EF43F28EB1CD700257FB8 /* XCRemoteSwiftPackageReference "realm-swift" */ = {
			isa = XCRemoteSwiftPackageReference;
			repositoryURL = "https://github.com/realm/realm-swift";
			requirement = {
				branch = master;
				kind = branch;
			};
		};
		8E8C214828F01F7F00981A01 /* XCRemoteSwiftPackageReference "RxDataSources" */ = {
			isa = XCRemoteSwiftPackageReference;
			repositoryURL = "https://github.com/RxSwiftCommunity/RxDataSources.git";
			requirement = {
				kind = upToNextMajorVersion;
				minimumVersion = 5.0.0;
			};
		};
		8EB75C8828ED157300F5AFEB /* XCRemoteSwiftPackageReference "RxSwift" */ = {
			isa = XCRemoteSwiftPackageReference;
			repositoryURL = "https://github.com/ReactiveX/RxSwift.git";
			requirement = {
				kind = upToNextMinorVersion;
				minimumVersion = 6.5.0;
			};
		};
		B1EDD50E28EB14B800FBB722 /* XCRemoteSwiftPackageReference "Nuke" */ = {
			isa = XCRemoteSwiftPackageReference;
			repositoryURL = "https://github.com/kean/Nuke";
			requirement = {
				kind = upToNextMinorVersion;
				minimumVersion = 9.6.0;
			};
		};
		B1EDD51128EB14D700FBB722 /* XCRemoteSwiftPackageReference "SnapKit" */ = {
			isa = XCRemoteSwiftPackageReference;
			repositoryURL = "https://github.com/SnapKit/SnapKit";
			requirement = {
				kind = upToNextMinorVersion;
				minimumVersion = 5.6.0;
			};
		};
		B1EDD51428EB14F200FBB722 /* XCRemoteSwiftPackageReference "ReactorKit" */ = {
			isa = XCRemoteSwiftPackageReference;
			repositoryURL = "https://github.com/ReactorKit/ReactorKit.git";
			requirement = {
				kind = upToNextMinorVersion;
				minimumVersion = 3.2.0;
			};
		};
/* End XCRemoteSwiftPackageReference section */

/* Begin XCSwiftPackageProductDependency section */
		780EF43D28EB1C9500257FB8 /* Moya */ = {
			isa = XCSwiftPackageProductDependency;
			package = 780EF43C28EB1C9500257FB8 /* XCRemoteSwiftPackageReference "Moya" */;
			productName = Moya;
		};
		780EF44028EB1CD700257FB8 /* RealmSwift */ = {
			isa = XCSwiftPackageProductDependency;
			package = 780EF43F28EB1CD700257FB8 /* XCRemoteSwiftPackageReference "realm-swift" */;
			productName = RealmSwift;
		};
		8E8C214D28F06AF500981A01 /* Differentiator */ = {
			isa = XCSwiftPackageProductDependency;
			package = 8E8C214828F01F7F00981A01 /* XCRemoteSwiftPackageReference "RxDataSources" */;
			productName = Differentiator;
		};
		8E8C214F28F06AF500981A01 /* RxDataSources */ = {
			isa = XCSwiftPackageProductDependency;
			package = 8E8C214828F01F7F00981A01 /* XCRemoteSwiftPackageReference "RxDataSources" */;
			productName = RxDataSources;
		};
		8EB75C8928ED157300F5AFEB /* RxBlocking */ = {
			isa = XCSwiftPackageProductDependency;
			package = 8EB75C8828ED157300F5AFEB /* XCRemoteSwiftPackageReference "RxSwift" */;
			productName = RxBlocking;
		};
		8EB75C8B28ED157400F5AFEB /* RxCocoa */ = {
			isa = XCSwiftPackageProductDependency;
			package = 8EB75C8828ED157300F5AFEB /* XCRemoteSwiftPackageReference "RxSwift" */;
			productName = RxCocoa;
		};
		8EB75C8D28ED157400F5AFEB /* RxRelay */ = {
			isa = XCSwiftPackageProductDependency;
			package = 8EB75C8828ED157300F5AFEB /* XCRemoteSwiftPackageReference "RxSwift" */;
			productName = RxRelay;
		};
		B1EDD50F28EB14B800FBB722 /* Nuke */ = {
			isa = XCSwiftPackageProductDependency;
			package = B1EDD50E28EB14B800FBB722 /* XCRemoteSwiftPackageReference "Nuke" */;
			productName = Nuke;
		};
		B1EDD51228EB14D700FBB722 /* SnapKit */ = {
			isa = XCSwiftPackageProductDependency;
			package = B1EDD51128EB14D700FBB722 /* XCRemoteSwiftPackageReference "SnapKit" */;
			productName = SnapKit;
		};
		B1EDD51528EB14F200FBB722 /* ReactorKit */ = {
			isa = XCSwiftPackageProductDependency;
			package = B1EDD51428EB14F200FBB722 /* XCRemoteSwiftPackageReference "ReactorKit" */;
			productName = ReactorKit;
		};
/* End XCSwiftPackageProductDependency section */
	};
	rootObject = B1D79C9F28EB0EF8008487D0 /* Project object */;
}
