// !$*UTF8*$!
{
	archiveVersion = 1;
	classes = {
	};
	objectVersion = 56;
	objects = {

/* Begin PBXBuildFile section */
		78858BEC28F6F4E400EC7BF7 /* MagazineSection.swift in Sources */ = {isa = PBXBuildFile; fileRef = 78858BEB28F6F4E300EC7BF7 /* MagazineSection.swift */; };
		78B00BB728F5661000A9915D /* RecentMagazineCell.swift in Sources */ = {isa = PBXBuildFile; fileRef = 78B00BAB28F5661000A9915D /* RecentMagazineCell.swift */; };
		78B00BB828F5661000A9915D /* LastMagazineCell.swift in Sources */ = {isa = PBXBuildFile; fileRef = 78B00BAC28F5661000A9915D /* LastMagazineCell.swift */; };
		78B00BB928F5661000A9915D /* MagazineTestUseCase.swift in Sources */ = {isa = PBXBuildFile; fileRef = 78B00BAE28F5661000A9915D /* MagazineTestUseCase.swift */; };
		78B00BBA28F5661000A9915D /* MagazineViewModel.dummy.swift in Sources */ = {isa = PBXBuildFile; fileRef = 78B00BAF28F5661000A9915D /* MagazineViewModel.dummy.swift */; };
		78B00BBB28F5661000A9915D /* MagazineModel.swift in Sources */ = {isa = PBXBuildFile; fileRef = 78B00BB028F5661000A9915D /* MagazineModel.swift */; };
		78B00BBC28F5661000A9915D /* MagazineViewController.Layout.swift in Sources */ = {isa = PBXBuildFile; fileRef = 78B00BB128F5661000A9915D /* MagazineViewController.Layout.swift */; };
		78B00BBD28F5661000A9915D /* MagazineViewController.swift in Sources */ = {isa = PBXBuildFile; fileRef = 78B00BB228F5661000A9915D /* MagazineViewController.swift */; };
		78B00BBE28F5661000A9915D /* MagazineViewModel.swift in Sources */ = {isa = PBXBuildFile; fileRef = 78B00BB328F5661000A9915D /* MagazineViewModel.swift */; };
		78B00BBF28F5661000A9915D /* RecentMagazineFooterView.swift in Sources */ = {isa = PBXBuildFile; fileRef = 78B00BB528F5661000A9915D /* RecentMagazineFooterView.swift */; };
		78B00BC028F5661000A9915D /* LastMagazineHeaderView.swift in Sources */ = {isa = PBXBuildFile; fileRef = 78B00BB628F5661000A9915D /* LastMagazineHeaderView.swift */; };
		8E2D8C4828F2EC27004B514D /* HomeViewController.swift in Sources */ = {isa = PBXBuildFile; fileRef = 8E2D8C4728F2EC27004B514D /* HomeViewController.swift */; };
		8E2D8C4A28F2ECD2004B514D /* HomeViewModel.swift in Sources */ = {isa = PBXBuildFile; fileRef = 8E2D8C4928F2ECD2004B514D /* HomeViewModel.swift */; };
		8E2D8C4C28F2ED03004B514D /* HomeModel.swift in Sources */ = {isa = PBXBuildFile; fileRef = 8E2D8C4B28F2ED03004B514D /* HomeModel.swift */; };
		8E2D8C4F28F2ED53004B514D /* HomeHeaderView.swift in Sources */ = {isa = PBXBuildFile; fileRef = 8E2D8C4E28F2ED53004B514D /* HomeHeaderView.swift */; };
		8E2D8C5128F2EDF3004B514D /* HomeCategorySectionBackgroundReusableView.swift in Sources */ = {isa = PBXBuildFile; fileRef = 8E2D8C5028F2EDF3004B514D /* HomeCategorySectionBackgroundReusableView.swift */; };
		8E2D8C5928F2EE69004B514D /* HomeEmptyCell.swift in Sources */ = {isa = PBXBuildFile; fileRef = 8E2D8C5228F2EE68004B514D /* HomeEmptyCell.swift */; };
		8E2D8C5A28F2EE69004B514D /* HomeCategoryCellViewModel.swift in Sources */ = {isa = PBXBuildFile; fileRef = 8E2D8C5328F2EE68004B514D /* HomeCategoryCellViewModel.swift */; };
		8E2D8C5B28F2EE69004B514D /* HomeCategoryCell.swift in Sources */ = {isa = PBXBuildFile; fileRef = 8E2D8C5428F2EE69004B514D /* HomeCategoryCell.swift */; };
		8E2D8C5C28F2EE69004B514D /* HomeTattooAlbumCell.swift in Sources */ = {isa = PBXBuildFile; fileRef = 8E2D8C5528F2EE69004B514D /* HomeTattooAlbumCell.swift */; };
		8E2D8C5D28F2EE69004B514D /* HomeRecommendCell.swift in Sources */ = {isa = PBXBuildFile; fileRef = 8E2D8C5628F2EE69004B514D /* HomeRecommendCell.swift */; };
		8E2D8C5E28F2EE69004B514D /* HomeTattooAlbumCellViewModel.swift in Sources */ = {isa = PBXBuildFile; fileRef = 8E2D8C5728F2EE69004B514D /* HomeTattooAlbumCellViewModel.swift */; };
		8E2D8C5F28F2EE69004B514D /* HomeRecommendCellViewModel.swift in Sources */ = {isa = PBXBuildFile; fileRef = 8E2D8C5828F2EE69004B514D /* HomeRecommendCellViewModel.swift */; };
		8EE9A0C128F3CB0D003D7761 /* HomeSection.swift in Sources */ = {isa = PBXBuildFile; fileRef = 8EE9A0C028F3CB0D003D7761 /* HomeSection.swift */; };
		8EE9A0C328F3CD25003D7761 /* HomeCompositionalLayoutSection.swift in Sources */ = {isa = PBXBuildFile; fileRef = 8EE9A0C228F3CD25003D7761 /* HomeCompositionalLayoutSection.swift */; };
		B12C1DC728ED219C0089964E /* UIVIewController+Rx.swift in Sources */ = {isa = PBXBuildFile; fileRef = B12C1DC628ED219C0089964E /* UIVIewController+Rx.swift */; };
		B1CA040628F00CC1004A6027 /* MagazineDetailImageCell.swift in Sources */ = {isa = PBXBuildFile; fileRef = B1CA040528F00CC1004A6027 /* MagazineDetailImageCell.swift */; };
		B1CA040828F00D84004A6027 /* Rect.png in Resources */ = {isa = PBXBuildFile; fileRef = B1CA040728F00D84004A6027 /* Rect.png */; };
		B1CA040A28F00D8C004A6027 /* Rect2.png in Resources */ = {isa = PBXBuildFile; fileRef = B1CA040928F00D8C004A6027 /* Rect2.png */; };
		B1CA040C28F00DA0004A6027 /* Rect3.png in Resources */ = {isa = PBXBuildFile; fileRef = B1CA040B28F00DA0004A6027 /* Rect3.png */; };
		B1D127DB28F047A9007E3667 /* MagazineDetailBulletedCell.swift in Sources */ = {isa = PBXBuildFile; fileRef = B1D127DA28F047A9007E3667 /* MagazineDetailBulletedCell.swift */; };
		B1D127DD28F08DCA007E3667 /* TabBarViewController.swift in Sources */ = {isa = PBXBuildFile; fileRef = B1D127DC28F08DCA007E3667 /* TabBarViewController.swift */; };
		B1D127DF28F09200007E3667 /* UIImage+.swift in Sources */ = {isa = PBXBuildFile; fileRef = B1D127DE28F09200007E3667 /* UIImage+.swift */; };
		B1D127E228F0923C007E3667 /* Asset.swift in Sources */ = {isa = PBXBuildFile; fileRef = B1D127E128F0923C007E3667 /* Asset.swift */; };
		B1D3362528F142A400826636 /* CALayer+.swift in Sources */ = {isa = PBXBuildFile; fileRef = B1D3362428F142A400826636 /* CALayer+.swift */; };
		B1D3362728F1457700826636 /* UITabBar+.swift in Sources */ = {isa = PBXBuildFile; fileRef = B1D3362628F1457700826636 /* UITabBar+.swift */; };
		B1D3362928F1AC1200826636 /* MagazineDetailEmptyCell.swift in Sources */ = {isa = PBXBuildFile; fileRef = B1D3362828F1AC1200826636 /* MagazineDetailEmptyCell.swift */; };
		B1D3363728F1CA2000826636 /* BlackCatSDK.framework in Frameworks */ = {isa = PBXBuildFile; fileRef = B1D3363628F1CA2000826636 /* BlackCatSDK.framework */; };
		B1D3363828F1CA2000826636 /* BlackCatSDK.framework in Embed Frameworks */ = {isa = PBXBuildFile; fileRef = B1D3363628F1CA2000826636 /* BlackCatSDK.framework */; settings = {ATTRIBUTES = (CodeSignOnCopy, RemoveHeadersOnCopy, ); }; };
		B1D3364128F1CCFA00826636 /* UICollectionView+.swift in Sources */ = {isa = PBXBuildFile; fileRef = B1D3364028F1CCFA00826636 /* UICollectionView+.swift */; };
		B1D3364328F1CD1B00826636 /* UITableView+.swift in Sources */ = {isa = PBXBuildFile; fileRef = B1D3364228F1CD1B00826636 /* UITableView+.swift */; };
		B1D79CAB28EB0EF9008487D0 /* AppDelegate.swift in Sources */ = {isa = PBXBuildFile; fileRef = B1D79CAA28EB0EF9008487D0 /* AppDelegate.swift */; };
		B1D79CAD28EB0EF9008487D0 /* SceneDelegate.swift in Sources */ = {isa = PBXBuildFile; fileRef = B1D79CAC28EB0EF9008487D0 /* SceneDelegate.swift */; };
		B1D79CB428EB0EFB008487D0 /* Assets.xcassets in Resources */ = {isa = PBXBuildFile; fileRef = B1D79CB328EB0EFB008487D0 /* Assets.xcassets */; };
		B1D79CB728EB0EFB008487D0 /* LaunchScreen.storyboard in Resources */ = {isa = PBXBuildFile; fileRef = B1D79CB528EB0EFB008487D0 /* LaunchScreen.storyboard */; };
		B1DD25DD28EF0BC800103FF1 /* UIColor+.swift in Sources */ = {isa = PBXBuildFile; fileRef = B1DD25DC28EF0BC800103FF1 /* UIColor+.swift */; };
		B1E361E428F28C3100A29CC8 /* MagazineDetailStroyShareButtonCell.swift in Sources */ = {isa = PBXBuildFile; fileRef = B1E361E328F28C3100A29CC8 /* MagazineDetailStroyShareButtonCell.swift */; };
		B1E4983828EE838700B469AC /* SnapKit in Frameworks */ = {isa = PBXBuildFile; productRef = B1E4983728EE838700B469AC /* SnapKit */; };
		B1E4984628EE83BD00B469AC /* Realm in Frameworks */ = {isa = PBXBuildFile; productRef = B1E4984528EE83BD00B469AC /* Realm */; };
		B1E4984828EE83BD00B469AC /* RealmSwift in Frameworks */ = {isa = PBXBuildFile; productRef = B1E4984728EE83BD00B469AC /* RealmSwift */; };
		B1E4984B28EE83D800B469AC /* ReactorKit in Frameworks */ = {isa = PBXBuildFile; productRef = B1E4984A28EE83D800B469AC /* ReactorKit */; };
		B1E4984E28EE83E400B469AC /* Nuke in Frameworks */ = {isa = PBXBuildFile; productRef = B1E4984D28EE83E400B469AC /* Nuke */; };
		B1E4985128EE848700B469AC /* RxCocoa in Frameworks */ = {isa = PBXBuildFile; productRef = B1E4985028EE848700B469AC /* RxCocoa */; };
		B1E4985328EE848700B469AC /* RxRelay in Frameworks */ = {isa = PBXBuildFile; productRef = B1E4985228EE848700B469AC /* RxRelay */; };
		B1E4985528EE848700B469AC /* RxSwift in Frameworks */ = {isa = PBXBuildFile; productRef = B1E4985428EE848700B469AC /* RxSwift */; };
		B1E4985828EE85A800B469AC /* MagazineDetailViewController.swift in Sources */ = {isa = PBXBuildFile; fileRef = B1E4985728EE85A800B469AC /* MagazineDetailViewController.swift */; };
		B1E4985B28EE873100B469AC /* Differentiator in Frameworks */ = {isa = PBXBuildFile; productRef = B1E4985A28EE873100B469AC /* Differentiator */; };
		B1E4985D28EE873100B469AC /* RxDataSources in Frameworks */ = {isa = PBXBuildFile; productRef = B1E4985C28EE873100B469AC /* RxDataSources */; };
		B1E4985F28EE886900B469AC /* MagazineDetailSection.swift in Sources */ = {isa = PBXBuildFile; fileRef = B1E4985E28EE886900B469AC /* MagazineDetailSection.swift */; };
		B1E4986228EE8BFE00B469AC /* MagazineDetailTextCell.swift in Sources */ = {isa = PBXBuildFile; fileRef = B1E4986128EE8BFE00B469AC /* MagazineDetailTextCell.swift */; };
		B1E4986528EE957E00B469AC /* MagazineDetailModel.swift in Sources */ = {isa = PBXBuildFile; fileRef = B1E4986428EE957E00B469AC /* MagazineDetailModel.swift */; };
		B1E4986728EE9BE800B469AC /* MagazineDetailBaseCell.swift in Sources */ = {isa = PBXBuildFile; fileRef = B1E4986628EE9BE800B469AC /* MagazineDetailBaseCell.swift */; };
		B1E4986928EE9E3500B469AC /* MagazineDetailViewReactor.swift in Sources */ = {isa = PBXBuildFile; fileRef = B1E4986828EE9E3500B469AC /* MagazineDetailViewReactor.swift */; };
		B1E4987028EEADC900B469AC /* MagazineDetailSectionFactory.swift in Sources */ = {isa = PBXBuildFile; fileRef = B1E4986F28EEADC900B469AC /* MagazineDetailSectionFactory.swift */; };
		B1E986AB28FE888800962F5B /* FilterTaskService.swift in Sources */ = {isa = PBXBuildFile; fileRef = B1E986AA28FE888800962F5B /* FilterTaskService.swift */; };
		B1E986AE28FE8D4F00962F5B /* BaseRealmProtocol.swift in Sources */ = {isa = PBXBuildFile; fileRef = B1E986AD28FE8D4F00962F5B /* BaseRealmProtocol.swift */; };
		B1E986B128FE975C00962F5B /* FilterServiceProvider.swift in Sources */ = {isa = PBXBuildFile; fileRef = B1E986B028FE975C00962F5B /* FilterServiceProvider.swift */; };
		B1EABEBC28FBA87C0029B6BC /* FilterTask.swift in Sources */ = {isa = PBXBuildFile; fileRef = B1EABEBB28FBA87C0029B6BC /* FilterTask.swift */; };
		B1EABEBF28FBA8E10029B6BC /* FilterReactor.swift in Sources */ = {isa = PBXBuildFile; fileRef = B1EABEBE28FBA8E10029B6BC /* FilterReactor.swift */; };
		B1EABEC128FBD83F0029B6BC /* FilterLoaction.swift in Sources */ = {isa = PBXBuildFile; fileRef = B1EABEC028FBD83F0029B6BC /* FilterLoaction.swift */; };
		B1EABEC428FBE0400029B6BC /* RxGesture in Frameworks */ = {isa = PBXBuildFile; productRef = B1EABEC328FBE0400029B6BC /* RxGesture */; };
		B1EE64F628FA48230055A4F1 /* BottomSheetController.swift in Sources */ = {isa = PBXBuildFile; fileRef = B1EE64F528FA48230055A4F1 /* BottomSheetController.swift */; };
		B1EE64F828FA4ABE0055A4F1 /* FilterExampleViewController.swift in Sources */ = {isa = PBXBuildFile; fileRef = B1EE64F728FA4ABE0055A4F1 /* FilterExampleViewController.swift */; };
		B1EE64FA28FA4E600055A4F1 /* BottomSheetTransitioningDelegate.swift in Sources */ = {isa = PBXBuildFile; fileRef = B1EE64F928FA4E600055A4F1 /* BottomSheetTransitioningDelegate.swift */; };
		B1EE651228FA872B0055A4F1 /* FilterViewController.swift in Sources */ = {isa = PBXBuildFile; fileRef = B1EE651128FA872B0055A4F1 /* FilterViewController.swift */; };
		B1EE651428FA8B160055A4F1 /* FilterCell.swift in Sources */ = {isa = PBXBuildFile; fileRef = B1EE651328FA8B160055A4F1 /* FilterCell.swift */; };
		B1EE651728FA8DDE0055A4F1 /* FilterBaseCell.swift in Sources */ = {isa = PBXBuildFile; fileRef = B1EE651628FA8DDE0055A4F1 /* FilterBaseCell.swift */; };
/* End PBXBuildFile section */

/* Begin PBXCopyFilesBuildPhase section */
		B1EDD51B28EB1CA400FBB722 /* Embed Frameworks */ = {
			isa = PBXCopyFilesBuildPhase;
			buildActionMask = 2147483647;
			dstPath = "";
			dstSubfolderSpec = 10;
			files = (
				B1D3363828F1CA2000826636 /* BlackCatSDK.framework in Embed Frameworks */,
			);
			name = "Embed Frameworks";
			runOnlyForDeploymentPostprocessing = 0;
		};
/* End PBXCopyFilesBuildPhase section */

/* Begin PBXFileReference section */
		78858BEB28F6F4E300EC7BF7 /* MagazineSection.swift */ = {isa = PBXFileReference; lastKnownFileType = sourcecode.swift; path = MagazineSection.swift; sourceTree = "<group>"; };
		78B00BAB28F5661000A9915D /* RecentMagazineCell.swift */ = {isa = PBXFileReference; fileEncoding = 4; lastKnownFileType = sourcecode.swift; path = RecentMagazineCell.swift; sourceTree = "<group>"; };
		78B00BAC28F5661000A9915D /* LastMagazineCell.swift */ = {isa = PBXFileReference; fileEncoding = 4; lastKnownFileType = sourcecode.swift; path = LastMagazineCell.swift; sourceTree = "<group>"; };
		78B00BAE28F5661000A9915D /* MagazineTestUseCase.swift */ = {isa = PBXFileReference; fileEncoding = 4; lastKnownFileType = sourcecode.swift; path = MagazineTestUseCase.swift; sourceTree = "<group>"; };
		78B00BAF28F5661000A9915D /* MagazineViewModel.dummy.swift */ = {isa = PBXFileReference; fileEncoding = 4; lastKnownFileType = sourcecode.swift; path = MagazineViewModel.dummy.swift; sourceTree = "<group>"; };
		78B00BB028F5661000A9915D /* MagazineModel.swift */ = {isa = PBXFileReference; fileEncoding = 4; lastKnownFileType = sourcecode.swift; path = MagazineModel.swift; sourceTree = "<group>"; };
		78B00BB128F5661000A9915D /* MagazineViewController.Layout.swift */ = {isa = PBXFileReference; fileEncoding = 4; lastKnownFileType = sourcecode.swift; path = MagazineViewController.Layout.swift; sourceTree = "<group>"; };
		78B00BB228F5661000A9915D /* MagazineViewController.swift */ = {isa = PBXFileReference; fileEncoding = 4; lastKnownFileType = sourcecode.swift; path = MagazineViewController.swift; sourceTree = "<group>"; };
		78B00BB328F5661000A9915D /* MagazineViewModel.swift */ = {isa = PBXFileReference; fileEncoding = 4; lastKnownFileType = sourcecode.swift; path = MagazineViewModel.swift; sourceTree = "<group>"; };
		78B00BB528F5661000A9915D /* RecentMagazineFooterView.swift */ = {isa = PBXFileReference; fileEncoding = 4; lastKnownFileType = sourcecode.swift; path = RecentMagazineFooterView.swift; sourceTree = "<group>"; };
		78B00BB628F5661000A9915D /* LastMagazineHeaderView.swift */ = {isa = PBXFileReference; fileEncoding = 4; lastKnownFileType = sourcecode.swift; path = LastMagazineHeaderView.swift; sourceTree = "<group>"; };
		8E2D8C4728F2EC27004B514D /* HomeViewController.swift */ = {isa = PBXFileReference; lastKnownFileType = sourcecode.swift; path = HomeViewController.swift; sourceTree = "<group>"; };
		8E2D8C4928F2ECD2004B514D /* HomeViewModel.swift */ = {isa = PBXFileReference; lastKnownFileType = sourcecode.swift; path = HomeViewModel.swift; sourceTree = "<group>"; };
		8E2D8C4B28F2ED03004B514D /* HomeModel.swift */ = {isa = PBXFileReference; lastKnownFileType = sourcecode.swift; path = HomeModel.swift; sourceTree = "<group>"; };
		8E2D8C4E28F2ED53004B514D /* HomeHeaderView.swift */ = {isa = PBXFileReference; lastKnownFileType = sourcecode.swift; path = HomeHeaderView.swift; sourceTree = "<group>"; };
		8E2D8C5028F2EDF3004B514D /* HomeCategorySectionBackgroundReusableView.swift */ = {isa = PBXFileReference; lastKnownFileType = sourcecode.swift; path = HomeCategorySectionBackgroundReusableView.swift; sourceTree = "<group>"; };
		8E2D8C5228F2EE68004B514D /* HomeEmptyCell.swift */ = {isa = PBXFileReference; fileEncoding = 4; lastKnownFileType = sourcecode.swift; path = HomeEmptyCell.swift; sourceTree = "<group>"; };
		8E2D8C5328F2EE68004B514D /* HomeCategoryCellViewModel.swift */ = {isa = PBXFileReference; fileEncoding = 4; lastKnownFileType = sourcecode.swift; path = HomeCategoryCellViewModel.swift; sourceTree = "<group>"; };
		8E2D8C5428F2EE69004B514D /* HomeCategoryCell.swift */ = {isa = PBXFileReference; fileEncoding = 4; lastKnownFileType = sourcecode.swift; path = HomeCategoryCell.swift; sourceTree = "<group>"; };
		8E2D8C5528F2EE69004B514D /* HomeTattooAlbumCell.swift */ = {isa = PBXFileReference; fileEncoding = 4; lastKnownFileType = sourcecode.swift; path = HomeTattooAlbumCell.swift; sourceTree = "<group>"; };
		8E2D8C5628F2EE69004B514D /* HomeRecommendCell.swift */ = {isa = PBXFileReference; fileEncoding = 4; lastKnownFileType = sourcecode.swift; path = HomeRecommendCell.swift; sourceTree = "<group>"; };
		8E2D8C5728F2EE69004B514D /* HomeTattooAlbumCellViewModel.swift */ = {isa = PBXFileReference; fileEncoding = 4; lastKnownFileType = sourcecode.swift; path = HomeTattooAlbumCellViewModel.swift; sourceTree = "<group>"; };
		8E2D8C5828F2EE69004B514D /* HomeRecommendCellViewModel.swift */ = {isa = PBXFileReference; fileEncoding = 4; lastKnownFileType = sourcecode.swift; path = HomeRecommendCellViewModel.swift; sourceTree = "<group>"; };
		8EE9A0C028F3CB0D003D7761 /* HomeSection.swift */ = {isa = PBXFileReference; lastKnownFileType = sourcecode.swift; path = HomeSection.swift; sourceTree = "<group>"; };
		8EE9A0C228F3CD25003D7761 /* HomeCompositionalLayoutSection.swift */ = {isa = PBXFileReference; lastKnownFileType = sourcecode.swift; path = HomeCompositionalLayoutSection.swift; sourceTree = "<group>"; };
		B12C1DC628ED219C0089964E /* UIVIewController+Rx.swift */ = {isa = PBXFileReference; lastKnownFileType = sourcecode.swift; path = "UIVIewController+Rx.swift"; sourceTree = "<group>"; };
		B1CA040528F00CC1004A6027 /* MagazineDetailImageCell.swift */ = {isa = PBXFileReference; lastKnownFileType = sourcecode.swift; path = MagazineDetailImageCell.swift; sourceTree = "<group>"; };
		B1CA040728F00D84004A6027 /* Rect.png */ = {isa = PBXFileReference; lastKnownFileType = image.png; path = Rect.png; sourceTree = "<group>"; };
		B1CA040928F00D8C004A6027 /* Rect2.png */ = {isa = PBXFileReference; lastKnownFileType = image.png; path = Rect2.png; sourceTree = "<group>"; };
		B1CA040B28F00DA0004A6027 /* Rect3.png */ = {isa = PBXFileReference; lastKnownFileType = image.png; path = Rect3.png; sourceTree = "<group>"; };
		B1D127DA28F047A9007E3667 /* MagazineDetailBulletedCell.swift */ = {isa = PBXFileReference; lastKnownFileType = sourcecode.swift; path = MagazineDetailBulletedCell.swift; sourceTree = "<group>"; };
		B1D127DC28F08DCA007E3667 /* TabBarViewController.swift */ = {isa = PBXFileReference; lastKnownFileType = sourcecode.swift; path = TabBarViewController.swift; sourceTree = "<group>"; };
		B1D127DE28F09200007E3667 /* UIImage+.swift */ = {isa = PBXFileReference; lastKnownFileType = sourcecode.swift; path = "UIImage+.swift"; sourceTree = "<group>"; };
		B1D127E128F0923C007E3667 /* Asset.swift */ = {isa = PBXFileReference; lastKnownFileType = sourcecode.swift; path = Asset.swift; sourceTree = "<group>"; };
		B1D3362428F142A400826636 /* CALayer+.swift */ = {isa = PBXFileReference; lastKnownFileType = sourcecode.swift; path = "CALayer+.swift"; sourceTree = "<group>"; };
		B1D3362628F1457700826636 /* UITabBar+.swift */ = {isa = PBXFileReference; lastKnownFileType = sourcecode.swift; path = "UITabBar+.swift"; sourceTree = "<group>"; };
		B1D3362828F1AC1200826636 /* MagazineDetailEmptyCell.swift */ = {isa = PBXFileReference; lastKnownFileType = sourcecode.swift; path = MagazineDetailEmptyCell.swift; sourceTree = "<group>"; };
		B1D3363628F1CA2000826636 /* BlackCatSDK.framework */ = {isa = PBXFileReference; explicitFileType = wrapper.framework; path = BlackCatSDK.framework; sourceTree = BUILT_PRODUCTS_DIR; };
		B1D3364028F1CCFA00826636 /* UICollectionView+.swift */ = {isa = PBXFileReference; lastKnownFileType = sourcecode.swift; path = "UICollectionView+.swift"; sourceTree = "<group>"; };
		B1D3364228F1CD1B00826636 /* UITableView+.swift */ = {isa = PBXFileReference; lastKnownFileType = sourcecode.swift; path = "UITableView+.swift"; sourceTree = "<group>"; };
		B1D79CA728EB0EF9008487D0 /* BlackCat.app */ = {isa = PBXFileReference; explicitFileType = wrapper.application; includeInIndex = 0; path = BlackCat.app; sourceTree = BUILT_PRODUCTS_DIR; };
		B1D79CAA28EB0EF9008487D0 /* AppDelegate.swift */ = {isa = PBXFileReference; lastKnownFileType = sourcecode.swift; path = AppDelegate.swift; sourceTree = "<group>"; };
		B1D79CAC28EB0EF9008487D0 /* SceneDelegate.swift */ = {isa = PBXFileReference; lastKnownFileType = sourcecode.swift; path = SceneDelegate.swift; sourceTree = "<group>"; };
		B1D79CB328EB0EFB008487D0 /* Assets.xcassets */ = {isa = PBXFileReference; lastKnownFileType = folder.assetcatalog; path = Assets.xcassets; sourceTree = "<group>"; };
		B1D79CB628EB0EFB008487D0 /* Base */ = {isa = PBXFileReference; lastKnownFileType = file.storyboard; name = Base; path = Base.lproj/LaunchScreen.storyboard; sourceTree = "<group>"; };
		B1D79CB828EB0EFB008487D0 /* Info.plist */ = {isa = PBXFileReference; lastKnownFileType = text.plist.xml; path = Info.plist; sourceTree = "<group>"; };
		B1DD25DC28EF0BC800103FF1 /* UIColor+.swift */ = {isa = PBXFileReference; lastKnownFileType = sourcecode.swift; path = "UIColor+.swift"; sourceTree = "<group>"; };
		B1E361E328F28C3100A29CC8 /* MagazineDetailStroyShareButtonCell.swift */ = {isa = PBXFileReference; lastKnownFileType = sourcecode.swift; path = MagazineDetailStroyShareButtonCell.swift; sourceTree = "<group>"; };
		B1E4985728EE85A800B469AC /* MagazineDetailViewController.swift */ = {isa = PBXFileReference; lastKnownFileType = sourcecode.swift; path = MagazineDetailViewController.swift; sourceTree = "<group>"; };
		B1E4985E28EE886900B469AC /* MagazineDetailSection.swift */ = {isa = PBXFileReference; lastKnownFileType = sourcecode.swift; path = MagazineDetailSection.swift; sourceTree = "<group>"; };
		B1E4986128EE8BFE00B469AC /* MagazineDetailTextCell.swift */ = {isa = PBXFileReference; lastKnownFileType = sourcecode.swift; path = MagazineDetailTextCell.swift; sourceTree = "<group>"; };
		B1E4986428EE957E00B469AC /* MagazineDetailModel.swift */ = {isa = PBXFileReference; lastKnownFileType = sourcecode.swift; path = MagazineDetailModel.swift; sourceTree = "<group>"; };
		B1E4986628EE9BE800B469AC /* MagazineDetailBaseCell.swift */ = {isa = PBXFileReference; lastKnownFileType = sourcecode.swift; path = MagazineDetailBaseCell.swift; sourceTree = "<group>"; };
		B1E4986828EE9E3500B469AC /* MagazineDetailViewReactor.swift */ = {isa = PBXFileReference; lastKnownFileType = sourcecode.swift; path = MagazineDetailViewReactor.swift; sourceTree = "<group>"; };
		B1E4986F28EEADC900B469AC /* MagazineDetailSectionFactory.swift */ = {isa = PBXFileReference; lastKnownFileType = sourcecode.swift; path = MagazineDetailSectionFactory.swift; sourceTree = "<group>"; };
		B1E986AA28FE888800962F5B /* FilterTaskService.swift */ = {isa = PBXFileReference; lastKnownFileType = sourcecode.swift; path = FilterTaskService.swift; sourceTree = "<group>"; };
		B1E986AD28FE8D4F00962F5B /* BaseRealmProtocol.swift */ = {isa = PBXFileReference; lastKnownFileType = sourcecode.swift; path = BaseRealmProtocol.swift; sourceTree = "<group>"; };
		B1E986B028FE975C00962F5B /* FilterServiceProvider.swift */ = {isa = PBXFileReference; lastKnownFileType = sourcecode.swift; path = FilterServiceProvider.swift; sourceTree = "<group>"; };
		B1EABEBB28FBA87C0029B6BC /* FilterTask.swift */ = {isa = PBXFileReference; lastKnownFileType = sourcecode.swift; path = FilterTask.swift; sourceTree = "<group>"; };
		B1EABEBE28FBA8E10029B6BC /* FilterReactor.swift */ = {isa = PBXFileReference; lastKnownFileType = sourcecode.swift; path = FilterReactor.swift; sourceTree = "<group>"; };
		B1EABEC028FBD83F0029B6BC /* FilterLoaction.swift */ = {isa = PBXFileReference; lastKnownFileType = sourcecode.swift; path = FilterLoaction.swift; sourceTree = "<group>"; };
		B1EDD51828EB1CA400FBB722 /* BlackCatKEY.framework */ = {isa = PBXFileReference; explicitFileType = wrapper.framework; path = BlackCatKEY.framework; sourceTree = BUILT_PRODUCTS_DIR; };
		B1EE64F528FA48230055A4F1 /* BottomSheetController.swift */ = {isa = PBXFileReference; lastKnownFileType = sourcecode.swift; path = BottomSheetController.swift; sourceTree = "<group>"; };
		B1EE64F728FA4ABE0055A4F1 /* FilterExampleViewController.swift */ = {isa = PBXFileReference; lastKnownFileType = sourcecode.swift; path = FilterExampleViewController.swift; sourceTree = "<group>"; };
		B1EE64F928FA4E600055A4F1 /* BottomSheetTransitioningDelegate.swift */ = {isa = PBXFileReference; lastKnownFileType = sourcecode.swift; path = BottomSheetTransitioningDelegate.swift; sourceTree = "<group>"; };
		B1EE651128FA872B0055A4F1 /* FilterViewController.swift */ = {isa = PBXFileReference; lastKnownFileType = sourcecode.swift; path = FilterViewController.swift; sourceTree = "<group>"; };
		B1EE651328FA8B160055A4F1 /* FilterCell.swift */ = {isa = PBXFileReference; lastKnownFileType = sourcecode.swift; path = FilterCell.swift; sourceTree = "<group>"; };
		B1EE651628FA8DDE0055A4F1 /* FilterBaseCell.swift */ = {isa = PBXFileReference; lastKnownFileType = sourcecode.swift; path = FilterBaseCell.swift; sourceTree = "<group>"; };
/* End PBXFileReference section */

/* Begin PBXFrameworksBuildPhase section */
		B1D79CA428EB0EF9008487D0 /* Frameworks */ = {
			isa = PBXFrameworksBuildPhase;
			buildActionMask = 2147483647;
			files = (
				B1E4985528EE848700B469AC /* RxSwift in Frameworks */,
				B1E4984828EE83BD00B469AC /* RealmSwift in Frameworks */,
				B1E4984E28EE83E400B469AC /* Nuke in Frameworks */,
				B1D3363728F1CA2000826636 /* BlackCatSDK.framework in Frameworks */,
				B1E4985128EE848700B469AC /* RxCocoa in Frameworks */,
				B1E4985D28EE873100B469AC /* RxDataSources in Frameworks */,
				B1E4984628EE83BD00B469AC /* Realm in Frameworks */,
				B1E4985B28EE873100B469AC /* Differentiator in Frameworks */,
				B1E4984B28EE83D800B469AC /* ReactorKit in Frameworks */,
				B1E4985328EE848700B469AC /* RxRelay in Frameworks */,
				B1EABEC428FBE0400029B6BC /* RxGesture in Frameworks */,
				B1E4983828EE838700B469AC /* SnapKit in Frameworks */,
			);
			runOnlyForDeploymentPostprocessing = 0;
		};
/* End PBXFrameworksBuildPhase section */

/* Begin PBXGroup section */
		78858BEA28F6F48C00EC7BF7 /* MagazineSection */ = {
			isa = PBXGroup;
			children = (
				78858BEB28F6F4E300EC7BF7 /* MagazineSection.swift */,
			);
			path = MagazineSection;
			sourceTree = "<group>";
		};
		78B00BA928F5661000A9915D /* Magazine */ = {
			isa = PBXGroup;
			children = (
				78B00BB228F5661000A9915D /* MagazineViewController.swift */,
				78B00BB128F5661000A9915D /* MagazineViewController.Layout.swift */,
				78B00BB328F5661000A9915D /* MagazineViewModel.swift */,
				78B00BB028F5661000A9915D /* MagazineModel.swift */,
				78858BEA28F6F48C00EC7BF7 /* MagazineSection */,
				78B00BAA28F5661000A9915D /* Cells */,
				78B00BB428F5661000A9915D /* Views */,
				78B00BAD28F5661000A9915D /* MagazineMock */,
			);
			path = Magazine;
			sourceTree = "<group>";
		};
		78B00BAA28F5661000A9915D /* Cells */ = {
			isa = PBXGroup;
			children = (
				78B00BAB28F5661000A9915D /* RecentMagazineCell.swift */,
				78B00BAC28F5661000A9915D /* LastMagazineCell.swift */,
			);
			path = Cells;
			sourceTree = "<group>";
		};
		78B00BAD28F5661000A9915D /* MagazineMock */ = {
			isa = PBXGroup;
			children = (
				78B00BAE28F5661000A9915D /* MagazineTestUseCase.swift */,
				78B00BAF28F5661000A9915D /* MagazineViewModel.dummy.swift */,
			);
			path = MagazineMock;
			sourceTree = "<group>";
		};
		78B00BB428F5661000A9915D /* Views */ = {
			isa = PBXGroup;
			children = (
				78B00BB528F5661000A9915D /* RecentMagazineFooterView.swift */,
				78B00BB628F5661000A9915D /* LastMagazineHeaderView.swift */,
			);
			path = Views;
			sourceTree = "<group>";
		};
		8E2D8C4628F2EBFA004B514D /* Home */ = {
			isa = PBXGroup;
			children = (
				8E2D8C4728F2EC27004B514D /* HomeViewController.swift */,
				8E2D8C4928F2ECD2004B514D /* HomeViewModel.swift */,
				8EE9A0BE28F3CAED003D7761 /* HomeModel */,
				8EE9A0C828F3DA46003D7761 /* HomeCompositionalLayout */,
				8EE9A0BF28F3CAFB003D7761 /* HomeSection */,
				8E2D8C4D28F2ED3E004B514D /* Views */,
			);
			path = Home;
			sourceTree = "<group>";
		};
		8E2D8C4D28F2ED3E004B514D /* Views */ = {
			isa = PBXGroup;
			children = (
				8E2D8C4E28F2ED53004B514D /* HomeHeaderView.swift */,
				8E2D8C5028F2EDF3004B514D /* HomeCategorySectionBackgroundReusableView.swift */,
				8E2D8C5428F2EE69004B514D /* HomeCategoryCell.swift */,
				8E2D8C5328F2EE68004B514D /* HomeCategoryCellViewModel.swift */,
				8E2D8C5628F2EE69004B514D /* HomeRecommendCell.swift */,
				8E2D8C5828F2EE69004B514D /* HomeRecommendCellViewModel.swift */,
				8E2D8C5228F2EE68004B514D /* HomeEmptyCell.swift */,
				8E2D8C5528F2EE69004B514D /* HomeTattooAlbumCell.swift */,
				8E2D8C5728F2EE69004B514D /* HomeTattooAlbumCellViewModel.swift */,
			);
			path = Views;
			sourceTree = "<group>";
		};
		8EE9A0BE28F3CAED003D7761 /* HomeModel */ = {
			isa = PBXGroup;
			children = (
				8E2D8C4B28F2ED03004B514D /* HomeModel.swift */,
			);
			path = HomeModel;
			sourceTree = "<group>";
		};
		8EE9A0BF28F3CAFB003D7761 /* HomeSection */ = {
			isa = PBXGroup;
			children = (
				8EE9A0C028F3CB0D003D7761 /* HomeSection.swift */,
			);
			path = HomeSection;
			sourceTree = "<group>";
		};
		8EE9A0C828F3DA46003D7761 /* HomeCompositionalLayout */ = {
			isa = PBXGroup;
			children = (
				8EE9A0C228F3CD25003D7761 /* HomeCompositionalLayoutSection.swift */,
			);
			path = HomeCompositionalLayout;
			sourceTree = "<group>";
		};
		B12C1DC528ED21830089964E /* Extension */ = {
			isa = PBXGroup;
			children = (
				B12C1DC628ED219C0089964E /* UIVIewController+Rx.swift */,
				B1DD25DC28EF0BC800103FF1 /* UIColor+.swift */,
				B1D3364028F1CCFA00826636 /* UICollectionView+.swift */,
				B1D3364228F1CD1B00826636 /* UITableView+.swift */,
				B1D127DE28F09200007E3667 /* UIImage+.swift */,
				B1D3362428F142A400826636 /* CALayer+.swift */,
				B1D3362628F1457700826636 /* UITabBar+.swift */,
			);
			path = Extension;
			sourceTree = "<group>";
		};
		B1D127E028F09223007E3667 /* Utils */ = {
			isa = PBXGroup;
			children = (
				B1D127E128F0923C007E3667 /* Asset.swift */,
			);
			path = Utils;
			sourceTree = "<group>";
		};
		B1D79C9E28EB0EF8008487D0 = {
			isa = PBXGroup;
			children = (
				B1D79CA928EB0EF9008487D0 /* BlackCat */,
				B1D79CA828EB0EF9008487D0 /* Products */,
				B1EDD51728EB1CA400FBB722 /* Frameworks */,
			);
			sourceTree = "<group>";
		};
		B1D79CA828EB0EF9008487D0 /* Products */ = {
			isa = PBXGroup;
			children = (
				B1D79CA728EB0EF9008487D0 /* BlackCat.app */,
			);
			name = Products;
			sourceTree = "<group>";
		};
		B1D79CA928EB0EF9008487D0 /* BlackCat */ = {
			isa = PBXGroup;
			children = (
				B1D79CAA28EB0EF9008487D0 /* AppDelegate.swift */,
				B1D79CAC28EB0EF9008487D0 /* SceneDelegate.swift */,
				B1D127DC28F08DCA007E3667 /* TabBarViewController.swift */,
				8E2D8C4628F2EBFA004B514D /* Home */,
				78B00BA928F5661000A9915D /* Magazine */,
				B1E4985628EE859600B469AC /* MagazineDetail */,
				B1EE64F428FA48170055A4F1 /* Filter */,
				B1E986AF28FE8D5B00962F5B /* BaseArchitecture */,
				B1D127E028F09223007E3667 /* Utils */,
				B12C1DC528ED21830089964E /* Extension */,
				B1EE64FB28FA4E720055A4F1 /* BottomSheet */,
				B1D79CB328EB0EFB008487D0 /* Assets.xcassets */,
				B1CA040B28F00DA0004A6027 /* Rect3.png */,
				B1CA040928F00D8C004A6027 /* Rect2.png */,
				B1CA040728F00D84004A6027 /* Rect.png */,
				B1D79CB528EB0EFB008487D0 /* LaunchScreen.storyboard */,
				B1D79CB828EB0EFB008487D0 /* Info.plist */,
			);
			path = BlackCat;
			sourceTree = "<group>";
		};
		B1E4985628EE859600B469AC /* MagazineDetail */ = {
			isa = PBXGroup;
			children = (
				B1E4985728EE85A800B469AC /* MagazineDetailViewController.swift */,
				B1E4986828EE9E3500B469AC /* MagazineDetailViewReactor.swift */,
				B1E4986328EE956F00B469AC /* MagazineDetailModel */,
				B1E4987128EEB1C600B469AC /* MagazineDetailSection */,
				B1E4986028EE8BAE00B469AC /* MagazineDetailCell */,
			);
			path = MagazineDetail;
			sourceTree = "<group>";
		};
		B1E4986028EE8BAE00B469AC /* MagazineDetailCell */ = {
			isa = PBXGroup;
			children = (
				B1E4986628EE9BE800B469AC /* MagazineDetailBaseCell.swift */,
				B1E4986128EE8BFE00B469AC /* MagazineDetailTextCell.swift */,
				B1CA040528F00CC1004A6027 /* MagazineDetailImageCell.swift */,
				B1D127DA28F047A9007E3667 /* MagazineDetailBulletedCell.swift */,
				B1D3362828F1AC1200826636 /* MagazineDetailEmptyCell.swift */,
				B1E361E328F28C3100A29CC8 /* MagazineDetailStroyShareButtonCell.swift */,
			);
			path = MagazineDetailCell;
			sourceTree = "<group>";
		};
		B1E4986328EE956F00B469AC /* MagazineDetailModel */ = {
			isa = PBXGroup;
			children = (
				B1E4986428EE957E00B469AC /* MagazineDetailModel.swift */,
			);
			path = MagazineDetailModel;
			sourceTree = "<group>";
		};
		B1E4987128EEB1C600B469AC /* MagazineDetailSection */ = {
			isa = PBXGroup;
			children = (
				B1E4985E28EE886900B469AC /* MagazineDetailSection.swift */,
				B1E4986F28EEADC900B469AC /* MagazineDetailSectionFactory.swift */,
			);
			path = MagazineDetailSection;
			sourceTree = "<group>";
		};
		B1E986AC28FE889200962F5B /* FilterService */ = {
			isa = PBXGroup;
			children = (
				B1E986B028FE975C00962F5B /* FilterServiceProvider.swift */,
				B1E986AA28FE888800962F5B /* FilterTaskService.swift */,
			);
			path = FilterService;
			sourceTree = "<group>";
		};
		B1E986AF28FE8D5B00962F5B /* BaseArchitecture */ = {
			isa = PBXGroup;
			children = (
				B1E986AD28FE8D4F00962F5B /* BaseRealmProtocol.swift */,
			);
			path = BaseArchitecture;
			sourceTree = "<group>";
		};
		B1EABEBD28FBA88A0029B6BC /* Model */ = {
			isa = PBXGroup;
			children = (
				B1EABEBB28FBA87C0029B6BC /* FilterTask.swift */,
				B1EABEC028FBD83F0029B6BC /* FilterLoaction.swift */,
			);
			path = Model;
			sourceTree = "<group>";
		};
		B1EDD51728EB1CA400FBB722 /* Frameworks */ = {
			isa = PBXGroup;
			children = (
				B1D3363628F1CA2000826636 /* BlackCatSDK.framework */,
				B1EDD51828EB1CA400FBB722 /* BlackCatKEY.framework */,
			);
			name = Frameworks;
			sourceTree = "<group>";
		};
		B1EE64F428FA48170055A4F1 /* Filter */ = {
			isa = PBXGroup;
			children = (
				B1EE64F728FA4ABE0055A4F1 /* FilterExampleViewController.swift */,
				B1EE651128FA872B0055A4F1 /* FilterViewController.swift */,
				B1EABEBE28FBA8E10029B6BC /* FilterReactor.swift */,
				B1E986AC28FE889200962F5B /* FilterService */,
				B1EABEBD28FBA88A0029B6BC /* Model */,
				B1EE651528FA8B190055A4F1 /* FilterCell */,
			);
			path = Filter;
			sourceTree = "<group>";
		};
		B1EE64FB28FA4E720055A4F1 /* BottomSheet */ = {
			isa = PBXGroup;
			children = (
				B1EE64F528FA48230055A4F1 /* BottomSheetController.swift */,
				B1EE64F928FA4E600055A4F1 /* BottomSheetTransitioningDelegate.swift */,
			);
			path = BottomSheet;
			sourceTree = "<group>";
		};
		B1EE651528FA8B190055A4F1 /* FilterCell */ = {
			isa = PBXGroup;
			children = (
				B1EE651628FA8DDE0055A4F1 /* FilterBaseCell.swift */,
				B1EE651328FA8B160055A4F1 /* FilterCell.swift */,
			);
			path = FilterCell;
			sourceTree = "<group>";
		};
/* End PBXGroup section */

/* Begin PBXNativeTarget section */
		B1D79CA628EB0EF9008487D0 /* BlackCat */ = {
			isa = PBXNativeTarget;
			buildConfigurationList = B1D79CBB28EB0EFB008487D0 /* Build configuration list for PBXNativeTarget "BlackCat" */;
			buildPhases = (
				B1D79CA328EB0EF9008487D0 /* Sources */,
				B1D79CA428EB0EF9008487D0 /* Frameworks */,
				B1D79CA528EB0EF9008487D0 /* Resources */,
				B1EDD51B28EB1CA400FBB722 /* Embed Frameworks */,
			);
			buildRules = (
			);
			dependencies = (
			);
			name = BlackCat;
			packageProductDependencies = (
				B1E4983728EE838700B469AC /* SnapKit */,
				B1E4984528EE83BD00B469AC /* Realm */,
				B1E4984728EE83BD00B469AC /* RealmSwift */,
				B1E4984A28EE83D800B469AC /* ReactorKit */,
				B1E4984D28EE83E400B469AC /* Nuke */,
				B1E4985028EE848700B469AC /* RxCocoa */,
				B1E4985228EE848700B469AC /* RxRelay */,
				B1E4985428EE848700B469AC /* RxSwift */,
				B1E4985A28EE873100B469AC /* Differentiator */,
				B1E4985C28EE873100B469AC /* RxDataSources */,
				B1EABEC328FBE0400029B6BC /* RxGesture */,
			);
			productName = BlackCat;
			productReference = B1D79CA728EB0EF9008487D0 /* BlackCat.app */;
			productType = "com.apple.product-type.application";
		};
/* End PBXNativeTarget section */

/* Begin PBXProject section */
		B1D79C9F28EB0EF8008487D0 /* Project object */ = {
			isa = PBXProject;
			attributes = {
				BuildIndependentTargetsInParallel = 1;
				LastSwiftUpdateCheck = 1400;
				LastUpgradeCheck = 1400;
				TargetAttributes = {
					B1D79CA628EB0EF9008487D0 = {
						CreatedOnToolsVersion = 14.0;
					};
				};
			};
			buildConfigurationList = B1D79CA228EB0EF8008487D0 /* Build configuration list for PBXProject "BlackCat" */;
			compatibilityVersion = "Xcode 14.0";
			developmentRegion = en;
			hasScannedForEncodings = 0;
			knownRegions = (
				en,
				Base,
			);
			mainGroup = B1D79C9E28EB0EF8008487D0;
			packageReferences = (
				B1E4983628EE838700B469AC /* XCRemoteSwiftPackageReference "SnapKit" */,
				B1E4984428EE83BD00B469AC /* XCRemoteSwiftPackageReference "realm-swift" */,
				B1E4984928EE83D800B469AC /* XCRemoteSwiftPackageReference "ReactorKit" */,
				B1E4984C28EE83E400B469AC /* XCRemoteSwiftPackageReference "Nuke" */,
				B1E4984F28EE848700B469AC /* XCRemoteSwiftPackageReference "RxSwift" */,
				B1E4985928EE873100B469AC /* XCRemoteSwiftPackageReference "RxDataSources" */,
				B1EABEC228FBE0400029B6BC /* XCRemoteSwiftPackageReference "RxGesture" */,
			);
			productRefGroup = B1D79CA828EB0EF9008487D0 /* Products */;
			projectDirPath = "";
			projectRoot = "";
			targets = (
				B1D79CA628EB0EF9008487D0 /* BlackCat */,
			);
		};
/* End PBXProject section */

/* Begin PBXResourcesBuildPhase section */
		B1D79CA528EB0EF9008487D0 /* Resources */ = {
			isa = PBXResourcesBuildPhase;
			buildActionMask = 2147483647;
			files = (
				B1CA040828F00D84004A6027 /* Rect.png in Resources */,
				B1CA040C28F00DA0004A6027 /* Rect3.png in Resources */,
				B1D79CB728EB0EFB008487D0 /* LaunchScreen.storyboard in Resources */,
				B1D79CB428EB0EFB008487D0 /* Assets.xcassets in Resources */,
				B1CA040A28F00D8C004A6027 /* Rect2.png in Resources */,
			);
			runOnlyForDeploymentPostprocessing = 0;
		};
/* End PBXResourcesBuildPhase section */

/* Begin PBXSourcesBuildPhase section */
		B1D79CA328EB0EF9008487D0 /* Sources */ = {
			isa = PBXSourcesBuildPhase;
			buildActionMask = 2147483647;
			files = (
				8E2D8C5E28F2EE69004B514D /* HomeTattooAlbumCellViewModel.swift in Sources */,
				B1E361E428F28C3100A29CC8 /* MagazineDetailStroyShareButtonCell.swift in Sources */,
				B1E4985F28EE886900B469AC /* MagazineDetailSection.swift in Sources */,
				B1E4987028EEADC900B469AC /* MagazineDetailSectionFactory.swift in Sources */,
				8E2D8C5C28F2EE69004B514D /* HomeTattooAlbumCell.swift in Sources */,
				8E2D8C4A28F2ECD2004B514D /* HomeViewModel.swift in Sources */,
				B1EE651728FA8DDE0055A4F1 /* FilterBaseCell.swift in Sources */,
				B1D3364128F1CCFA00826636 /* UICollectionView+.swift in Sources */,
				B1E986B128FE975C00962F5B /* FilterServiceProvider.swift in Sources */,
				8E2D8C5D28F2EE69004B514D /* HomeRecommendCell.swift in Sources */,
				B1D127DD28F08DCA007E3667 /* TabBarViewController.swift in Sources */,
				B1E4986228EE8BFE00B469AC /* MagazineDetailTextCell.swift in Sources */,
				B1E4985828EE85A800B469AC /* MagazineDetailViewController.swift in Sources */,
				8E2D8C5F28F2EE69004B514D /* HomeRecommendCellViewModel.swift in Sources */,
				78B00BB828F5661000A9915D /* LastMagazineCell.swift in Sources */,
				8E2D8C5128F2EDF3004B514D /* HomeCategorySectionBackgroundReusableView.swift in Sources */,
				8EE9A0C128F3CB0D003D7761 /* HomeSection.swift in Sources */,
				B1D127E228F0923C007E3667 /* Asset.swift in Sources */,
				78B00BB928F5661000A9915D /* MagazineTestUseCase.swift in Sources */,
				B1E4986528EE957E00B469AC /* MagazineDetailModel.swift in Sources */,
				B1E4986728EE9BE800B469AC /* MagazineDetailBaseCell.swift in Sources */,
				8E2D8C5928F2EE69004B514D /* HomeEmptyCell.swift in Sources */,
				B1E986AB28FE888800962F5B /* FilterTaskService.swift in Sources */,
				8E2D8C4F28F2ED53004B514D /* HomeHeaderView.swift in Sources */,
				B1EABEC128FBD83F0029B6BC /* FilterLoaction.swift in Sources */,
				78B00BBD28F5661000A9915D /* MagazineViewController.swift in Sources */,
				8E2D8C4828F2EC27004B514D /* HomeViewController.swift in Sources */,
				B1EE64F828FA4ABE0055A4F1 /* FilterExampleViewController.swift in Sources */,
				B1EE651428FA8B160055A4F1 /* FilterCell.swift in Sources */,
				78858BEC28F6F4E400EC7BF7 /* MagazineSection.swift in Sources */,
				78B00BBB28F5661000A9915D /* MagazineModel.swift in Sources */,
				B1D3362928F1AC1200826636 /* MagazineDetailEmptyCell.swift in Sources */,
				78B00BBE28F5661000A9915D /* MagazineViewModel.swift in Sources */,
				8E2D8C5A28F2EE69004B514D /* HomeCategoryCellViewModel.swift in Sources */,
				B1D79CAB28EB0EF9008487D0 /* AppDelegate.swift in Sources */,
				B1E986AE28FE8D4F00962F5B /* BaseRealmProtocol.swift in Sources */,
				B1D3362528F142A400826636 /* CALayer+.swift in Sources */,
				78B00BC028F5661000A9915D /* LastMagazineHeaderView.swift in Sources */,
				78B00BBA28F5661000A9915D /* MagazineViewModel.dummy.swift in Sources */,
				78B00BBC28F5661000A9915D /* MagazineViewController.Layout.swift in Sources */,
				B1D127DF28F09200007E3667 /* UIImage+.swift in Sources */,
				B1E4986928EE9E3500B469AC /* MagazineDetailViewReactor.swift in Sources */,
				B1D3364328F1CD1B00826636 /* UITableView+.swift in Sources */,
				B1EE64FA28FA4E600055A4F1 /* BottomSheetTransitioningDelegate.swift in Sources */,
				B1CA040628F00CC1004A6027 /* MagazineDetailImageCell.swift in Sources */,
				B12C1DC728ED219C0089964E /* UIVIewController+Rx.swift in Sources */,
				78B00BB728F5661000A9915D /* RecentMagazineCell.swift in Sources */,
				B1D79CAD28EB0EF9008487D0 /* SceneDelegate.swift in Sources */,
				8E2D8C4C28F2ED03004B514D /* HomeModel.swift in Sources */,
				78B00BBF28F5661000A9915D /* RecentMagazineFooterView.swift in Sources */,
				B1EE64F628FA48230055A4F1 /* BottomSheetController.swift in Sources */,
				B1EE651228FA872B0055A4F1 /* FilterViewController.swift in Sources */,
				8EE9A0C328F3CD25003D7761 /* HomeCompositionalLayoutSection.swift in Sources */,
				8E2D8C5B28F2EE69004B514D /* HomeCategoryCell.swift in Sources */,
				B1D127DB28F047A9007E3667 /* MagazineDetailBulletedCell.swift in Sources */,
				B1DD25DD28EF0BC800103FF1 /* UIColor+.swift in Sources */,
				B1EABEBF28FBA8E10029B6BC /* FilterReactor.swift in Sources */,
				B1EABEBC28FBA87C0029B6BC /* FilterTask.swift in Sources */,
				B1D3362728F1457700826636 /* UITabBar+.swift in Sources */,
			);
			runOnlyForDeploymentPostprocessing = 0;
		};
/* End PBXSourcesBuildPhase section */

/* Begin PBXVariantGroup section */
		B1D79CB528EB0EFB008487D0 /* LaunchScreen.storyboard */ = {
			isa = PBXVariantGroup;
			children = (
				B1D79CB628EB0EFB008487D0 /* Base */,
			);
			name = LaunchScreen.storyboard;
			sourceTree = "<group>";
		};
/* End PBXVariantGroup section */

/* Begin XCBuildConfiguration section */
		B1D79CB928EB0EFB008487D0 /* Debug */ = {
			isa = XCBuildConfiguration;
			buildSettings = {
				ALWAYS_SEARCH_USER_PATHS = NO;
				CLANG_ANALYZER_NONNULL = YES;
				CLANG_ANALYZER_NUMBER_OBJECT_CONVERSION = YES_AGGRESSIVE;
				CLANG_CXX_LANGUAGE_STANDARD = "gnu++20";
				CLANG_ENABLE_MODULES = YES;
				CLANG_ENABLE_OBJC_ARC = YES;
				CLANG_ENABLE_OBJC_WEAK = YES;
				CLANG_WARN_BLOCK_CAPTURE_AUTORELEASING = YES;
				CLANG_WARN_BOOL_CONVERSION = YES;
				CLANG_WARN_COMMA = YES;
				CLANG_WARN_CONSTANT_CONVERSION = YES;
				CLANG_WARN_DEPRECATED_OBJC_IMPLEMENTATIONS = YES;
				CLANG_WARN_DIRECT_OBJC_ISA_USAGE = YES_ERROR;
				CLANG_WARN_DOCUMENTATION_COMMENTS = YES;
				CLANG_WARN_EMPTY_BODY = YES;
				CLANG_WARN_ENUM_CONVERSION = YES;
				CLANG_WARN_INFINITE_RECURSION = YES;
				CLANG_WARN_INT_CONVERSION = YES;
				CLANG_WARN_NON_LITERAL_NULL_CONVERSION = YES;
				CLANG_WARN_OBJC_IMPLICIT_RETAIN_SELF = YES;
				CLANG_WARN_OBJC_LITERAL_CONVERSION = YES;
				CLANG_WARN_OBJC_ROOT_CLASS = YES_ERROR;
				CLANG_WARN_QUOTED_INCLUDE_IN_FRAMEWORK_HEADER = YES;
				CLANG_WARN_RANGE_LOOP_ANALYSIS = YES;
				CLANG_WARN_STRICT_PROTOTYPES = YES;
				CLANG_WARN_SUSPICIOUS_MOVE = YES;
				CLANG_WARN_UNGUARDED_AVAILABILITY = YES_AGGRESSIVE;
				CLANG_WARN_UNREACHABLE_CODE = YES;
				CLANG_WARN__DUPLICATE_METHOD_MATCH = YES;
				COPY_PHASE_STRIP = NO;
				DEBUG_INFORMATION_FORMAT = dwarf;
				ENABLE_STRICT_OBJC_MSGSEND = YES;
				ENABLE_TESTABILITY = YES;
				GCC_C_LANGUAGE_STANDARD = gnu11;
				GCC_DYNAMIC_NO_PIC = NO;
				GCC_NO_COMMON_BLOCKS = YES;
				GCC_OPTIMIZATION_LEVEL = 0;
				GCC_PREPROCESSOR_DEFINITIONS = (
					"DEBUG=1",
					"$(inherited)",
				);
				GCC_WARN_64_TO_32_BIT_CONVERSION = YES;
				GCC_WARN_ABOUT_RETURN_TYPE = YES_ERROR;
				GCC_WARN_UNDECLARED_SELECTOR = YES;
				GCC_WARN_UNINITIALIZED_AUTOS = YES_AGGRESSIVE;
				GCC_WARN_UNUSED_FUNCTION = YES;
				GCC_WARN_UNUSED_VARIABLE = YES;
				IPHONEOS_DEPLOYMENT_TARGET = 13.0;
				MTL_ENABLE_DEBUG_INFO = INCLUDE_SOURCE;
				MTL_FAST_MATH = YES;
				ONLY_ACTIVE_ARCH = YES;
				SDKROOT = iphoneos;
				SWIFT_ACTIVE_COMPILATION_CONDITIONS = DEBUG;
				SWIFT_OPTIMIZATION_LEVEL = "-Onone";
			};
			name = Debug;
		};
		B1D79CBA28EB0EFB008487D0 /* Release */ = {
			isa = XCBuildConfiguration;
			buildSettings = {
				ALWAYS_SEARCH_USER_PATHS = NO;
				CLANG_ANALYZER_NONNULL = YES;
				CLANG_ANALYZER_NUMBER_OBJECT_CONVERSION = YES_AGGRESSIVE;
				CLANG_CXX_LANGUAGE_STANDARD = "gnu++20";
				CLANG_ENABLE_MODULES = YES;
				CLANG_ENABLE_OBJC_ARC = YES;
				CLANG_ENABLE_OBJC_WEAK = YES;
				CLANG_WARN_BLOCK_CAPTURE_AUTORELEASING = YES;
				CLANG_WARN_BOOL_CONVERSION = YES;
				CLANG_WARN_COMMA = YES;
				CLANG_WARN_CONSTANT_CONVERSION = YES;
				CLANG_WARN_DEPRECATED_OBJC_IMPLEMENTATIONS = YES;
				CLANG_WARN_DIRECT_OBJC_ISA_USAGE = YES_ERROR;
				CLANG_WARN_DOCUMENTATION_COMMENTS = YES;
				CLANG_WARN_EMPTY_BODY = YES;
				CLANG_WARN_ENUM_CONVERSION = YES;
				CLANG_WARN_INFINITE_RECURSION = YES;
				CLANG_WARN_INT_CONVERSION = YES;
				CLANG_WARN_NON_LITERAL_NULL_CONVERSION = YES;
				CLANG_WARN_OBJC_IMPLICIT_RETAIN_SELF = YES;
				CLANG_WARN_OBJC_LITERAL_CONVERSION = YES;
				CLANG_WARN_OBJC_ROOT_CLASS = YES_ERROR;
				CLANG_WARN_QUOTED_INCLUDE_IN_FRAMEWORK_HEADER = YES;
				CLANG_WARN_RANGE_LOOP_ANALYSIS = YES;
				CLANG_WARN_STRICT_PROTOTYPES = YES;
				CLANG_WARN_SUSPICIOUS_MOVE = YES;
				CLANG_WARN_UNGUARDED_AVAILABILITY = YES_AGGRESSIVE;
				CLANG_WARN_UNREACHABLE_CODE = YES;
				CLANG_WARN__DUPLICATE_METHOD_MATCH = YES;
				COPY_PHASE_STRIP = NO;
				DEBUG_INFORMATION_FORMAT = "dwarf-with-dsym";
				ENABLE_NS_ASSERTIONS = NO;
				ENABLE_STRICT_OBJC_MSGSEND = YES;
				GCC_C_LANGUAGE_STANDARD = gnu11;
				GCC_NO_COMMON_BLOCKS = YES;
				GCC_WARN_64_TO_32_BIT_CONVERSION = YES;
				GCC_WARN_ABOUT_RETURN_TYPE = YES_ERROR;
				GCC_WARN_UNDECLARED_SELECTOR = YES;
				GCC_WARN_UNINITIALIZED_AUTOS = YES_AGGRESSIVE;
				GCC_WARN_UNUSED_FUNCTION = YES;
				GCC_WARN_UNUSED_VARIABLE = YES;
				IPHONEOS_DEPLOYMENT_TARGET = 13.0;
				MTL_ENABLE_DEBUG_INFO = NO;
				MTL_FAST_MATH = YES;
				SDKROOT = iphoneos;
				SWIFT_COMPILATION_MODE = wholemodule;
				SWIFT_OPTIMIZATION_LEVEL = "-O";
				VALIDATE_PRODUCT = YES;
			};
			name = Release;
		};
		B1D79CBC28EB0EFB008487D0 /* Debug */ = {
			isa = XCBuildConfiguration;
			buildSettings = {
				ASSETCATALOG_COMPILER_APPICON_NAME = AppIcon;
				ASSETCATALOG_COMPILER_GLOBAL_ACCENT_COLOR_NAME = AccentColor;
				CODE_SIGN_STYLE = Automatic;
				CURRENT_PROJECT_VERSION = 1;
				GENERATE_INFOPLIST_FILE = YES;
				INFOPLIST_FILE = BlackCat/Info.plist;
				INFOPLIST_KEY_UIApplicationSupportsIndirectInputEvents = YES;
				INFOPLIST_KEY_UILaunchStoryboardName = LaunchScreen;
				INFOPLIST_KEY_UISupportedInterfaceOrientations_iPad = "UIInterfaceOrientationPortrait UIInterfaceOrientationPortraitUpsideDown UIInterfaceOrientationLandscapeLeft UIInterfaceOrientationLandscapeRight";
				INFOPLIST_KEY_UISupportedInterfaceOrientations_iPhone = "UIInterfaceOrientationPortrait UIInterfaceOrientationLandscapeLeft UIInterfaceOrientationLandscapeRight";
				LD_RUNPATH_SEARCH_PATHS = (
					"$(inherited)",
					"@executable_path/Frameworks",
				);
				MARKETING_VERSION = 1.0;
				"OTHER_LDFLAGS[arch=*]" = "";
				"OTHER_LDFLAGS[sdk=iphonesimulator*]" = "-all_load";
				PRODUCT_BUNDLE_IDENTIFIER = com.cat.black.BlackCat;
				PRODUCT_NAME = "$(TARGET_NAME)";
				SWIFT_EMIT_LOC_STRINGS = YES;
				SWIFT_VERSION = 5.0;
				TARGETED_DEVICE_FAMILY = "1,2";
			};
			name = Debug;
		};
		B1D79CBD28EB0EFB008487D0 /* Release */ = {
			isa = XCBuildConfiguration;
			buildSettings = {
				ASSETCATALOG_COMPILER_APPICON_NAME = AppIcon;
				ASSETCATALOG_COMPILER_GLOBAL_ACCENT_COLOR_NAME = AccentColor;
				CODE_SIGN_STYLE = Automatic;
				CURRENT_PROJECT_VERSION = 1;
				GENERATE_INFOPLIST_FILE = YES;
				INFOPLIST_FILE = BlackCat/Info.plist;
				INFOPLIST_KEY_UIApplicationSupportsIndirectInputEvents = YES;
				INFOPLIST_KEY_UILaunchStoryboardName = LaunchScreen;
				INFOPLIST_KEY_UISupportedInterfaceOrientations_iPad = "UIInterfaceOrientationPortrait UIInterfaceOrientationPortraitUpsideDown UIInterfaceOrientationLandscapeLeft UIInterfaceOrientationLandscapeRight";
				INFOPLIST_KEY_UISupportedInterfaceOrientations_iPhone = "UIInterfaceOrientationPortrait UIInterfaceOrientationLandscapeLeft UIInterfaceOrientationLandscapeRight";
				LD_RUNPATH_SEARCH_PATHS = (
					"$(inherited)",
					"@executable_path/Frameworks",
				);
				MARKETING_VERSION = 1.0;
				"OTHER_LDFLAGS[sdk=iphonesimulator*]" = "";
				PRODUCT_BUNDLE_IDENTIFIER = com.cat.black.BlackCat;
				PRODUCT_NAME = "$(TARGET_NAME)";
				SWIFT_EMIT_LOC_STRINGS = YES;
				SWIFT_VERSION = 5.0;
				TARGETED_DEVICE_FAMILY = "1,2";
			};
			name = Release;
		};
/* End XCBuildConfiguration section */

/* Begin XCConfigurationList section */
		B1D79CA228EB0EF8008487D0 /* Build configuration list for PBXProject "BlackCat" */ = {
			isa = XCConfigurationList;
			buildConfigurations = (
				B1D79CB928EB0EFB008487D0 /* Debug */,
				B1D79CBA28EB0EFB008487D0 /* Release */,
			);
			defaultConfigurationIsVisible = 0;
			defaultConfigurationName = Release;
		};
		B1D79CBB28EB0EFB008487D0 /* Build configuration list for PBXNativeTarget "BlackCat" */ = {
			isa = XCConfigurationList;
			buildConfigurations = (
				B1D79CBC28EB0EFB008487D0 /* Debug */,
				B1D79CBD28EB0EFB008487D0 /* Release */,
			);
			defaultConfigurationIsVisible = 0;
			defaultConfigurationName = Release;
		};
/* End XCConfigurationList section */

/* Begin XCRemoteSwiftPackageReference section */
		B1E4983628EE838700B469AC /* XCRemoteSwiftPackageReference "SnapKit" */ = {
			isa = XCRemoteSwiftPackageReference;
			repositoryURL = "https://github.com/SnapKit/SnapKit";
			requirement = {
				kind = upToNextMinorVersion;
				minimumVersion = 5.6.0;
			};
		};
		B1E4984428EE83BD00B469AC /* XCRemoteSwiftPackageReference "realm-swift" */ = {
			isa = XCRemoteSwiftPackageReference;
			repositoryURL = "https://github.com/realm/realm-swift";
			requirement = {
				branch = master;
				kind = branch;
			};
		};
		B1E4984928EE83D800B469AC /* XCRemoteSwiftPackageReference "ReactorKit" */ = {
			isa = XCRemoteSwiftPackageReference;
			repositoryURL = "https://github.com/ReactorKit/ReactorKit.git";
			requirement = {
				kind = upToNextMinorVersion;
				minimumVersion = 3.2.0;
			};
		};
		B1E4984C28EE83E400B469AC /* XCRemoteSwiftPackageReference "Nuke" */ = {
			isa = XCRemoteSwiftPackageReference;
			repositoryURL = "https://github.com/kean/Nuke";
			requirement = {
				kind = upToNextMinorVersion;
				minimumVersion = 9.6.0;
			};
		};
		B1E4984F28EE848700B469AC /* XCRemoteSwiftPackageReference "RxSwift" */ = {
			isa = XCRemoteSwiftPackageReference;
			repositoryURL = "https://github.com/ReactiveX/RxSwift";
			requirement = {
				kind = upToNextMinorVersion;
				minimumVersion = 6.5.0;
			};
		};
		B1E4985928EE873100B469AC /* XCRemoteSwiftPackageReference "RxDataSources" */ = {
			isa = XCRemoteSwiftPackageReference;
			repositoryURL = "https://github.com/RxSwiftCommunity/RxDataSources";
			requirement = {
				kind = upToNextMinorVersion;
				minimumVersion = 5.0.0;
			};
		};
		B1EABEC228FBE0400029B6BC /* XCRemoteSwiftPackageReference "RxGesture" */ = {
			isa = XCRemoteSwiftPackageReference;
			repositoryURL = "https://github.com/RxSwiftCommunity/RxGesture";
			requirement = {
				kind = upToNextMinorVersion;
				minimumVersion = 4.0.0;
			};
		};
/* End XCRemoteSwiftPackageReference section */

/* Begin XCSwiftPackageProductDependency section */
		B1E4983728EE838700B469AC /* SnapKit */ = {
			isa = XCSwiftPackageProductDependency;
			package = B1E4983628EE838700B469AC /* XCRemoteSwiftPackageReference "SnapKit" */;
			productName = SnapKit;
		};
		B1E4984528EE83BD00B469AC /* Realm */ = {
			isa = XCSwiftPackageProductDependency;
			package = B1E4984428EE83BD00B469AC /* XCRemoteSwiftPackageReference "realm-swift" */;
			productName = Realm;
		};
		B1E4984728EE83BD00B469AC /* RealmSwift */ = {
			isa = XCSwiftPackageProductDependency;
			package = B1E4984428EE83BD00B469AC /* XCRemoteSwiftPackageReference "realm-swift" */;
			productName = RealmSwift;
		};
		B1E4984A28EE83D800B469AC /* ReactorKit */ = {
			isa = XCSwiftPackageProductDependency;
			package = B1E4984928EE83D800B469AC /* XCRemoteSwiftPackageReference "ReactorKit" */;
			productName = ReactorKit;
		};
		B1E4984D28EE83E400B469AC /* Nuke */ = {
			isa = XCSwiftPackageProductDependency;
			package = B1E4984C28EE83E400B469AC /* XCRemoteSwiftPackageReference "Nuke" */;
			productName = Nuke;
		};
		B1E4985028EE848700B469AC /* RxCocoa */ = {
			isa = XCSwiftPackageProductDependency;
			package = B1E4984F28EE848700B469AC /* XCRemoteSwiftPackageReference "RxSwift" */;
			productName = RxCocoa;
		};
		B1E4985228EE848700B469AC /* RxRelay */ = {
			isa = XCSwiftPackageProductDependency;
			package = B1E4984F28EE848700B469AC /* XCRemoteSwiftPackageReference "RxSwift" */;
			productName = RxRelay;
		};
		B1E4985428EE848700B469AC /* RxSwift */ = {
			isa = XCSwiftPackageProductDependency;
			package = B1E4984F28EE848700B469AC /* XCRemoteSwiftPackageReference "RxSwift" */;
			productName = RxSwift;
		};
		B1E4985A28EE873100B469AC /* Differentiator */ = {
			isa = XCSwiftPackageProductDependency;
			package = B1E4985928EE873100B469AC /* XCRemoteSwiftPackageReference "RxDataSources" */;
			productName = Differentiator;
		};
		B1E4985C28EE873100B469AC /* RxDataSources */ = {
			isa = XCSwiftPackageProductDependency;
			package = B1E4985928EE873100B469AC /* XCRemoteSwiftPackageReference "RxDataSources" */;
			productName = RxDataSources;
		};
		B1EABEC328FBE0400029B6BC /* RxGesture */ = {
			isa = XCSwiftPackageProductDependency;
			package = B1EABEC228FBE0400029B6BC /* XCRemoteSwiftPackageReference "RxGesture" */;
			productName = RxGesture;
		};
/* End XCSwiftPackageProductDependency section */
	};
	rootObject = B1D79C9F28EB0EF8008487D0 /* Project object */;
}
